// !$*UTF8*$!
{
	archiveVersion = 1;
	classes = {
	};
	objectVersion = 54;
	objects = {

/* Begin PBXBuildFile section */
		1DD29FE1F06243CA8ACA2D4B /* Pods_CLICK_S_CLICK_SUITests.framework in Frameworks */ = {isa = PBXBuildFile; fileRef = 242305B9C53FE1834B84891B /* Pods_CLICK_S_CLICK_SUITests.framework */; };
		265706CB0BD4919A2BE1ACE8 /* Pods_CLICK_S.framework in Frameworks */ = {isa = PBXBuildFile; fileRef = 36C376C62B40E001B326F421 /* Pods_CLICK_S.framework */; };
		E305E87A26DF0EC700AAB580 /* AppDelegate.swift in Sources */ = {isa = PBXBuildFile; fileRef = E305E87926DF0EC700AAB580 /* AppDelegate.swift */; };
		E305E88126DF0EC700AAB580 /* Main.storyboard in Resources */ = {isa = PBXBuildFile; fileRef = E305E87F26DF0EC700AAB580 /* Main.storyboard */; };
		E305E88326DF0EC800AAB580 /* Assets.xcassets in Resources */ = {isa = PBXBuildFile; fileRef = E305E88226DF0EC800AAB580 /* Assets.xcassets */; };
		E305E88626DF0EC800AAB580 /* LaunchScreen.storyboard in Resources */ = {isa = PBXBuildFile; fileRef = E305E88426DF0EC800AAB580 /* LaunchScreen.storyboard */; };
		E305E89126DF0EC900AAB580 /* CLICK_STests.swift in Sources */ = {isa = PBXBuildFile; fileRef = E305E89026DF0EC900AAB580 /* CLICK_STests.swift */; };
		E305E89C26DF0EC900AAB580 /* CLICK_SUITests.swift in Sources */ = {isa = PBXBuildFile; fileRef = E305E89B26DF0EC900AAB580 /* CLICK_SUITests.swift */; };
		E305E8B126DF131C00AAB580 /* ProjectHeader.swift in Sources */ = {isa = PBXBuildFile; fileRef = E305E8B026DF131C00AAB580 /* ProjectHeader.swift */; };
		E305E8B826DF133000AAB580 /* GestureCollectionView.swift in Sources */ = {isa = PBXBuildFile; fileRef = E305E8B326DF133000AAB580 /* GestureCollectionView.swift */; };
		E305E8B926DF133000AAB580 /* BaseViewController.swift in Sources */ = {isa = PBXBuildFile; fileRef = E305E8B426DF133000AAB580 /* BaseViewController.swift */; };
		E305E8BA26DF133000AAB580 /* BaseTableViewCell.swift in Sources */ = {isa = PBXBuildFile; fileRef = E305E8B526DF133000AAB580 /* BaseTableViewCell.swift */; };
		E305E8BB26DF133000AAB580 /* GestureTableView.swift in Sources */ = {isa = PBXBuildFile; fileRef = E305E8B626DF133000AAB580 /* GestureTableView.swift */; };
		E305E8BC26DF133000AAB580 /* BaseAlertView.swift in Sources */ = {isa = PBXBuildFile; fileRef = E305E8B726DF133000AAB580 /* BaseAlertView.swift */; };
		E305E8E426DF133D00AAB580 /* LTSimpleManager.swift in Sources */ = {isa = PBXBuildFile; fileRef = E305E8C226DF133D00AAB580 /* LTSimpleManager.swift */; };
		E305E8E526DF133D00AAB580 /* LTCollectionFlowLayout.swift in Sources */ = {isa = PBXBuildFile; fileRef = E305E8C326DF133D00AAB580 /* LTCollectionFlowLayout.swift */; };
		E305E8E626DF133D00AAB580 /* LTDispatchQueue.swift in Sources */ = {isa = PBXBuildFile; fileRef = E305E8C426DF133D00AAB580 /* LTDispatchQueue.swift */; };
		E305E8E726DF133D00AAB580 /* LTAdvancedManager.swift in Sources */ = {isa = PBXBuildFile; fileRef = E305E8C526DF133D00AAB580 /* LTAdvancedManager.swift */; };
		E305E8E826DF133D00AAB580 /* LTLayout.swift in Sources */ = {isa = PBXBuildFile; fileRef = E305E8C626DF133D00AAB580 /* LTLayout.swift */; };
		E305E8E926DF133D00AAB580 /* LTTableViewProtocal.swift in Sources */ = {isa = PBXBuildFile; fileRef = E305E8C726DF133D00AAB580 /* LTTableViewProtocal.swift */; };
		E305E8EA26DF133D00AAB580 /* LTPageTitleView.swift in Sources */ = {isa = PBXBuildFile; fileRef = E305E8C826DF133D00AAB580 /* LTPageTitleView.swift */; };
		E305E8EB26DF133D00AAB580 /* LTPageView.swift in Sources */ = {isa = PBXBuildFile; fileRef = E305E8C926DF133D00AAB580 /* LTPageView.swift */; };
		E305E8EC26DF133D00AAB580 /* LTVCExtension.swift in Sources */ = {isa = PBXBuildFile; fileRef = E305E8CA26DF133D00AAB580 /* LTVCExtension.swift */; };
		E305E8ED26DF133D00AAB580 /* LTScrollExtension.swift in Sources */ = {isa = PBXBuildFile; fileRef = E305E8CB26DF133D00AAB580 /* LTScrollExtension.swift */; };
		E305E8EE26DF133D00AAB580 /* LTTableView.swift in Sources */ = {isa = PBXBuildFile; fileRef = E305E8CC26DF133D00AAB580 /* LTTableView.swift */; };
		E305E8EF26DF133D00AAB580 /* Extension.swift in Sources */ = {isa = PBXBuildFile; fileRef = E305E8CE26DF133D00AAB580 /* Extension.swift */; };
		E305E8F026DF133D00AAB580 /* SDPhotoBrowser.m in Sources */ = {isa = PBXBuildFile; fileRef = E305E8D126DF133D00AAB580 /* SDPhotoBrowser.m */; };
		E305E8F126DF133D00AAB580 /* SDWaitingView.m in Sources */ = {isa = PBXBuildFile; fileRef = E305E8D226DF133D00AAB580 /* SDWaitingView.m */; };
		E305E8F226DF133D00AAB580 /* SDBrowserImageView.m in Sources */ = {isa = PBXBuildFile; fileRef = E305E8D326DF133D00AAB580 /* SDBrowserImageView.m */; };
		E305E8F326DF133D00AAB580 /* Protocol.swift in Sources */ = {isa = PBXBuildFile; fileRef = E305E8D826DF133D00AAB580 /* Protocol.swift */; };
		E305E8F426DF133D00AAB580 /* HUDManager_MB.swift in Sources */ = {isa = PBXBuildFile; fileRef = E305E8DB26DF133D00AAB580 /* HUDManager_MB.swift */; };
		E305E8F526DF133D00AAB580 /* HUD_MB.bundle in Resources */ = {isa = PBXBuildFile; fileRef = E305E8DC26DF133D00AAB580 /* HUD_MB.bundle */; };
		E305E8F626DF133D00AAB580 /* NoDataView.swift in Sources */ = {isa = PBXBuildFile; fileRef = E305E8DD26DF133D00AAB580 /* NoDataView.swift */; };
		E305E8F726DF133D00AAB580 /* CartManager.swift in Sources */ = {isa = PBXBuildFile; fileRef = E305E8DE26DF133D00AAB580 /* CartManager.swift */; };
		E305E8FA26DF133D00AAB580 /* PJCUtil.swift in Sources */ = {isa = PBXBuildFile; fileRef = E305E8E126DF133D00AAB580 /* PJCUtil.swift */; };
		E305E8FF26DF134900AAB580 /* ApiManager.swift in Sources */ = {isa = PBXBuildFile; fileRef = E305E8FD26DF134800AAB580 /* ApiManager.swift */; };
		E305E90026DF134900AAB580 /* HttpTool.swift in Sources */ = {isa = PBXBuildFile; fileRef = E305E8FE26DF134800AAB580 /* HttpTool.swift */; };
		E305E90226DF146E00AAB580 /* MainNaviController.swift in Sources */ = {isa = PBXBuildFile; fileRef = E305E90126DF146E00AAB580 /* MainNaviController.swift */; };
		E305E90826DF154600AAB580 /* LogInController.swift in Sources */ = {isa = PBXBuildFile; fileRef = E305E90726DF154600AAB580 /* LogInController.swift */; };
		E305E90A26DF158400AAB580 /* LoginBottomView.swift in Sources */ = {isa = PBXBuildFile; fileRef = E305E90926DF158400AAB580 /* LoginBottomView.swift */; };
		E305E91126DF1B9C00AAB580 /* FirstController.swift in Sources */ = {isa = PBXBuildFile; fileRef = E305E91026DF1B9C00AAB580 /* FirstController.swift */; };
		E305E91826DF70F800AAB580 /* OrderGoodsCell.swift in Sources */ = {isa = PBXBuildFile; fileRef = E305E91726DF70F800AAB580 /* OrderGoodsCell.swift */; };
		E305E91C26DF8D2700AAB580 /* OrderListCell.swift in Sources */ = {isa = PBXBuildFile; fileRef = E305E91B26DF8D2700AAB580 /* OrderListCell.swift */; };
		E305E92026DF92A100AAB580 /* OrderNumberInfoCell.swift in Sources */ = {isa = PBXBuildFile; fileRef = E305E91F26DF92A100AAB580 /* OrderNumberInfoCell.swift */; };
		E305E92226DF9FAA00AAB580 /* OrderMoneyCell.swift in Sources */ = {isa = PBXBuildFile; fileRef = E305E92126DF9FAA00AAB580 /* OrderMoneyCell.swift */; };
		E305E92626DFA61600AAB580 /* EvaluateStarView.swift in Sources */ = {isa = PBXBuildFile; fileRef = E305E92526DFA61500AAB580 /* EvaluateStarView.swift */; };
		E305E92A26DFAEE900AAB580 /* OrderBottomButCell.swift in Sources */ = {isa = PBXBuildFile; fileRef = E305E92926DFAEE900AAB580 /* OrderBottomButCell.swift */; };
		E305E92D26DFBD7600AAB580 /* OrderModel.swift in Sources */ = {isa = PBXBuildFile; fileRef = E305E92C26DFBD7600AAB580 /* OrderModel.swift */; };
		E305E92F26E070B800AAB580 /* OrderRemarkCell.swift in Sources */ = {isa = PBXBuildFile; fileRef = E305E92E26E070B800AAB580 /* OrderRemarkCell.swift */; };
		E305E93126E0B3D900AAB580 /* JuJieReasonController.swift in Sources */ = {isa = PBXBuildFile; fileRef = E305E93026E0B3D900AAB580 /* JuJieReasonController.swift */; };
		E30B46B326F1DB3500FB9B2B /* SearchPlaceManager.swift in Sources */ = {isa = PBXBuildFile; fileRef = E30B46B226F1DB3500FB9B2B /* SearchPlaceManager.swift */; };
		E3386CA92791558400CBD42C /* XYViewController.swift in Sources */ = {isa = PBXBuildFile; fileRef = E3386CA82791558400CBD42C /* XYViewController.swift */; };
		E3386CAB2791739600CBD42C /* voice_order_pay_succeed.mp3 in Resources */ = {isa = PBXBuildFile; fileRef = E3386CAA2791739600CBD42C /* voice_order_pay_succeed.mp3 */; };
		E3386CAD27917BA800CBD42C /* 收到红包.mp3 in Resources */ = {isa = PBXBuildFile; fileRef = E3386CAC27917BA800CBD42C /* 收到红包.mp3 */; };
		E3469C9127A3F1C200F7828D /* NoDataCell.swift in Sources */ = {isa = PBXBuildFile; fileRef = E3469C9027A3F1C200F7828D /* NoDataCell.swift */; };
		E350854627B4D3B800580B8A /* OrderContentCell.swift in Sources */ = {isa = PBXBuildFile; fileRef = E350854527B4D3B800580B8A /* OrderContentCell.swift */; };
		E350854827B4EEA500580B8A /* OrderDetailController.swift in Sources */ = {isa = PBXBuildFile; fileRef = E350854727B4EEA500580B8A /* OrderDetailController.swift */; };
		E37D4E6926E61F4C00D497FF /* FirstSideToolView.swift in Sources */ = {isa = PBXBuildFile; fileRef = E37D4E6826E61F4C00D497FF /* FirstSideToolView.swift */; };
		E38BF4B2288946600048F2EA /* OrderAddressCell.swift in Sources */ = {isa = PBXBuildFile; fileRef = E38BF4B1288946600048F2EA /* OrderAddressCell.swift */; };
		E3A45B2928815195005024B3 /* DeviceID.m in Sources */ = {isa = PBXBuildFile; fileRef = E3A45B2728815195005024B3 /* DeviceID.m */; };
		E3A45B2B288153B5005024B3 /* VersionAlert.swift in Sources */ = {isa = PBXBuildFile; fileRef = E3A45B2A288153B5005024B3 /* VersionAlert.swift */; };
		E3A980C327CDE7A400809A65 /* WorkAlertView.swift in Sources */ = {isa = PBXBuildFile; fileRef = E3A980C227CDE7A400809A65 /* WorkAlertView.swift */; };
		E3AD362927F8364400AA121F /* OrderContentMoneyCell.swift in Sources */ = {isa = PBXBuildFile; fileRef = E3AD362827F8364400AA121F /* OrderContentMoneyCell.swift */; };
		E3AD362B27F83E7C00AA121F /* 闪动.gif in Resources */ = {isa = PBXBuildFile; fileRef = E3AD362A27F83E7C00AA121F /* 闪动.gif */; };
		E3BEFEA1282A33F70050D1E6 /* JuJieReasonCell.swift in Sources */ = {isa = PBXBuildFile; fileRef = E3BEFEA0282A33F70050D1E6 /* JuJieReasonCell.swift */; };
		E3BEFEA3282A3F100050D1E6 /* JuJieInputCell.swift in Sources */ = {isa = PBXBuildFile; fileRef = E3BEFEA2282A3F100050D1E6 /* JuJieInputCell.swift */; };
		E3BEFEA5282A40B10050D1E6 /* JuJieUploadImgCell.swift in Sources */ = {isa = PBXBuildFile; fileRef = E3BEFEA4282A40B10050D1E6 /* JuJieUploadImgCell.swift */; };
		E3BEFEAB282A43F30050D1E6 /* CollectionPageFlowLayout.swift in Sources */ = {isa = PBXBuildFile; fileRef = E3BEFEA7282A43F30050D1E6 /* CollectionPageFlowLayout.swift */; };
		E3BEFEAC282A43F30050D1E6 /* XYPhotoBrower.swift in Sources */ = {isa = PBXBuildFile; fileRef = E3BEFEA8282A43F30050D1E6 /* XYPhotoBrower.swift */; };
		E3BEFEAD282A43F30050D1E6 /* CollectionViewCell.swift in Sources */ = {isa = PBXBuildFile; fileRef = E3BEFEA9282A43F30050D1E6 /* CollectionViewCell.swift */; };
		E3BEFEAE282A43F30050D1E6 /* ShowImageView.swift in Sources */ = {isa = PBXBuildFile; fileRef = E3BEFEAA282A43F30050D1E6 /* ShowImageView.swift */; };
		E3DE48B0276DB98200F3DCCD /* OrderTagView.swift in Sources */ = {isa = PBXBuildFile; fileRef = E3DE48AF276DB98200F3DCCD /* OrderTagView.swift */; };
		E3DE48BC2774163D00F3DCCD /* DateTool.swift in Sources */ = {isa = PBXBuildFile; fileRef = E3DE48BB2774163D00F3DCCD /* DateTool.swift */; };
		E3DE48BE27745ED600F3DCCD /* LocationManager.swift in Sources */ = {isa = PBXBuildFile; fileRef = E3DE48BD27745ED600F3DCCD /* LocationManager.swift */; };
		E3DF13952834F8A0007FCC11 /* CurentDayMoneyView.swift in Sources */ = {isa = PBXBuildFile; fileRef = E3DF13942834F8A0007FCC11 /* CurentDayMoneyView.swift */; };
		E3EB2BB827FD42C700AED062 /* GoogleService-Info.plist in Resources */ = {isa = PBXBuildFile; fileRef = E3EB2BB727FD42C700AED062 /* GoogleService-Info.plist */; };
		EBB06E3C4BF9C84DC6055E4A /* Pods_CLICK_STests.framework in Frameworks */ = {isa = PBXBuildFile; fileRef = FAA28D856ECB2F1559FBB33E /* Pods_CLICK_STests.framework */; };
/* End PBXBuildFile section */

/* Begin PBXContainerItemProxy section */
		E305E88D26DF0EC900AAB580 /* PBXContainerItemProxy */ = {
			isa = PBXContainerItemProxy;
			containerPortal = E305E86E26DF0EC700AAB580 /* Project object */;
			proxyType = 1;
			remoteGlobalIDString = E305E87526DF0EC700AAB580;
			remoteInfo = CLICK_S;
		};
		E305E89826DF0EC900AAB580 /* PBXContainerItemProxy */ = {
			isa = PBXContainerItemProxy;
			containerPortal = E305E86E26DF0EC700AAB580 /* Project object */;
			proxyType = 1;
			remoteGlobalIDString = E305E87526DF0EC700AAB580;
			remoteInfo = CLICK_S;
		};
/* End PBXContainerItemProxy section */

/* Begin PBXFileReference section */
		0086AF162744C814E204C56C /* Pods-CLICK_S.debug.xcconfig */ = {isa = PBXFileReference; includeInIndex = 1; lastKnownFileType = text.xcconfig; name = "Pods-CLICK_S.debug.xcconfig"; path = "Target Support Files/Pods-CLICK_S/Pods-CLICK_S.debug.xcconfig"; sourceTree = "<group>"; };
		0F7C908A516E9F1D6347BF73 /* Pods-CLICK_STests.release.xcconfig */ = {isa = PBXFileReference; includeInIndex = 1; lastKnownFileType = text.xcconfig; name = "Pods-CLICK_STests.release.xcconfig"; path = "Target Support Files/Pods-CLICK_STests/Pods-CLICK_STests.release.xcconfig"; sourceTree = "<group>"; };
		242305B9C53FE1834B84891B /* Pods_CLICK_S_CLICK_SUITests.framework */ = {isa = PBXFileReference; explicitFileType = wrapper.framework; includeInIndex = 0; path = Pods_CLICK_S_CLICK_SUITests.framework; sourceTree = BUILT_PRODUCTS_DIR; };
		36C376C62B40E001B326F421 /* Pods_CLICK_S.framework */ = {isa = PBXFileReference; explicitFileType = wrapper.framework; includeInIndex = 0; path = Pods_CLICK_S.framework; sourceTree = BUILT_PRODUCTS_DIR; };
		4C038725FD9DCE8E059D3B33 /* Pods-CLICK_S-CLICK_SUITests.release.xcconfig */ = {isa = PBXFileReference; includeInIndex = 1; lastKnownFileType = text.xcconfig; name = "Pods-CLICK_S-CLICK_SUITests.release.xcconfig"; path = "Target Support Files/Pods-CLICK_S-CLICK_SUITests/Pods-CLICK_S-CLICK_SUITests.release.xcconfig"; sourceTree = "<group>"; };
		56954390178E1F9A4C21C34C /* Pods-CLICK_S-CLICK_SUITests.debug.xcconfig */ = {isa = PBXFileReference; includeInIndex = 1; lastKnownFileType = text.xcconfig; name = "Pods-CLICK_S-CLICK_SUITests.debug.xcconfig"; path = "Target Support Files/Pods-CLICK_S-CLICK_SUITests/Pods-CLICK_S-CLICK_SUITests.debug.xcconfig"; sourceTree = "<group>"; };
		AF373789880E7E18294C3EC8 /* Pods-CLICK_STests.debug.xcconfig */ = {isa = PBXFileReference; includeInIndex = 1; lastKnownFileType = text.xcconfig; name = "Pods-CLICK_STests.debug.xcconfig"; path = "Target Support Files/Pods-CLICK_STests/Pods-CLICK_STests.debug.xcconfig"; sourceTree = "<group>"; };
		E305E87626DF0EC700AAB580 /* CLICK_S.app */ = {isa = PBXFileReference; explicitFileType = wrapper.application; includeInIndex = 0; path = CLICK_S.app; sourceTree = BUILT_PRODUCTS_DIR; };
		E305E87926DF0EC700AAB580 /* AppDelegate.swift */ = {isa = PBXFileReference; lastKnownFileType = sourcecode.swift; path = AppDelegate.swift; sourceTree = "<group>"; };
		E305E88026DF0EC700AAB580 /* Base */ = {isa = PBXFileReference; lastKnownFileType = file.storyboard; name = Base; path = Base.lproj/Main.storyboard; sourceTree = "<group>"; };
		E305E88226DF0EC800AAB580 /* Assets.xcassets */ = {isa = PBXFileReference; lastKnownFileType = folder.assetcatalog; path = Assets.xcassets; sourceTree = "<group>"; };
		E305E88526DF0EC800AAB580 /* Base */ = {isa = PBXFileReference; lastKnownFileType = file.storyboard; name = Base; path = Base.lproj/LaunchScreen.storyboard; sourceTree = "<group>"; };
		E305E88726DF0EC800AAB580 /* Info.plist */ = {isa = PBXFileReference; lastKnownFileType = text.plist.xml; path = Info.plist; sourceTree = "<group>"; };
		E305E88C26DF0EC900AAB580 /* CLICK_STests.xctest */ = {isa = PBXFileReference; explicitFileType = wrapper.cfbundle; includeInIndex = 0; path = CLICK_STests.xctest; sourceTree = BUILT_PRODUCTS_DIR; };
		E305E89026DF0EC900AAB580 /* CLICK_STests.swift */ = {isa = PBXFileReference; lastKnownFileType = sourcecode.swift; path = CLICK_STests.swift; sourceTree = "<group>"; };
		E305E89226DF0EC900AAB580 /* Info.plist */ = {isa = PBXFileReference; lastKnownFileType = text.plist.xml; path = Info.plist; sourceTree = "<group>"; };
		E305E89726DF0EC900AAB580 /* CLICK_SUITests.xctest */ = {isa = PBXFileReference; explicitFileType = wrapper.cfbundle; includeInIndex = 0; path = CLICK_SUITests.xctest; sourceTree = BUILT_PRODUCTS_DIR; };
		E305E89B26DF0EC900AAB580 /* CLICK_SUITests.swift */ = {isa = PBXFileReference; lastKnownFileType = sourcecode.swift; path = CLICK_SUITests.swift; sourceTree = "<group>"; };
		E305E89D26DF0EC900AAB580 /* Info.plist */ = {isa = PBXFileReference; lastKnownFileType = text.plist.xml; path = Info.plist; sourceTree = "<group>"; };
		E305E8A926DF125C00AAB580 /* CLICK_S-Bridging-Header.h */ = {isa = PBXFileReference; lastKnownFileType = sourcecode.c.h; path = "CLICK_S-Bridging-Header.h"; sourceTree = "<group>"; };
		E305E8B026DF131C00AAB580 /* ProjectHeader.swift */ = {isa = PBXFileReference; fileEncoding = 4; lastKnownFileType = sourcecode.swift; path = ProjectHeader.swift; sourceTree = "<group>"; };
		E305E8B326DF133000AAB580 /* GestureCollectionView.swift */ = {isa = PBXFileReference; fileEncoding = 4; lastKnownFileType = sourcecode.swift; path = GestureCollectionView.swift; sourceTree = "<group>"; };
		E305E8B426DF133000AAB580 /* BaseViewController.swift */ = {isa = PBXFileReference; fileEncoding = 4; lastKnownFileType = sourcecode.swift; path = BaseViewController.swift; sourceTree = "<group>"; };
		E305E8B526DF133000AAB580 /* BaseTableViewCell.swift */ = {isa = PBXFileReference; fileEncoding = 4; lastKnownFileType = sourcecode.swift; path = BaseTableViewCell.swift; sourceTree = "<group>"; };
		E305E8B626DF133000AAB580 /* GestureTableView.swift */ = {isa = PBXFileReference; fileEncoding = 4; lastKnownFileType = sourcecode.swift; path = GestureTableView.swift; sourceTree = "<group>"; };
		E305E8B726DF133000AAB580 /* BaseAlertView.swift */ = {isa = PBXFileReference; fileEncoding = 4; lastKnownFileType = sourcecode.swift; path = BaseAlertView.swift; sourceTree = "<group>"; };
		E305E8C226DF133D00AAB580 /* LTSimpleManager.swift */ = {isa = PBXFileReference; fileEncoding = 4; lastKnownFileType = sourcecode.swift; path = LTSimpleManager.swift; sourceTree = "<group>"; };
		E305E8C326DF133D00AAB580 /* LTCollectionFlowLayout.swift */ = {isa = PBXFileReference; fileEncoding = 4; lastKnownFileType = sourcecode.swift; path = LTCollectionFlowLayout.swift; sourceTree = "<group>"; };
		E305E8C426DF133D00AAB580 /* LTDispatchQueue.swift */ = {isa = PBXFileReference; fileEncoding = 4; lastKnownFileType = sourcecode.swift; path = LTDispatchQueue.swift; sourceTree = "<group>"; };
		E305E8C526DF133D00AAB580 /* LTAdvancedManager.swift */ = {isa = PBXFileReference; fileEncoding = 4; lastKnownFileType = sourcecode.swift; path = LTAdvancedManager.swift; sourceTree = "<group>"; };
		E305E8C626DF133D00AAB580 /* LTLayout.swift */ = {isa = PBXFileReference; fileEncoding = 4; lastKnownFileType = sourcecode.swift; path = LTLayout.swift; sourceTree = "<group>"; };
		E305E8C726DF133D00AAB580 /* LTTableViewProtocal.swift */ = {isa = PBXFileReference; fileEncoding = 4; lastKnownFileType = sourcecode.swift; path = LTTableViewProtocal.swift; sourceTree = "<group>"; };
		E305E8C826DF133D00AAB580 /* LTPageTitleView.swift */ = {isa = PBXFileReference; fileEncoding = 4; lastKnownFileType = sourcecode.swift; path = LTPageTitleView.swift; sourceTree = "<group>"; };
		E305E8C926DF133D00AAB580 /* LTPageView.swift */ = {isa = PBXFileReference; fileEncoding = 4; lastKnownFileType = sourcecode.swift; path = LTPageView.swift; sourceTree = "<group>"; };
		E305E8CA26DF133D00AAB580 /* LTVCExtension.swift */ = {isa = PBXFileReference; fileEncoding = 4; lastKnownFileType = sourcecode.swift; path = LTVCExtension.swift; sourceTree = "<group>"; };
		E305E8CB26DF133D00AAB580 /* LTScrollExtension.swift */ = {isa = PBXFileReference; fileEncoding = 4; lastKnownFileType = sourcecode.swift; path = LTScrollExtension.swift; sourceTree = "<group>"; };
		E305E8CC26DF133D00AAB580 /* LTTableView.swift */ = {isa = PBXFileReference; fileEncoding = 4; lastKnownFileType = sourcecode.swift; path = LTTableView.swift; sourceTree = "<group>"; };
		E305E8CE26DF133D00AAB580 /* Extension.swift */ = {isa = PBXFileReference; fileEncoding = 4; lastKnownFileType = sourcecode.swift; path = Extension.swift; sourceTree = "<group>"; };
		E305E8D026DF133D00AAB580 /* SDPhotoBrowserConfig.h */ = {isa = PBXFileReference; fileEncoding = 4; lastKnownFileType = sourcecode.c.h; path = SDPhotoBrowserConfig.h; sourceTree = "<group>"; };
		E305E8D126DF133D00AAB580 /* SDPhotoBrowser.m */ = {isa = PBXFileReference; fileEncoding = 4; lastKnownFileType = sourcecode.c.objc; path = SDPhotoBrowser.m; sourceTree = "<group>"; };
		E305E8D226DF133D00AAB580 /* SDWaitingView.m */ = {isa = PBXFileReference; fileEncoding = 4; lastKnownFileType = sourcecode.c.objc; path = SDWaitingView.m; sourceTree = "<group>"; };
		E305E8D326DF133D00AAB580 /* SDBrowserImageView.m */ = {isa = PBXFileReference; fileEncoding = 4; lastKnownFileType = sourcecode.c.objc; path = SDBrowserImageView.m; sourceTree = "<group>"; };
		E305E8D426DF133D00AAB580 /* SDWaitingView.h */ = {isa = PBXFileReference; fileEncoding = 4; lastKnownFileType = sourcecode.c.h; path = SDWaitingView.h; sourceTree = "<group>"; };
		E305E8D526DF133D00AAB580 /* SDPhotoBrowser.h */ = {isa = PBXFileReference; fileEncoding = 4; lastKnownFileType = sourcecode.c.h; path = SDPhotoBrowser.h; sourceTree = "<group>"; };
		E305E8D626DF133D00AAB580 /* SDBrowserImageView.h */ = {isa = PBXFileReference; fileEncoding = 4; lastKnownFileType = sourcecode.c.h; path = SDBrowserImageView.h; sourceTree = "<group>"; };
		E305E8D826DF133D00AAB580 /* Protocol.swift */ = {isa = PBXFileReference; fileEncoding = 4; lastKnownFileType = sourcecode.swift; path = Protocol.swift; sourceTree = "<group>"; };
		E305E8DB26DF133D00AAB580 /* HUDManager_MB.swift */ = {isa = PBXFileReference; fileEncoding = 4; lastKnownFileType = sourcecode.swift; path = HUDManager_MB.swift; sourceTree = "<group>"; };
		E305E8DC26DF133D00AAB580 /* HUD_MB.bundle */ = {isa = PBXFileReference; lastKnownFileType = "wrapper.plug-in"; path = HUD_MB.bundle; sourceTree = "<group>"; };
		E305E8DD26DF133D00AAB580 /* NoDataView.swift */ = {isa = PBXFileReference; fileEncoding = 4; lastKnownFileType = sourcecode.swift; path = NoDataView.swift; sourceTree = "<group>"; };
		E305E8DE26DF133D00AAB580 /* CartManager.swift */ = {isa = PBXFileReference; fileEncoding = 4; lastKnownFileType = sourcecode.swift; path = CartManager.swift; sourceTree = "<group>"; };
		E305E8E126DF133D00AAB580 /* PJCUtil.swift */ = {isa = PBXFileReference; fileEncoding = 4; lastKnownFileType = sourcecode.swift; path = PJCUtil.swift; sourceTree = "<group>"; };
		E305E8FD26DF134800AAB580 /* ApiManager.swift */ = {isa = PBXFileReference; fileEncoding = 4; lastKnownFileType = sourcecode.swift; path = ApiManager.swift; sourceTree = "<group>"; };
		E305E8FE26DF134800AAB580 /* HttpTool.swift */ = {isa = PBXFileReference; fileEncoding = 4; lastKnownFileType = sourcecode.swift; path = HttpTool.swift; sourceTree = "<group>"; };
		E305E90126DF146E00AAB580 /* MainNaviController.swift */ = {isa = PBXFileReference; fileEncoding = 4; lastKnownFileType = sourcecode.swift; path = MainNaviController.swift; sourceTree = "<group>"; };
		E305E90726DF154600AAB580 /* LogInController.swift */ = {isa = PBXFileReference; fileEncoding = 4; lastKnownFileType = sourcecode.swift; path = LogInController.swift; sourceTree = "<group>"; };
		E305E90926DF158400AAB580 /* LoginBottomView.swift */ = {isa = PBXFileReference; fileEncoding = 4; lastKnownFileType = sourcecode.swift; path = LoginBottomView.swift; sourceTree = "<group>"; };
		E305E91026DF1B9C00AAB580 /* FirstController.swift */ = {isa = PBXFileReference; lastKnownFileType = sourcecode.swift; path = FirstController.swift; sourceTree = "<group>"; };
		E305E91726DF70F800AAB580 /* OrderGoodsCell.swift */ = {isa = PBXFileReference; fileEncoding = 4; lastKnownFileType = sourcecode.swift; path = OrderGoodsCell.swift; sourceTree = "<group>"; };
		E305E91B26DF8D2700AAB580 /* OrderListCell.swift */ = {isa = PBXFileReference; lastKnownFileType = sourcecode.swift; path = OrderListCell.swift; sourceTree = "<group>"; };
		E305E91F26DF92A100AAB580 /* OrderNumberInfoCell.swift */ = {isa = PBXFileReference; lastKnownFileType = sourcecode.swift; path = OrderNumberInfoCell.swift; sourceTree = "<group>"; };
		E305E92126DF9FAA00AAB580 /* OrderMoneyCell.swift */ = {isa = PBXFileReference; lastKnownFileType = sourcecode.swift; path = OrderMoneyCell.swift; sourceTree = "<group>"; };
		E305E92526DFA61500AAB580 /* EvaluateStarView.swift */ = {isa = PBXFileReference; fileEncoding = 4; lastKnownFileType = sourcecode.swift; path = EvaluateStarView.swift; sourceTree = "<group>"; };
		E305E92926DFAEE900AAB580 /* OrderBottomButCell.swift */ = {isa = PBXFileReference; lastKnownFileType = sourcecode.swift; path = OrderBottomButCell.swift; sourceTree = "<group>"; };
		E305E92C26DFBD7600AAB580 /* OrderModel.swift */ = {isa = PBXFileReference; lastKnownFileType = sourcecode.swift; path = OrderModel.swift; sourceTree = "<group>"; };
		E305E92E26E070B800AAB580 /* OrderRemarkCell.swift */ = {isa = PBXFileReference; lastKnownFileType = sourcecode.swift; path = OrderRemarkCell.swift; sourceTree = "<group>"; };
		E305E93026E0B3D900AAB580 /* JuJieReasonController.swift */ = {isa = PBXFileReference; lastKnownFileType = sourcecode.swift; path = JuJieReasonController.swift; sourceTree = "<group>"; };
		E30B46B226F1DB3500FB9B2B /* SearchPlaceManager.swift */ = {isa = PBXFileReference; fileEncoding = 4; lastKnownFileType = sourcecode.swift; path = SearchPlaceManager.swift; sourceTree = "<group>"; };
		E310507E26E864B900C223C1 /* CLICK_S.entitlements */ = {isa = PBXFileReference; lastKnownFileType = text.plist.entitlements; path = CLICK_S.entitlements; sourceTree = "<group>"; };
		E3386CA82791558400CBD42C /* XYViewController.swift */ = {isa = PBXFileReference; lastKnownFileType = sourcecode.swift; path = XYViewController.swift; sourceTree = "<group>"; };
		E3386CAA2791739600CBD42C /* voice_order_pay_succeed.mp3 */ = {isa = PBXFileReference; lastKnownFileType = audio.mp3; path = voice_order_pay_succeed.mp3; sourceTree = "<group>"; };
		E3386CAC27917BA800CBD42C /* 收到红包.mp3 */ = {isa = PBXFileReference; lastKnownFileType = audio.mp3; path = "收到红包.mp3"; sourceTree = "<group>"; };
		E3469C9027A3F1C200F7828D /* NoDataCell.swift */ = {isa = PBXFileReference; lastKnownFileType = sourcecode.swift; path = NoDataCell.swift; sourceTree = "<group>"; };
		E350854527B4D3B800580B8A /* OrderContentCell.swift */ = {isa = PBXFileReference; lastKnownFileType = sourcecode.swift; path = OrderContentCell.swift; sourceTree = "<group>"; };
		E350854727B4EEA500580B8A /* OrderDetailController.swift */ = {isa = PBXFileReference; lastKnownFileType = sourcecode.swift; path = OrderDetailController.swift; sourceTree = "<group>"; };
		E37D4E6826E61F4C00D497FF /* FirstSideToolView.swift */ = {isa = PBXFileReference; fileEncoding = 4; lastKnownFileType = sourcecode.swift; path = FirstSideToolView.swift; sourceTree = "<group>"; };
		E38BF4B1288946600048F2EA /* OrderAddressCell.swift */ = {isa = PBXFileReference; lastKnownFileType = sourcecode.swift; path = OrderAddressCell.swift; sourceTree = "<group>"; };
		E3A45B2728815195005024B3 /* DeviceID.m */ = {isa = PBXFileReference; fileEncoding = 4; lastKnownFileType = sourcecode.c.objc; path = DeviceID.m; sourceTree = "<group>"; };
		E3A45B2828815195005024B3 /* DeviceID.h */ = {isa = PBXFileReference; fileEncoding = 4; lastKnownFileType = sourcecode.c.h; path = DeviceID.h; sourceTree = "<group>"; };
		E3A45B2A288153B5005024B3 /* VersionAlert.swift */ = {isa = PBXFileReference; fileEncoding = 4; lastKnownFileType = sourcecode.swift; path = VersionAlert.swift; sourceTree = "<group>"; };
		E3A980C227CDE7A400809A65 /* WorkAlertView.swift */ = {isa = PBXFileReference; lastKnownFileType = sourcecode.swift; path = WorkAlertView.swift; sourceTree = "<group>"; };
		E3AD362827F8364400AA121F /* OrderContentMoneyCell.swift */ = {isa = PBXFileReference; lastKnownFileType = sourcecode.swift; path = OrderContentMoneyCell.swift; sourceTree = "<group>"; };
		E3AD362A27F83E7C00AA121F /* 闪动.gif */ = {isa = PBXFileReference; lastKnownFileType = image.gif; path = "闪动.gif"; sourceTree = "<group>"; };
		E3BEFEA0282A33F70050D1E6 /* JuJieReasonCell.swift */ = {isa = PBXFileReference; lastKnownFileType = sourcecode.swift; path = JuJieReasonCell.swift; sourceTree = "<group>"; };
		E3BEFEA2282A3F100050D1E6 /* JuJieInputCell.swift */ = {isa = PBXFileReference; lastKnownFileType = sourcecode.swift; path = JuJieInputCell.swift; sourceTree = "<group>"; };
		E3BEFEA4282A40B10050D1E6 /* JuJieUploadImgCell.swift */ = {isa = PBXFileReference; lastKnownFileType = sourcecode.swift; path = JuJieUploadImgCell.swift; sourceTree = "<group>"; };
		E3BEFEA7282A43F30050D1E6 /* CollectionPageFlowLayout.swift */ = {isa = PBXFileReference; fileEncoding = 4; lastKnownFileType = sourcecode.swift; path = CollectionPageFlowLayout.swift; sourceTree = "<group>"; };
		E3BEFEA8282A43F30050D1E6 /* XYPhotoBrower.swift */ = {isa = PBXFileReference; fileEncoding = 4; lastKnownFileType = sourcecode.swift; path = XYPhotoBrower.swift; sourceTree = "<group>"; };
		E3BEFEA9282A43F30050D1E6 /* CollectionViewCell.swift */ = {isa = PBXFileReference; fileEncoding = 4; lastKnownFileType = sourcecode.swift; path = CollectionViewCell.swift; sourceTree = "<group>"; };
		E3BEFEAA282A43F30050D1E6 /* ShowImageView.swift */ = {isa = PBXFileReference; fileEncoding = 4; lastKnownFileType = sourcecode.swift; path = ShowImageView.swift; sourceTree = "<group>"; };
		E3DE48AF276DB98200F3DCCD /* OrderTagView.swift */ = {isa = PBXFileReference; lastKnownFileType = sourcecode.swift; path = OrderTagView.swift; sourceTree = "<group>"; };
		E3DE48BB2774163D00F3DCCD /* DateTool.swift */ = {isa = PBXFileReference; lastKnownFileType = sourcecode.swift; path = DateTool.swift; sourceTree = "<group>"; };
		E3DE48BD27745ED600F3DCCD /* LocationManager.swift */ = {isa = PBXFileReference; lastKnownFileType = sourcecode.swift; path = LocationManager.swift; sourceTree = "<group>"; };
		E3DF13942834F8A0007FCC11 /* CurentDayMoneyView.swift */ = {isa = PBXFileReference; fileEncoding = 4; lastKnownFileType = sourcecode.swift; path = CurentDayMoneyView.swift; sourceTree = "<group>"; };
		E3EB2BB727FD42C700AED062 /* GoogleService-Info.plist */ = {isa = PBXFileReference; fileEncoding = 4; lastKnownFileType = text.plist.xml; path = "GoogleService-Info.plist"; sourceTree = "<group>"; };
		E3EF8BC1972CA92CC48E5685 /* Pods-CLICK_S.release.xcconfig */ = {isa = PBXFileReference; includeInIndex = 1; lastKnownFileType = text.xcconfig; name = "Pods-CLICK_S.release.xcconfig"; path = "Target Support Files/Pods-CLICK_S/Pods-CLICK_S.release.xcconfig"; sourceTree = "<group>"; };
		FAA28D856ECB2F1559FBB33E /* Pods_CLICK_STests.framework */ = {isa = PBXFileReference; explicitFileType = wrapper.framework; includeInIndex = 0; path = Pods_CLICK_STests.framework; sourceTree = BUILT_PRODUCTS_DIR; };
/* End PBXFileReference section */

/* Begin PBXFrameworksBuildPhase section */
		E305E87326DF0EC700AAB580 /* Frameworks */ = {
			isa = PBXFrameworksBuildPhase;
			buildActionMask = 2147483647;
			files = (
				265706CB0BD4919A2BE1ACE8 /* Pods_CLICK_S.framework in Frameworks */,
			);
			runOnlyForDeploymentPostprocessing = 0;
		};
		E305E88926DF0EC900AAB580 /* Frameworks */ = {
			isa = PBXFrameworksBuildPhase;
			buildActionMask = 2147483647;
			files = (
				EBB06E3C4BF9C84DC6055E4A /* Pods_CLICK_STests.framework in Frameworks */,
			);
			runOnlyForDeploymentPostprocessing = 0;
		};
		E305E89426DF0EC900AAB580 /* Frameworks */ = {
			isa = PBXFrameworksBuildPhase;
			buildActionMask = 2147483647;
			files = (
				1DD29FE1F06243CA8ACA2D4B /* Pods_CLICK_S_CLICK_SUITests.framework in Frameworks */,
			);
			runOnlyForDeploymentPostprocessing = 0;
		};
/* End PBXFrameworksBuildPhase section */

/* Begin PBXGroup section */
		2FA24FE38CFE0D120FD33B10 /* Frameworks */ = {
			isa = PBXGroup;
			children = (
				36C376C62B40E001B326F421 /* Pods_CLICK_S.framework */,
				242305B9C53FE1834B84891B /* Pods_CLICK_S_CLICK_SUITests.framework */,
				FAA28D856ECB2F1559FBB33E /* Pods_CLICK_STests.framework */,
			);
			name = Frameworks;
			sourceTree = "<group>";
		};
		E305E86D26DF0EC700AAB580 = {
			isa = PBXGroup;
			children = (
				E305E87826DF0EC700AAB580 /* CLICK_S */,
				E305E88F26DF0EC900AAB580 /* CLICK_STests */,
				E305E89A26DF0EC900AAB580 /* CLICK_SUITests */,
				E305E87726DF0EC700AAB580 /* Products */,
				F5459D2F8CB290E870913A8C /* Pods */,
				2FA24FE38CFE0D120FD33B10 /* Frameworks */,
			);
			sourceTree = "<group>";
		};
		E305E87726DF0EC700AAB580 /* Products */ = {
			isa = PBXGroup;
			children = (
				E305E87626DF0EC700AAB580 /* CLICK_S.app */,
				E305E88C26DF0EC900AAB580 /* CLICK_STests.xctest */,
				E305E89726DF0EC900AAB580 /* CLICK_SUITests.xctest */,
			);
			name = Products;
			sourceTree = "<group>";
		};
		E305E87826DF0EC700AAB580 /* CLICK_S */ = {
			isa = PBXGroup;
			children = (
				E3EB2BB727FD42C700AED062 /* GoogleService-Info.plist */,
				E310507E26E864B900C223C1 /* CLICK_S.entitlements */,
				E305E8A926DF125C00AAB580 /* CLICK_S-Bridging-Header.h */,
				E305E90B26DF1AD800AAB580 /* 首页 */,
				E305E90326DF14E700AAB580 /* 登录 */,
				E305E8FC26DF134800AAB580 /* Network */,
				E305E8BD26DF133D00AAB580 /* Tool */,
				E305E8B226DF133000AAB580 /* Base */,
				E305E8AF26DF12A600AAB580 /* Main */,
				E305E8AD26DF127E00AAB580 /* Other */,
			);
			path = CLICK_S;
			sourceTree = "<group>";
		};
		E305E88F26DF0EC900AAB580 /* CLICK_STests */ = {
			isa = PBXGroup;
			children = (
				E305E89026DF0EC900AAB580 /* CLICK_STests.swift */,
				E305E89226DF0EC900AAB580 /* Info.plist */,
			);
			path = CLICK_STests;
			sourceTree = "<group>";
		};
		E305E89A26DF0EC900AAB580 /* CLICK_SUITests */ = {
			isa = PBXGroup;
			children = (
				E305E89B26DF0EC900AAB580 /* CLICK_SUITests.swift */,
				E305E89D26DF0EC900AAB580 /* Info.plist */,
			);
			path = CLICK_SUITests;
			sourceTree = "<group>";
		};
		E305E8AD26DF127E00AAB580 /* Other */ = {
			isa = PBXGroup;
			children = (
				E3AD362A27F83E7C00AA121F /* 闪动.gif */,
				E3386CAC27917BA800CBD42C /* 收到红包.mp3 */,
				E3386CAA2791739600CBD42C /* voice_order_pay_succeed.mp3 */,
				E305E8B026DF131C00AAB580 /* ProjectHeader.swift */,
				E305E88226DF0EC800AAB580 /* Assets.xcassets */,
				E305E88426DF0EC800AAB580 /* LaunchScreen.storyboard */,
				E305E88726DF0EC800AAB580 /* Info.plist */,
			);
			path = Other;
			sourceTree = "<group>";
		};
		E305E8AF26DF12A600AAB580 /* Main */ = {
			isa = PBXGroup;
			children = (
				E305E90126DF146E00AAB580 /* MainNaviController.swift */,
				E305E87926DF0EC700AAB580 /* AppDelegate.swift */,
				E305E87F26DF0EC700AAB580 /* Main.storyboard */,
			);
			path = Main;
			sourceTree = "<group>";
		};
		E305E8B226DF133000AAB580 /* Base */ = {
			isa = PBXGroup;
			children = (
				E305E8B326DF133000AAB580 /* GestureCollectionView.swift */,
				E305E8B426DF133000AAB580 /* BaseViewController.swift */,
				E305E8B526DF133000AAB580 /* BaseTableViewCell.swift */,
				E305E8B626DF133000AAB580 /* GestureTableView.swift */,
				E305E8B726DF133000AAB580 /* BaseAlertView.swift */,
			);
			path = Base;
			sourceTree = "<group>";
		};
		E305E8BD26DF133D00AAB580 /* Tool */ = {
			isa = PBXGroup;
			children = (
				E3A45B2628815195005024B3 /* DeviceID */,
				E3BEFEA6282A43F30050D1E6 /* XYPhotoBrower */,
				E305E8C026DF133D00AAB580 /* PageView */,
				E305E8CD26DF133D00AAB580 /* Extension */,
				E305E8CF26DF133D00AAB580 /* SDPhotoBrowser */,
				E305E8D726DF133D00AAB580 /* Protocol */,
				E305E8D926DF133D00AAB580 /* Common */,
			);
			path = Tool;
			sourceTree = "<group>";
		};
		E305E8C026DF133D00AAB580 /* PageView */ = {
			isa = PBXGroup;
			children = (
				E305E8C126DF133D00AAB580 /* Lib */,
			);
			path = PageView;
			sourceTree = "<group>";
		};
		E305E8C126DF133D00AAB580 /* Lib */ = {
			isa = PBXGroup;
			children = (
				E305E8C226DF133D00AAB580 /* LTSimpleManager.swift */,
				E305E8C326DF133D00AAB580 /* LTCollectionFlowLayout.swift */,
				E305E8C426DF133D00AAB580 /* LTDispatchQueue.swift */,
				E305E8C526DF133D00AAB580 /* LTAdvancedManager.swift */,
				E305E8C626DF133D00AAB580 /* LTLayout.swift */,
				E305E8C726DF133D00AAB580 /* LTTableViewProtocal.swift */,
				E305E8C826DF133D00AAB580 /* LTPageTitleView.swift */,
				E305E8C926DF133D00AAB580 /* LTPageView.swift */,
				E305E8CA26DF133D00AAB580 /* LTVCExtension.swift */,
				E305E8CB26DF133D00AAB580 /* LTScrollExtension.swift */,
				E305E8CC26DF133D00AAB580 /* LTTableView.swift */,
			);
			path = Lib;
			sourceTree = "<group>";
		};
		E305E8CD26DF133D00AAB580 /* Extension */ = {
			isa = PBXGroup;
			children = (
				E305E8CE26DF133D00AAB580 /* Extension.swift */,
			);
			path = Extension;
			sourceTree = "<group>";
		};
		E305E8CF26DF133D00AAB580 /* SDPhotoBrowser */ = {
			isa = PBXGroup;
			children = (
				E305E8D026DF133D00AAB580 /* SDPhotoBrowserConfig.h */,
				E305E8D126DF133D00AAB580 /* SDPhotoBrowser.m */,
				E305E8D226DF133D00AAB580 /* SDWaitingView.m */,
				E305E8D326DF133D00AAB580 /* SDBrowserImageView.m */,
				E305E8D426DF133D00AAB580 /* SDWaitingView.h */,
				E305E8D526DF133D00AAB580 /* SDPhotoBrowser.h */,
				E305E8D626DF133D00AAB580 /* SDBrowserImageView.h */,
			);
			path = SDPhotoBrowser;
			sourceTree = "<group>";
		};
		E305E8D726DF133D00AAB580 /* Protocol */ = {
			isa = PBXGroup;
			children = (
				E305E8D826DF133D00AAB580 /* Protocol.swift */,
			);
			path = Protocol;
			sourceTree = "<group>";
		};
		E305E8D926DF133D00AAB580 /* Common */ = {
			isa = PBXGroup;
			children = (
				E305E8DA26DF133D00AAB580 /* MBManger */,
				E305E8DD26DF133D00AAB580 /* NoDataView.swift */,
				E305E8DE26DF133D00AAB580 /* CartManager.swift */,
				E305E8E126DF133D00AAB580 /* PJCUtil.swift */,
				E30B46B226F1DB3500FB9B2B /* SearchPlaceManager.swift */,
				E3DE48BD27745ED600F3DCCD /* LocationManager.swift */,
				E3DE48BB2774163D00F3DCCD /* DateTool.swift */,
			);
			path = Common;
			sourceTree = "<group>";
		};
		E305E8DA26DF133D00AAB580 /* MBManger */ = {
			isa = PBXGroup;
			children = (
				E305E8DB26DF133D00AAB580 /* HUDManager_MB.swift */,
				E305E8DC26DF133D00AAB580 /* HUD_MB.bundle */,
			);
			path = MBManger;
			sourceTree = "<group>";
		};
		E305E8FC26DF134800AAB580 /* Network */ = {
			isa = PBXGroup;
			children = (
				E305E8FD26DF134800AAB580 /* ApiManager.swift */,
				E305E8FE26DF134800AAB580 /* HttpTool.swift */,
			);
			path = Network;
			sourceTree = "<group>";
		};
		E305E90326DF14E700AAB580 /* 登录 */ = {
			isa = PBXGroup;
			children = (
				E305E90626DF14FD00AAB580 /* Model */,
				E305E90526DF14F600AAB580 /* VC */,
				E305E90426DF14EF00AAB580 /* View */,
			);
			path = "登录";
			sourceTree = "<group>";
		};
		E305E90426DF14EF00AAB580 /* View */ = {
			isa = PBXGroup;
			children = (
				E305E90926DF158400AAB580 /* LoginBottomView.swift */,
			);
			path = View;
			sourceTree = "<group>";
		};
		E305E90526DF14F600AAB580 /* VC */ = {
			isa = PBXGroup;
			children = (
				E305E90726DF154600AAB580 /* LogInController.swift */,
				E3386CA82791558400CBD42C /* XYViewController.swift */,
			);
			path = VC;
			sourceTree = "<group>";
		};
		E305E90626DF14FD00AAB580 /* Model */ = {
			isa = PBXGroup;
			children = (
			);
			path = Model;
			sourceTree = "<group>";
		};
		E305E90B26DF1AD800AAB580 /* 首页 */ = {
			isa = PBXGroup;
			children = (
				E305E92B26DFBD5000AAB580 /* Model */,
				E305E91226DF208D00AAB580 /* View */,
				E305E90C26DF1AE200AAB580 /* VC */,
			);
			path = "首页";
			sourceTree = "<group>";
		};
		E305E90C26DF1AE200AAB580 /* VC */ = {
			isa = PBXGroup;
			children = (
				E305E91026DF1B9C00AAB580 /* FirstController.swift */,
				E350854727B4EEA500580B8A /* OrderDetailController.swift */,
				E305E93026E0B3D900AAB580 /* JuJieReasonController.swift */,
			);
			path = VC;
			sourceTree = "<group>";
		};
		E305E91226DF208D00AAB580 /* View */ = {
			isa = PBXGroup;
			children = (
				E3A45B2A288153B5005024B3 /* VersionAlert.swift */,
				E37D4E6826E61F4C00D497FF /* FirstSideToolView.swift */,
				E305E92526DFA61500AAB580 /* EvaluateStarView.swift */,
				E3A980C227CDE7A400809A65 /* WorkAlertView.swift */,
				E3DE48AF276DB98200F3DCCD /* OrderTagView.swift */,
				E3DF13942834F8A0007FCC11 /* CurentDayMoneyView.swift */,
				E305E91726DF70F800AAB580 /* OrderGoodsCell.swift */,
				E305E91B26DF8D2700AAB580 /* OrderListCell.swift */,
				E350854527B4D3B800580B8A /* OrderContentCell.swift */,
				E3AD362827F8364400AA121F /* OrderContentMoneyCell.swift */,
				E38BF4B1288946600048F2EA /* OrderAddressCell.swift */,
				E305E91F26DF92A100AAB580 /* OrderNumberInfoCell.swift */,
				E305E92126DF9FAA00AAB580 /* OrderMoneyCell.swift */,
				E305E92926DFAEE900AAB580 /* OrderBottomButCell.swift */,
				E305E92E26E070B800AAB580 /* OrderRemarkCell.swift */,
				E3469C9027A3F1C200F7828D /* NoDataCell.swift */,
				E3BEFEA0282A33F70050D1E6 /* JuJieReasonCell.swift */,
				E3BEFEA2282A3F100050D1E6 /* JuJieInputCell.swift */,
				E3BEFEA4282A40B10050D1E6 /* JuJieUploadImgCell.swift */,
			);
			path = View;
			sourceTree = "<group>";
		};
		E305E92B26DFBD5000AAB580 /* Model */ = {
			isa = PBXGroup;
			children = (
				E305E92C26DFBD7600AAB580 /* OrderModel.swift */,
			);
			path = Model;
			sourceTree = "<group>";
		};
		E3A45B2628815195005024B3 /* DeviceID */ = {
			isa = PBXGroup;
			children = (
				E3A45B2728815195005024B3 /* DeviceID.m */,
				E3A45B2828815195005024B3 /* DeviceID.h */,
			);
			path = DeviceID;
			sourceTree = "<group>";
		};
		E3BEFEA6282A43F30050D1E6 /* XYPhotoBrower */ = {
			isa = PBXGroup;
			children = (
				E3BEFEA7282A43F30050D1E6 /* CollectionPageFlowLayout.swift */,
				E3BEFEA8282A43F30050D1E6 /* XYPhotoBrower.swift */,
				E3BEFEA9282A43F30050D1E6 /* CollectionViewCell.swift */,
				E3BEFEAA282A43F30050D1E6 /* ShowImageView.swift */,
			);
			path = XYPhotoBrower;
			sourceTree = "<group>";
		};
		F5459D2F8CB290E870913A8C /* Pods */ = {
			isa = PBXGroup;
			children = (
				0086AF162744C814E204C56C /* Pods-CLICK_S.debug.xcconfig */,
				E3EF8BC1972CA92CC48E5685 /* Pods-CLICK_S.release.xcconfig */,
				56954390178E1F9A4C21C34C /* Pods-CLICK_S-CLICK_SUITests.debug.xcconfig */,
				4C038725FD9DCE8E059D3B33 /* Pods-CLICK_S-CLICK_SUITests.release.xcconfig */,
				AF373789880E7E18294C3EC8 /* Pods-CLICK_STests.debug.xcconfig */,
				0F7C908A516E9F1D6347BF73 /* Pods-CLICK_STests.release.xcconfig */,
			);
			path = Pods;
			sourceTree = "<group>";
		};
/* End PBXGroup section */

/* Begin PBXNativeTarget section */
		E305E87526DF0EC700AAB580 /* CLICK_S */ = {
			isa = PBXNativeTarget;
			buildConfigurationList = E305E8A026DF0EC900AAB580 /* Build configuration list for PBXNativeTarget "CLICK_S" */;
			buildPhases = (
				62556537F137249D92950D05 /* [CP] Check Pods Manifest.lock */,
				E305E87226DF0EC700AAB580 /* Sources */,
				E305E87326DF0EC700AAB580 /* Frameworks */,
				E305E87426DF0EC700AAB580 /* Resources */,
				1E9E120ED219137A118B020F /* [CP] Embed Pods Frameworks */,
				6DFE038B4531D00208E59478 /* [CP] Copy Pods Resources */,
			);
			buildRules = (
			);
			dependencies = (
			);
			name = CLICK_S;
			productName = CLICK_S;
			productReference = E305E87626DF0EC700AAB580 /* CLICK_S.app */;
			productType = "com.apple.product-type.application";
		};
		E305E88B26DF0EC900AAB580 /* CLICK_STests */ = {
			isa = PBXNativeTarget;
			buildConfigurationList = E305E8A326DF0EC900AAB580 /* Build configuration list for PBXNativeTarget "CLICK_STests" */;
			buildPhases = (
				22E06AEC0C1C8795A3AC5DC6 /* [CP] Check Pods Manifest.lock */,
				E305E88826DF0EC900AAB580 /* Sources */,
				E305E88926DF0EC900AAB580 /* Frameworks */,
				E305E88A26DF0EC900AAB580 /* Resources */,
			);
			buildRules = (
			);
			dependencies = (
				E305E88E26DF0EC900AAB580 /* PBXTargetDependency */,
			);
			name = CLICK_STests;
			productName = CLICK_STests;
			productReference = E305E88C26DF0EC900AAB580 /* CLICK_STests.xctest */;
			productType = "com.apple.product-type.bundle.unit-test";
		};
		E305E89626DF0EC900AAB580 /* CLICK_SUITests */ = {
			isa = PBXNativeTarget;
			buildConfigurationList = E305E8A626DF0EC900AAB580 /* Build configuration list for PBXNativeTarget "CLICK_SUITests" */;
			buildPhases = (
				2E8AA6D2B344AD8538F5A295 /* [CP] Check Pods Manifest.lock */,
				E305E89326DF0EC900AAB580 /* Sources */,
				E305E89426DF0EC900AAB580 /* Frameworks */,
				E305E89526DF0EC900AAB580 /* Resources */,
				2821AADADEF0242E58433970 /* [CP] Embed Pods Frameworks */,
				2C6FF6A324A338A9EE0C5E21 /* [CP] Copy Pods Resources */,
			);
			buildRules = (
			);
			dependencies = (
				E305E89926DF0EC900AAB580 /* PBXTargetDependency */,
			);
			name = CLICK_SUITests;
			productName = CLICK_SUITests;
			productReference = E305E89726DF0EC900AAB580 /* CLICK_SUITests.xctest */;
			productType = "com.apple.product-type.bundle.ui-testing";
		};
/* End PBXNativeTarget section */

/* Begin PBXProject section */
		E305E86E26DF0EC700AAB580 /* Project object */ = {
			isa = PBXProject;
			attributes = {
				LastSwiftUpdateCheck = 1250;
				LastUpgradeCheck = 1250;
				TargetAttributes = {
					E305E87526DF0EC700AAB580 = {
						CreatedOnToolsVersion = 12.5.1;
						LastSwiftMigration = 1250;
					};
					E305E88B26DF0EC900AAB580 = {
						CreatedOnToolsVersion = 12.5.1;
						TestTargetID = E305E87526DF0EC700AAB580;
					};
					E305E89626DF0EC900AAB580 = {
						CreatedOnToolsVersion = 12.5.1;
						TestTargetID = E305E87526DF0EC700AAB580;
					};
				};
			};
			buildConfigurationList = E305E87126DF0EC700AAB580 /* Build configuration list for PBXProject "CLICK_S" */;
			compatibilityVersion = "Xcode 9.3";
			developmentRegion = en;
			hasScannedForEncodings = 0;
			knownRegions = (
				en,
				Base,
			);
			mainGroup = E305E86D26DF0EC700AAB580;
			productRefGroup = E305E87726DF0EC700AAB580 /* Products */;
			projectDirPath = "";
			projectRoot = "";
			targets = (
				E305E87526DF0EC700AAB580 /* CLICK_S */,
				E305E88B26DF0EC900AAB580 /* CLICK_STests */,
				E305E89626DF0EC900AAB580 /* CLICK_SUITests */,
			);
		};
/* End PBXProject section */

/* Begin PBXResourcesBuildPhase section */
		E305E87426DF0EC700AAB580 /* Resources */ = {
			isa = PBXResourcesBuildPhase;
			buildActionMask = 2147483647;
			files = (
				E3386CAD27917BA800CBD42C /* 收到红包.mp3 in Resources */,
				E3EB2BB827FD42C700AED062 /* GoogleService-Info.plist in Resources */,
				E305E8F526DF133D00AAB580 /* HUD_MB.bundle in Resources */,
				E305E88626DF0EC800AAB580 /* LaunchScreen.storyboard in Resources */,
				E3386CAB2791739600CBD42C /* voice_order_pay_succeed.mp3 in Resources */,
				E3AD362B27F83E7C00AA121F /* 闪动.gif in Resources */,
				E305E88326DF0EC800AAB580 /* Assets.xcassets in Resources */,
				E305E88126DF0EC700AAB580 /* Main.storyboard in Resources */,
			);
			runOnlyForDeploymentPostprocessing = 0;
		};
		E305E88A26DF0EC900AAB580 /* Resources */ = {
			isa = PBXResourcesBuildPhase;
			buildActionMask = 2147483647;
			files = (
			);
			runOnlyForDeploymentPostprocessing = 0;
		};
		E305E89526DF0EC900AAB580 /* Resources */ = {
			isa = PBXResourcesBuildPhase;
			buildActionMask = 2147483647;
			files = (
			);
			runOnlyForDeploymentPostprocessing = 0;
		};
/* End PBXResourcesBuildPhase section */

/* Begin PBXShellScriptBuildPhase section */
		1E9E120ED219137A118B020F /* [CP] Embed Pods Frameworks */ = {
			isa = PBXShellScriptBuildPhase;
			buildActionMask = 2147483647;
			files = (
			);
			inputFileListPaths = (
				"${PODS_ROOT}/Target Support Files/Pods-CLICK_S/Pods-CLICK_S-frameworks-${CONFIGURATION}-input-files.xcfilelist",
			);
			name = "[CP] Embed Pods Frameworks";
			outputFileListPaths = (
				"${PODS_ROOT}/Target Support Files/Pods-CLICK_S/Pods-CLICK_S-frameworks-${CONFIGURATION}-output-files.xcfilelist",
			);
			runOnlyForDeploymentPostprocessing = 0;
			shellPath = /bin/sh;
			shellScript = "\"${PODS_ROOT}/Target Support Files/Pods-CLICK_S/Pods-CLICK_S-frameworks.sh\"\n";
			showEnvVarsInLog = 0;
		};
		22E06AEC0C1C8795A3AC5DC6 /* [CP] Check Pods Manifest.lock */ = {
			isa = PBXShellScriptBuildPhase;
			buildActionMask = 2147483647;
			files = (
			);
			inputFileListPaths = (
			);
			inputPaths = (
				"${PODS_PODFILE_DIR_PATH}/Podfile.lock",
				"${PODS_ROOT}/Manifest.lock",
			);
			name = "[CP] Check Pods Manifest.lock";
			outputFileListPaths = (
			);
			outputPaths = (
				"$(DERIVED_FILE_DIR)/Pods-CLICK_STests-checkManifestLockResult.txt",
			);
			runOnlyForDeploymentPostprocessing = 0;
			shellPath = /bin/sh;
			shellScript = "diff \"${PODS_PODFILE_DIR_PATH}/Podfile.lock\" \"${PODS_ROOT}/Manifest.lock\" > /dev/null\nif [ $? != 0 ] ; then\n    # print error to STDERR\n    echo \"error: The sandbox is not in sync with the Podfile.lock. Run 'pod install' or update your CocoaPods installation.\" >&2\n    exit 1\nfi\n# This output is used by Xcode 'outputs' to avoid re-running this script phase.\necho \"SUCCESS\" > \"${SCRIPT_OUTPUT_FILE_0}\"\n";
			showEnvVarsInLog = 0;
		};
		2821AADADEF0242E58433970 /* [CP] Embed Pods Frameworks */ = {
			isa = PBXShellScriptBuildPhase;
			buildActionMask = 2147483647;
			files = (
			);
			inputFileListPaths = (
				"${PODS_ROOT}/Target Support Files/Pods-CLICK_S-CLICK_SUITests/Pods-CLICK_S-CLICK_SUITests-frameworks-${CONFIGURATION}-input-files.xcfilelist",
			);
			name = "[CP] Embed Pods Frameworks";
			outputFileListPaths = (
				"${PODS_ROOT}/Target Support Files/Pods-CLICK_S-CLICK_SUITests/Pods-CLICK_S-CLICK_SUITests-frameworks-${CONFIGURATION}-output-files.xcfilelist",
			);
			runOnlyForDeploymentPostprocessing = 0;
			shellPath = /bin/sh;
			shellScript = "\"${PODS_ROOT}/Target Support Files/Pods-CLICK_S-CLICK_SUITests/Pods-CLICK_S-CLICK_SUITests-frameworks.sh\"\n";
			showEnvVarsInLog = 0;
		};
		2C6FF6A324A338A9EE0C5E21 /* [CP] Copy Pods Resources */ = {
			isa = PBXShellScriptBuildPhase;
			buildActionMask = 2147483647;
			files = (
			);
			inputFileListPaths = (
				"${PODS_ROOT}/Target Support Files/Pods-CLICK_S-CLICK_SUITests/Pods-CLICK_S-CLICK_SUITests-resources-${CONFIGURATION}-input-files.xcfilelist",
			);
			name = "[CP] Copy Pods Resources";
			outputFileListPaths = (
				"${PODS_ROOT}/Target Support Files/Pods-CLICK_S-CLICK_SUITests/Pods-CLICK_S-CLICK_SUITests-resources-${CONFIGURATION}-output-files.xcfilelist",
			);
			runOnlyForDeploymentPostprocessing = 0;
			shellPath = /bin/sh;
			shellScript = "\"${PODS_ROOT}/Target Support Files/Pods-CLICK_S-CLICK_SUITests/Pods-CLICK_S-CLICK_SUITests-resources.sh\"\n";
			showEnvVarsInLog = 0;
		};
		2E8AA6D2B344AD8538F5A295 /* [CP] Check Pods Manifest.lock */ = {
			isa = PBXShellScriptBuildPhase;
			buildActionMask = 2147483647;
			files = (
			);
			inputFileListPaths = (
			);
			inputPaths = (
				"${PODS_PODFILE_DIR_PATH}/Podfile.lock",
				"${PODS_ROOT}/Manifest.lock",
			);
			name = "[CP] Check Pods Manifest.lock";
			outputFileListPaths = (
			);
			outputPaths = (
				"$(DERIVED_FILE_DIR)/Pods-CLICK_S-CLICK_SUITests-checkManifestLockResult.txt",
			);
			runOnlyForDeploymentPostprocessing = 0;
			shellPath = /bin/sh;
			shellScript = "diff \"${PODS_PODFILE_DIR_PATH}/Podfile.lock\" \"${PODS_ROOT}/Manifest.lock\" > /dev/null\nif [ $? != 0 ] ; then\n    # print error to STDERR\n    echo \"error: The sandbox is not in sync with the Podfile.lock. Run 'pod install' or update your CocoaPods installation.\" >&2\n    exit 1\nfi\n# This output is used by Xcode 'outputs' to avoid re-running this script phase.\necho \"SUCCESS\" > \"${SCRIPT_OUTPUT_FILE_0}\"\n";
			showEnvVarsInLog = 0;
		};
		62556537F137249D92950D05 /* [CP] Check Pods Manifest.lock */ = {
			isa = PBXShellScriptBuildPhase;
			buildActionMask = 2147483647;
			files = (
			);
			inputFileListPaths = (
			);
			inputPaths = (
				"${PODS_PODFILE_DIR_PATH}/Podfile.lock",
				"${PODS_ROOT}/Manifest.lock",
			);
			name = "[CP] Check Pods Manifest.lock";
			outputFileListPaths = (
			);
			outputPaths = (
				"$(DERIVED_FILE_DIR)/Pods-CLICK_S-checkManifestLockResult.txt",
			);
			runOnlyForDeploymentPostprocessing = 0;
			shellPath = /bin/sh;
			shellScript = "diff \"${PODS_PODFILE_DIR_PATH}/Podfile.lock\" \"${PODS_ROOT}/Manifest.lock\" > /dev/null\nif [ $? != 0 ] ; then\n    # print error to STDERR\n    echo \"error: The sandbox is not in sync with the Podfile.lock. Run 'pod install' or update your CocoaPods installation.\" >&2\n    exit 1\nfi\n# This output is used by Xcode 'outputs' to avoid re-running this script phase.\necho \"SUCCESS\" > \"${SCRIPT_OUTPUT_FILE_0}\"\n";
			showEnvVarsInLog = 0;
		};
		6DFE038B4531D00208E59478 /* [CP] Copy Pods Resources */ = {
			isa = PBXShellScriptBuildPhase;
			buildActionMask = 2147483647;
			files = (
			);
			inputFileListPaths = (
				"${PODS_ROOT}/Target Support Files/Pods-CLICK_S/Pods-CLICK_S-resources-${CONFIGURATION}-input-files.xcfilelist",
			);
			name = "[CP] Copy Pods Resources";
			outputFileListPaths = (
				"${PODS_ROOT}/Target Support Files/Pods-CLICK_S/Pods-CLICK_S-resources-${CONFIGURATION}-output-files.xcfilelist",
			);
			runOnlyForDeploymentPostprocessing = 0;
			shellPath = /bin/sh;
			shellScript = "\"${PODS_ROOT}/Target Support Files/Pods-CLICK_S/Pods-CLICK_S-resources.sh\"\n";
			showEnvVarsInLog = 0;
		};
/* End PBXShellScriptBuildPhase section */

/* Begin PBXSourcesBuildPhase section */
		E305E87226DF0EC700AAB580 /* Sources */ = {
			isa = PBXSourcesBuildPhase;
			buildActionMask = 2147483647;
			files = (
				E350854627B4D3B800580B8A /* OrderContentCell.swift in Sources */,
				E3A45B2B288153B5005024B3 /* VersionAlert.swift in Sources */,
				E305E92226DF9FAA00AAB580 /* OrderMoneyCell.swift in Sources */,
				E305E8F226DF133D00AAB580 /* SDBrowserImageView.m in Sources */,
				E305E8E726DF133D00AAB580 /* LTAdvancedManager.swift in Sources */,
				E305E8E926DF133D00AAB580 /* LTTableViewProtocal.swift in Sources */,
				E305E8B926DF133000AAB580 /* BaseViewController.swift in Sources */,
				E305E92626DFA61600AAB580 /* EvaluateStarView.swift in Sources */,
				E3AD362927F8364400AA121F /* OrderContentMoneyCell.swift in Sources */,
				E3386CA92791558400CBD42C /* XYViewController.swift in Sources */,
				E305E8F426DF133D00AAB580 /* HUDManager_MB.swift in Sources */,
				E305E8EE26DF133D00AAB580 /* LTTableView.swift in Sources */,
				E305E8F026DF133D00AAB580 /* SDPhotoBrowser.m in Sources */,
				E3BEFEA1282A33F70050D1E6 /* JuJieReasonCell.swift in Sources */,
				E3BEFEAB282A43F30050D1E6 /* CollectionPageFlowLayout.swift in Sources */,
				E305E8B826DF133000AAB580 /* GestureCollectionView.swift in Sources */,
				E3BEFEAD282A43F30050D1E6 /* CollectionViewCell.swift in Sources */,
				E38BF4B2288946600048F2EA /* OrderAddressCell.swift in Sources */,
				E305E92026DF92A100AAB580 /* OrderNumberInfoCell.swift in Sources */,
				E305E8FA26DF133D00AAB580 /* PJCUtil.swift in Sources */,
				E3DE48BE27745ED600F3DCCD /* LocationManager.swift in Sources */,
				E3A980C327CDE7A400809A65 /* WorkAlertView.swift in Sources */,
				E305E8F726DF133D00AAB580 /* CartManager.swift in Sources */,
				E3DE48B0276DB98200F3DCCD /* OrderTagView.swift in Sources */,
				E3BEFEAC282A43F30050D1E6 /* XYPhotoBrower.swift in Sources */,
				E305E92F26E070B800AAB580 /* OrderRemarkCell.swift in Sources */,
				E305E90A26DF158400AAB580 /* LoginBottomView.swift in Sources */,
				E305E8B126DF131C00AAB580 /* ProjectHeader.swift in Sources */,
				E305E8EC26DF133D00AAB580 /* LTVCExtension.swift in Sources */,
				E305E8E526DF133D00AAB580 /* LTCollectionFlowLayout.swift in Sources */,
				E305E8EF26DF133D00AAB580 /* Extension.swift in Sources */,
				E305E8E626DF133D00AAB580 /* LTDispatchQueue.swift in Sources */,
				E305E8F326DF133D00AAB580 /* Protocol.swift in Sources */,
				E30B46B326F1DB3500FB9B2B /* SearchPlaceManager.swift in Sources */,
				E3DE48BC2774163D00F3DCCD /* DateTool.swift in Sources */,
				E305E93126E0B3D900AAB580 /* JuJieReasonController.swift in Sources */,
				E305E8BC26DF133000AAB580 /* BaseAlertView.swift in Sources */,
				E3DF13952834F8A0007FCC11 /* CurentDayMoneyView.swift in Sources */,
				E305E8EA26DF133D00AAB580 /* LTPageTitleView.swift in Sources */,
				E3BEFEAE282A43F30050D1E6 /* ShowImageView.swift in Sources */,
				E305E8BA26DF133000AAB580 /* BaseTableViewCell.swift in Sources */,
				E305E90226DF146E00AAB580 /* MainNaviController.swift in Sources */,
				E305E8EB26DF133D00AAB580 /* LTPageView.swift in Sources */,
				E305E8ED26DF133D00AAB580 /* LTScrollExtension.swift in Sources */,
				E305E90026DF134900AAB580 /* HttpTool.swift in Sources */,
				E305E8E426DF133D00AAB580 /* LTSimpleManager.swift in Sources */,
				E3A45B2928815195005024B3 /* DeviceID.m in Sources */,
				E305E92A26DFAEE900AAB580 /* OrderBottomButCell.swift in Sources */,
				E305E8E826DF133D00AAB580 /* LTLayout.swift in Sources */,
				E3BEFEA5282A40B10050D1E6 /* JuJieUploadImgCell.swift in Sources */,
				E305E92D26DFBD7600AAB580 /* OrderModel.swift in Sources */,
				E37D4E6926E61F4C00D497FF /* FirstSideToolView.swift in Sources */,
				E305E8BB26DF133000AAB580 /* GestureTableView.swift in Sources */,
				E305E8FF26DF134900AAB580 /* ApiManager.swift in Sources */,
				E305E87A26DF0EC700AAB580 /* AppDelegate.swift in Sources */,
				E305E8F626DF133D00AAB580 /* NoDataView.swift in Sources */,
				E3469C9127A3F1C200F7828D /* NoDataCell.swift in Sources */,
				E305E8F126DF133D00AAB580 /* SDWaitingView.m in Sources */,
				E305E91126DF1B9C00AAB580 /* FirstController.swift in Sources */,
				E305E91826DF70F800AAB580 /* OrderGoodsCell.swift in Sources */,
				E305E90826DF154600AAB580 /* LogInController.swift in Sources */,
				E3BEFEA3282A3F100050D1E6 /* JuJieInputCell.swift in Sources */,
				E305E91C26DF8D2700AAB580 /* OrderListCell.swift in Sources */,
				E350854827B4EEA500580B8A /* OrderDetailController.swift in Sources */,
			);
			runOnlyForDeploymentPostprocessing = 0;
		};
		E305E88826DF0EC900AAB580 /* Sources */ = {
			isa = PBXSourcesBuildPhase;
			buildActionMask = 2147483647;
			files = (
				E305E89126DF0EC900AAB580 /* CLICK_STests.swift in Sources */,
			);
			runOnlyForDeploymentPostprocessing = 0;
		};
		E305E89326DF0EC900AAB580 /* Sources */ = {
			isa = PBXSourcesBuildPhase;
			buildActionMask = 2147483647;
			files = (
				E305E89C26DF0EC900AAB580 /* CLICK_SUITests.swift in Sources */,
			);
			runOnlyForDeploymentPostprocessing = 0;
		};
/* End PBXSourcesBuildPhase section */

/* Begin PBXTargetDependency section */
		E305E88E26DF0EC900AAB580 /* PBXTargetDependency */ = {
			isa = PBXTargetDependency;
			target = E305E87526DF0EC700AAB580 /* CLICK_S */;
			targetProxy = E305E88D26DF0EC900AAB580 /* PBXContainerItemProxy */;
		};
		E305E89926DF0EC900AAB580 /* PBXTargetDependency */ = {
			isa = PBXTargetDependency;
			target = E305E87526DF0EC700AAB580 /* CLICK_S */;
			targetProxy = E305E89826DF0EC900AAB580 /* PBXContainerItemProxy */;
		};
/* End PBXTargetDependency section */

/* Begin PBXVariantGroup section */
		E305E87F26DF0EC700AAB580 /* Main.storyboard */ = {
			isa = PBXVariantGroup;
			children = (
				E305E88026DF0EC700AAB580 /* Base */,
			);
			name = Main.storyboard;
			sourceTree = "<group>";
		};
		E305E88426DF0EC800AAB580 /* LaunchScreen.storyboard */ = {
			isa = PBXVariantGroup;
			children = (
				E305E88526DF0EC800AAB580 /* Base */,
			);
			name = LaunchScreen.storyboard;
			sourceTree = "<group>";
		};
/* End PBXVariantGroup section */

/* Begin XCBuildConfiguration section */
		E305E89E26DF0EC900AAB580 /* Debug */ = {
			isa = XCBuildConfiguration;
			buildSettings = {
				ALWAYS_SEARCH_USER_PATHS = NO;
				CLANG_ANALYZER_NONNULL = YES;
				CLANG_ANALYZER_NUMBER_OBJECT_CONVERSION = YES_AGGRESSIVE;
				CLANG_CXX_LANGUAGE_STANDARD = "gnu++14";
				CLANG_CXX_LIBRARY = "libc++";
				CLANG_ENABLE_MODULES = YES;
				CLANG_ENABLE_OBJC_ARC = YES;
				CLANG_ENABLE_OBJC_WEAK = YES;
				CLANG_WARN_BLOCK_CAPTURE_AUTORELEASING = YES;
				CLANG_WARN_BOOL_CONVERSION = YES;
				CLANG_WARN_COMMA = YES;
				CLANG_WARN_CONSTANT_CONVERSION = YES;
				CLANG_WARN_DEPRECATED_OBJC_IMPLEMENTATIONS = YES;
				CLANG_WARN_DIRECT_OBJC_ISA_USAGE = YES_ERROR;
				CLANG_WARN_DOCUMENTATION_COMMENTS = YES;
				CLANG_WARN_EMPTY_BODY = YES;
				CLANG_WARN_ENUM_CONVERSION = YES;
				CLANG_WARN_INFINITE_RECURSION = YES;
				CLANG_WARN_INT_CONVERSION = YES;
				CLANG_WARN_NON_LITERAL_NULL_CONVERSION = YES;
				CLANG_WARN_OBJC_IMPLICIT_RETAIN_SELF = YES;
				CLANG_WARN_OBJC_LITERAL_CONVERSION = YES;
				CLANG_WARN_OBJC_ROOT_CLASS = YES_ERROR;
				CLANG_WARN_QUOTED_INCLUDE_IN_FRAMEWORK_HEADER = YES;
				CLANG_WARN_RANGE_LOOP_ANALYSIS = YES;
				CLANG_WARN_STRICT_PROTOTYPES = YES;
				CLANG_WARN_SUSPICIOUS_MOVE = YES;
				CLANG_WARN_UNGUARDED_AVAILABILITY = YES_AGGRESSIVE;
				CLANG_WARN_UNREACHABLE_CODE = YES;
				CLANG_WARN__DUPLICATE_METHOD_MATCH = YES;
				COPY_PHASE_STRIP = NO;
				DEBUG_INFORMATION_FORMAT = dwarf;
				ENABLE_STRICT_OBJC_MSGSEND = YES;
				ENABLE_TESTABILITY = YES;
				GCC_C_LANGUAGE_STANDARD = gnu11;
				GCC_DYNAMIC_NO_PIC = NO;
				GCC_NO_COMMON_BLOCKS = YES;
				GCC_OPTIMIZATION_LEVEL = 0;
				GCC_PREPROCESSOR_DEFINITIONS = (
					"DEBUG=1",
					"$(inherited)",
				);
				GCC_WARN_64_TO_32_BIT_CONVERSION = YES;
				GCC_WARN_ABOUT_RETURN_TYPE = YES_ERROR;
				GCC_WARN_UNDECLARED_SELECTOR = YES;
				GCC_WARN_UNINITIALIZED_AUTOS = YES_AGGRESSIVE;
				GCC_WARN_UNUSED_FUNCTION = YES;
				GCC_WARN_UNUSED_VARIABLE = YES;
				IPHONEOS_DEPLOYMENT_TARGET = 14.5;
				MTL_ENABLE_DEBUG_INFO = INCLUDE_SOURCE;
				MTL_FAST_MATH = YES;
				ONLY_ACTIVE_ARCH = YES;
				SDKROOT = iphoneos;
				SWIFT_ACTIVE_COMPILATION_CONDITIONS = DEBUG;
				SWIFT_OPTIMIZATION_LEVEL = "-Onone";
			};
			name = Debug;
		};
		E305E89F26DF0EC900AAB580 /* Release */ = {
			isa = XCBuildConfiguration;
			buildSettings = {
				ALWAYS_SEARCH_USER_PATHS = NO;
				CLANG_ANALYZER_NONNULL = YES;
				CLANG_ANALYZER_NUMBER_OBJECT_CONVERSION = YES_AGGRESSIVE;
				CLANG_CXX_LANGUAGE_STANDARD = "gnu++14";
				CLANG_CXX_LIBRARY = "libc++";
				CLANG_ENABLE_MODULES = YES;
				CLANG_ENABLE_OBJC_ARC = YES;
				CLANG_ENABLE_OBJC_WEAK = YES;
				CLANG_WARN_BLOCK_CAPTURE_AUTORELEASING = YES;
				CLANG_WARN_BOOL_CONVERSION = YES;
				CLANG_WARN_COMMA = YES;
				CLANG_WARN_CONSTANT_CONVERSION = YES;
				CLANG_WARN_DEPRECATED_OBJC_IMPLEMENTATIONS = YES;
				CLANG_WARN_DIRECT_OBJC_ISA_USAGE = YES_ERROR;
				CLANG_WARN_DOCUMENTATION_COMMENTS = YES;
				CLANG_WARN_EMPTY_BODY = YES;
				CLANG_WARN_ENUM_CONVERSION = YES;
				CLANG_WARN_INFINITE_RECURSION = YES;
				CLANG_WARN_INT_CONVERSION = YES;
				CLANG_WARN_NON_LITERAL_NULL_CONVERSION = YES;
				CLANG_WARN_OBJC_IMPLICIT_RETAIN_SELF = YES;
				CLANG_WARN_OBJC_LITERAL_CONVERSION = YES;
				CLANG_WARN_OBJC_ROOT_CLASS = YES_ERROR;
				CLANG_WARN_QUOTED_INCLUDE_IN_FRAMEWORK_HEADER = YES;
				CLANG_WARN_RANGE_LOOP_ANALYSIS = YES;
				CLANG_WARN_STRICT_PROTOTYPES = YES;
				CLANG_WARN_SUSPICIOUS_MOVE = YES;
				CLANG_WARN_UNGUARDED_AVAILABILITY = YES_AGGRESSIVE;
				CLANG_WARN_UNREACHABLE_CODE = YES;
				CLANG_WARN__DUPLICATE_METHOD_MATCH = YES;
				COPY_PHASE_STRIP = NO;
				DEBUG_INFORMATION_FORMAT = "dwarf-with-dsym";
				ENABLE_NS_ASSERTIONS = NO;
				ENABLE_STRICT_OBJC_MSGSEND = YES;
				GCC_C_LANGUAGE_STANDARD = gnu11;
				GCC_NO_COMMON_BLOCKS = YES;
				GCC_WARN_64_TO_32_BIT_CONVERSION = YES;
				GCC_WARN_ABOUT_RETURN_TYPE = YES_ERROR;
				GCC_WARN_UNDECLARED_SELECTOR = YES;
				GCC_WARN_UNINITIALIZED_AUTOS = YES_AGGRESSIVE;
				GCC_WARN_UNUSED_FUNCTION = YES;
				GCC_WARN_UNUSED_VARIABLE = YES;
				IPHONEOS_DEPLOYMENT_TARGET = 14.5;
				MTL_ENABLE_DEBUG_INFO = NO;
				MTL_FAST_MATH = YES;
				SDKROOT = iphoneos;
				SWIFT_COMPILATION_MODE = wholemodule;
				SWIFT_OPTIMIZATION_LEVEL = "-O";
				VALIDATE_PRODUCT = YES;
			};
			name = Release;
		};
		E305E8A126DF0EC900AAB580 /* Debug */ = {
			isa = XCBuildConfiguration;
			baseConfigurationReference = 0086AF162744C814E204C56C /* Pods-CLICK_S.debug.xcconfig */;
			buildSettings = {
				ASSETCATALOG_COMPILER_APPICON_NAME = AppIcon;
				ASSETCATALOG_COMPILER_GLOBAL_ACCENT_COLOR_NAME = AccentColor;
				CLANG_ENABLE_MODULES = YES;
				CODE_SIGN_ENTITLEMENTS = CLICK_S/CLICK_S.entitlements;
				CODE_SIGN_STYLE = Automatic;
				CURRENT_PROJECT_VERSION = 1.0;
				DEVELOPMENT_TEAM = 2CRFF5W24M;
				INFOPLIST_FILE = CLICK_S/Other/Info.plist;
				IPHONEOS_DEPLOYMENT_TARGET = 13.0;
				LD_RUNPATH_SEARCH_PATHS = (
					"$(inherited)",
					"@executable_path/Frameworks",
				);
				MARKETING_VERSION = 1.0.11;
				PRODUCT_BUNDLE_IDENTIFIER = "com.Foodo2o-Driver";
				PRODUCT_NAME = "$(TARGET_NAME)";
				SWIFT_OBJC_BRIDGING_HEADER = "CLICK_S/CLICK_S-Bridging-Header.h";
				SWIFT_OPTIMIZATION_LEVEL = "-Onone";
				SWIFT_VERSION = 5.0;
				TARGETED_DEVICE_FAMILY = 1;
			};
			name = Debug;
		};
		E305E8A226DF0EC900AAB580 /* Release */ = {
			isa = XCBuildConfiguration;
			baseConfigurationReference = E3EF8BC1972CA92CC48E5685 /* Pods-CLICK_S.release.xcconfig */;
			buildSettings = {
				ASSETCATALOG_COMPILER_APPICON_NAME = AppIcon;
				ASSETCATALOG_COMPILER_GLOBAL_ACCENT_COLOR_NAME = AccentColor;
				CLANG_ENABLE_MODULES = YES;
				CODE_SIGN_ENTITLEMENTS = CLICK_S/CLICK_S.entitlements;
				CODE_SIGN_IDENTITY = "iPhone Distribution";
				CODE_SIGN_STYLE = Manual;
				CURRENT_PROJECT_VERSION = 1.0;
				DEVELOPMENT_TEAM = 2CRFF5W24M;
				"DEVELOPMENT_TEAM[sdk=iphoneos*]" = 2CRFF5W24M;
				INFOPLIST_FILE = CLICK_S/Other/Info.plist;
				IPHONEOS_DEPLOYMENT_TARGET = 13.0;
				LD_RUNPATH_SEARCH_PATHS = (
					"$(inherited)",
					"@executable_path/Frameworks",
				);
				MARKETING_VERSION = 1.0.11;
				PRODUCT_BUNDLE_IDENTIFIER = "com.Foodo2o-Driver";
				PRODUCT_NAME = "$(TARGET_NAME)";
				PROVISIONING_PROFILE_SPECIFIER = dis_driver;
				"PROVISIONING_PROFILE_SPECIFIER[sdk=iphoneos*]" = DriverDis;
				SWIFT_OBJC_BRIDGING_HEADER = "CLICK_S/CLICK_S-Bridging-Header.h";
				SWIFT_VERSION = 5.0;
				TARGETED_DEVICE_FAMILY = 1;
			};
			name = Release;
		};
		E305E8A426DF0EC900AAB580 /* Debug */ = {
			isa = XCBuildConfiguration;
			baseConfigurationReference = AF373789880E7E18294C3EC8 /* Pods-CLICK_STests.debug.xcconfig */;
			buildSettings = {
				ALWAYS_EMBED_SWIFT_STANDARD_LIBRARIES = YES;
				BUNDLE_LOADER = "$(TEST_HOST)";
				CODE_SIGN_STYLE = Automatic;
				DEVELOPMENT_TEAM = 8JT34Y8U9R;
				INFOPLIST_FILE = CLICK_STests/Info.plist;
				IPHONEOS_DEPLOYMENT_TARGET = 14.5;
				LD_RUNPATH_SEARCH_PATHS = (
					"$(inherited)",
					"@executable_path/Frameworks",
					"@loader_path/Frameworks",
				);
				PRODUCT_BUNDLE_IDENTIFIER = "com.newProject.CLICK-STests";
				PRODUCT_NAME = "$(TARGET_NAME)";
				SWIFT_VERSION = 5.0;
				TARGETED_DEVICE_FAMILY = "1,2";
				TEST_HOST = "$(BUILT_PRODUCTS_DIR)/CLICK_S.app/CLICK_S";
			};
			name = Debug;
		};
		E305E8A526DF0EC900AAB580 /* Release */ = {
			isa = XCBuildConfiguration;
			baseConfigurationReference = 0F7C908A516E9F1D6347BF73 /* Pods-CLICK_STests.release.xcconfig */;
			buildSettings = {
				ALWAYS_EMBED_SWIFT_STANDARD_LIBRARIES = YES;
				BUNDLE_LOADER = "$(TEST_HOST)";
				CODE_SIGN_STYLE = Automatic;
				DEVELOPMENT_TEAM = 8JT34Y8U9R;
				INFOPLIST_FILE = CLICK_STests/Info.plist;
				IPHONEOS_DEPLOYMENT_TARGET = 14.5;
				LD_RUNPATH_SEARCH_PATHS = (
					"$(inherited)",
					"@executable_path/Frameworks",
					"@loader_path/Frameworks",
				);
				PRODUCT_BUNDLE_IDENTIFIER = "com.newProject.CLICK-STests";
				PRODUCT_NAME = "$(TARGET_NAME)";
				SWIFT_VERSION = 5.0;
				TARGETED_DEVICE_FAMILY = "1,2";
				TEST_HOST = "$(BUILT_PRODUCTS_DIR)/CLICK_S.app/CLICK_S";
			};
			name = Release;
		};
		E305E8A726DF0EC900AAB580 /* Debug */ = {
			isa = XCBuildConfiguration;
			baseConfigurationReference = 56954390178E1F9A4C21C34C /* Pods-CLICK_S-CLICK_SUITests.debug.xcconfig */;
			buildSettings = {
				ALWAYS_EMBED_SWIFT_STANDARD_LIBRARIES = YES;
				CODE_SIGN_STYLE = Automatic;
				DEVELOPMENT_TEAM = 8JT34Y8U9R;
				INFOPLIST_FILE = CLICK_SUITests/Info.plist;
				LD_RUNPATH_SEARCH_PATHS = (
					"$(inherited)",
					"@executable_path/Frameworks",
					"@loader_path/Frameworks",
				);
				PRODUCT_BUNDLE_IDENTIFIER = "com.newProject.CLICK-SUITests";
				PRODUCT_NAME = "$(TARGET_NAME)";
				SWIFT_VERSION = 5.0;
				TARGETED_DEVICE_FAMILY = "1,2";
				TEST_TARGET_NAME = CLICK_S;
			};
			name = Debug;
		};
		E305E8A826DF0EC900AAB580 /* Release */ = {
			isa = XCBuildConfiguration;
			baseConfigurationReference = 4C038725FD9DCE8E059D3B33 /* Pods-CLICK_S-CLICK_SUITests.release.xcconfig */;
			buildSettings = {
				ALWAYS_EMBED_SWIFT_STANDARD_LIBRARIES = YES;
				CODE_SIGN_STYLE = Automatic;
				DEVELOPMENT_TEAM = 8JT34Y8U9R;
				INFOPLIST_FILE = CLICK_SUITests/Info.plist;
				LD_RUNPATH_SEARCH_PATHS = (
					"$(inherited)",
					"@executable_path/Frameworks",
					"@loader_path/Frameworks",
				);
				PRODUCT_BUNDLE_IDENTIFIER = "com.newProject.CLICK-SUITests";
				PRODUCT_NAME = "$(TARGET_NAME)";
				SWIFT_VERSION = 5.0;
				TARGETED_DEVICE_FAMILY = "1,2";
				TEST_TARGET_NAME = CLICK_S;
			};
			name = Release;
		};
/* End XCBuildConfiguration section */

/* Begin XCConfigurationList section */
		E305E87126DF0EC700AAB580 /* Build configuration list for PBXProject "CLICK_S" */ = {
			isa = XCConfigurationList;
			buildConfigurations = (
				E305E89E26DF0EC900AAB580 /* Debug */,
				E305E89F26DF0EC900AAB580 /* Release */,
			);
			defaultConfigurationIsVisible = 0;
			defaultConfigurationName = Release;
		};
		E305E8A026DF0EC900AAB580 /* Build configuration list for PBXNativeTarget "CLICK_S" */ = {
			isa = XCConfigurationList;
			buildConfigurations = (
				E305E8A126DF0EC900AAB580 /* Debug */,
				E305E8A226DF0EC900AAB580 /* Release */,
			);
			defaultConfigurationIsVisible = 0;
			defaultConfigurationName = Release;
		};
		E305E8A326DF0EC900AAB580 /* Build configuration list for PBXNativeTarget "CLICK_STests" */ = {
			isa = XCConfigurationList;
			buildConfigurations = (
				E305E8A426DF0EC900AAB580 /* Debug */,
				E305E8A526DF0EC900AAB580 /* Release */,
			);
			defaultConfigurationIsVisible = 0;
			defaultConfigurationName = Release;
		};
		E305E8A626DF0EC900AAB580 /* Build configuration list for PBXNativeTarget "CLICK_SUITests" */ = {
			isa = XCConfigurationList;
			buildConfigurations = (
				E305E8A726DF0EC900AAB580 /* Debug */,
				E305E8A826DF0EC900AAB580 /* Release */,
			);
			defaultConfigurationIsVisible = 0;
			defaultConfigurationName = Release;
		};
/* End XCConfigurationList section */
	};
	rootObject = E305E86E26DF0EC700AAB580 /* Project object */;
}
