// !$*UTF8*$!
{
	archiveVersion = 1;
	classes = {
	};
	objectVersion = 54;
	objects = {

/* Begin PBXBuildFile section */
		1DD29FE1F06243CA8ACA2D4B /* Pods_CLICK_S_CLICK_SUITests.framework in Frameworks */ = {isa = PBXBuildFile; fileRef = 242305B9C53FE1834B84891B /* Pods_CLICK_S_CLICK_SUITests.framework */; };
		265706CB0BD4919A2BE1ACE8 /* Pods_CLICK_S.framework in Frameworks */ = {isa = PBXBuildFile; fileRef = 36C376C62B40E001B326F421 /* Pods_CLICK_S.framework */; };
		E305E87A26DF0EC700AAB580 /* AppDelegate.swift in Sources */ = {isa = PBXBuildFile; fileRef = E305E87926DF0EC700AAB580 /* AppDelegate.swift */; };
		E305E88126DF0EC700AAB580 /* Main.storyboard in Resources */ = {isa = PBXBuildFile; fileRef = E305E87F26DF0EC700AAB580 /* Main.storyboard */; };
		E305E88326DF0EC800AAB580 /* Assets.xcassets in Resources */ = {isa = PBXBuildFile; fileRef = E305E88226DF0EC800AAB580 /* Assets.xcassets */; };
		E305E88626DF0EC800AAB580 /* LaunchScreen.storyboard in Resources */ = {isa = PBXBuildFile; fileRef = E305E88426DF0EC800AAB580 /* LaunchScreen.storyboard */; };
		E305E89126DF0EC900AAB580 /* CLICK_STests.swift in Sources */ = {isa = PBXBuildFile; fileRef = E305E89026DF0EC900AAB580 /* CLICK_STests.swift */; };
		E305E89C26DF0EC900AAB580 /* CLICK_SUITests.swift in Sources */ = {isa = PBXBuildFile; fileRef = E305E89B26DF0EC900AAB580 /* CLICK_SUITests.swift */; };
		E305E8B126DF131C00AAB580 /* ProjectHeader.swift in Sources */ = {isa = PBXBuildFile; fileRef = E305E8B026DF131C00AAB580 /* ProjectHeader.swift */; };
		E305E8B826DF133000AAB580 /* GestureCollectionView.swift in Sources */ = {isa = PBXBuildFile; fileRef = E305E8B326DF133000AAB580 /* GestureCollectionView.swift */; };
		E305E8B926DF133000AAB580 /* BaseViewController.swift in Sources */ = {isa = PBXBuildFile; fileRef = E305E8B426DF133000AAB580 /* BaseViewController.swift */; };
		E305E8BA26DF133000AAB580 /* BaseTableViewCell.swift in Sources */ = {isa = PBXBuildFile; fileRef = E305E8B526DF133000AAB580 /* BaseTableViewCell.swift */; };
		E305E8BB26DF133000AAB580 /* GestureTableView.swift in Sources */ = {isa = PBXBuildFile; fileRef = E305E8B626DF133000AAB580 /* GestureTableView.swift */; };
		E305E8BC26DF133000AAB580 /* BaseAlertView.swift in Sources */ = {isa = PBXBuildFile; fileRef = E305E8B726DF133000AAB580 /* BaseAlertView.swift */; };
		E305E8E426DF133D00AAB580 /* LTSimpleManager.swift in Sources */ = {isa = PBXBuildFile; fileRef = E305E8C226DF133D00AAB580 /* LTSimpleManager.swift */; };
		E305E8E526DF133D00AAB580 /* LTCollectionFlowLayout.swift in Sources */ = {isa = PBXBuildFile; fileRef = E305E8C326DF133D00AAB580 /* LTCollectionFlowLayout.swift */; };
		E305E8E626DF133D00AAB580 /* LTDispatchQueue.swift in Sources */ = {isa = PBXBuildFile; fileRef = E305E8C426DF133D00AAB580 /* LTDispatchQueue.swift */; };
		E305E8E726DF133D00AAB580 /* LTAdvancedManager.swift in Sources */ = {isa = PBXBuildFile; fileRef = E305E8C526DF133D00AAB580 /* LTAdvancedManager.swift */; };
		E305E8E826DF133D00AAB580 /* LTLayout.swift in Sources */ = {isa = PBXBuildFile; fileRef = E305E8C626DF133D00AAB580 /* LTLayout.swift */; };
		E305E8E926DF133D00AAB580 /* LTTableViewProtocal.swift in Sources */ = {isa = PBXBuildFile; fileRef = E305E8C726DF133D00AAB580 /* LTTableViewProtocal.swift */; };
		E305E8EA26DF133D00AAB580 /* LTPageTitleView.swift in Sources */ = {isa = PBXBuildFile; fileRef = E305E8C826DF133D00AAB580 /* LTPageTitleView.swift */; };
		E305E8EB26DF133D00AAB580 /* LTPageView.swift in Sources */ = {isa = PBXBuildFile; fileRef = E305E8C926DF133D00AAB580 /* LTPageView.swift */; };
		E305E8EC26DF133D00AAB580 /* LTVCExtension.swift in Sources */ = {isa = PBXBuildFile; fileRef = E305E8CA26DF133D00AAB580 /* LTVCExtension.swift */; };
		E305E8ED26DF133D00AAB580 /* LTScrollExtension.swift in Sources */ = {isa = PBXBuildFile; fileRef = E305E8CB26DF133D00AAB580 /* LTScrollExtension.swift */; };
		E305E8EE26DF133D00AAB580 /* LTTableView.swift in Sources */ = {isa = PBXBuildFile; fileRef = E305E8CC26DF133D00AAB580 /* LTTableView.swift */; };
		E305E8EF26DF133D00AAB580 /* Extension.swift in Sources */ = {isa = PBXBuildFile; fileRef = E305E8CE26DF133D00AAB580 /* Extension.swift */; };
		E305E8F026DF133D00AAB580 /* SDPhotoBrowser.m in Sources */ = {isa = PBXBuildFile; fileRef = E305E8D126DF133D00AAB580 /* SDPhotoBrowser.m */; };
		E305E8F126DF133D00AAB580 /* SDWaitingView.m in Sources */ = {isa = PBXBuildFile; fileRef = E305E8D226DF133D00AAB580 /* SDWaitingView.m */; };
		E305E8F226DF133D00AAB580 /* SDBrowserImageView.m in Sources */ = {isa = PBXBuildFile; fileRef = E305E8D326DF133D00AAB580 /* SDBrowserImageView.m */; };
		E305E8F326DF133D00AAB580 /* Protocol.swift in Sources */ = {isa = PBXBuildFile; fileRef = E305E8D826DF133D00AAB580 /* Protocol.swift */; };
		E305E8F426DF133D00AAB580 /* HUDManager_MB.swift in Sources */ = {isa = PBXBuildFile; fileRef = E305E8DB26DF133D00AAB580 /* HUDManager_MB.swift */; };
		E305E8F526DF133D00AAB580 /* HUD_MB.bundle in Resources */ = {isa = PBXBuildFile; fileRef = E305E8DC26DF133D00AAB580 /* HUD_MB.bundle */; };
		E305E8F626DF133D00AAB580 /* NoDataView.swift in Sources */ = {isa = PBXBuildFile; fileRef = E305E8DD26DF133D00AAB580 /* NoDataView.swift */; };
		E305E8F726DF133D00AAB580 /* CartManager.swift in Sources */ = {isa = PBXBuildFile; fileRef = E305E8DE26DF133D00AAB580 /* CartManager.swift */; };
		E305E8FA26DF133D00AAB580 /* PJCUtil.swift in Sources */ = {isa = PBXBuildFile; fileRef = E305E8E126DF133D00AAB580 /* PJCUtil.swift */; };
		E305E8FB26DF133D00AAB580 /* SearchManager.swift in Sources */ = {isa = PBXBuildFile; fileRef = E305E8E226DF133D00AAB580 /* SearchManager.swift */; };
		E305E8FF26DF134900AAB580 /* ApiManager.swift in Sources */ = {isa = PBXBuildFile; fileRef = E305E8FD26DF134800AAB580 /* ApiManager.swift */; };
		E305E90026DF134900AAB580 /* HttpTool.swift in Sources */ = {isa = PBXBuildFile; fileRef = E305E8FE26DF134800AAB580 /* HttpTool.swift */; };
		E305E90226DF146E00AAB580 /* MainNaviController.swift in Sources */ = {isa = PBXBuildFile; fileRef = E305E90126DF146E00AAB580 /* MainNaviController.swift */; };
		E305E90826DF154600AAB580 /* LogInController.swift in Sources */ = {isa = PBXBuildFile; fileRef = E305E90726DF154600AAB580 /* LogInController.swift */; };
		E305E90A26DF158400AAB580 /* LoginBottomView.swift in Sources */ = {isa = PBXBuildFile; fileRef = E305E90926DF158400AAB580 /* LoginBottomView.swift */; };
		E3250B822B6A4AE7002AF9C7 /* VersionAlert.swift in Sources */ = {isa = PBXBuildFile; fileRef = E3250B812B6A4AE7002AF9C7 /* VersionAlert.swift */; };
		E32AE75B2B5A160800D8D943 /* CartDishFreeCell.swift in Sources */ = {isa = PBXBuildFile; fileRef = E32AE75A2B5A160800D8D943 /* CartDishFreeCell.swift */; };
		E32AE75E2B5E005100D8D943 /* DeskOrderListController.swift in Sources */ = {isa = PBXBuildFile; fileRef = E32AE75D2B5E005100D8D943 /* DeskOrderListController.swift */; };
		E32AE7612B5E12AB00D8D943 /* OrderModel.swift in Sources */ = {isa = PBXBuildFile; fileRef = E32AE7602B5E12AB00D8D943 /* OrderModel.swift */; };
		E32AE7652B5E15B800D8D943 /* OrderHeaderCell.swift in Sources */ = {isa = PBXBuildFile; fileRef = E32AE7642B5E15B800D8D943 /* OrderHeaderCell.swift */; };
		E32AE7672B5E1CA100D8D943 /* OrderFooderCell.swift in Sources */ = {isa = PBXBuildFile; fileRef = E32AE7662B5E1CA100D8D943 /* OrderFooderCell.swift */; };
		E32AE7692B5E437700D8D943 /* OrderDishModel.swift in Sources */ = {isa = PBXBuildFile; fileRef = E32AE7682B5E437700D8D943 /* OrderDishModel.swift */; };
		E32AE76B2B5E4EF400D8D943 /* OrderDishCell.swift in Sources */ = {isa = PBXBuildFile; fileRef = E32AE76A2B5E4EF400D8D943 /* OrderDishCell.swift */; };
		E32AE76D2B5E50CF00D8D943 /* OrderDishInfoCell.swift in Sources */ = {isa = PBXBuildFile; fileRef = E32AE76C2B5E50CF00D8D943 /* OrderDishInfoCell.swift */; };
		E32AE76F2B5E55C000D8D943 /* OrderDishSelectItemCell.swift in Sources */ = {isa = PBXBuildFile; fileRef = E32AE76E2B5E55C000D8D943 /* OrderDishSelectItemCell.swift */; };
		E32AE7712B5E591100D8D943 /* OrderDishAttatchItemCell.swift in Sources */ = {isa = PBXBuildFile; fileRef = E32AE7702B5E591100D8D943 /* OrderDishAttatchItemCell.swift */; };
		E32AE7732B5E5BE800D8D943 /* OrderDishFreeCell.swift in Sources */ = {isa = PBXBuildFile; fileRef = E32AE7722B5E5BE800D8D943 /* OrderDishFreeCell.swift */; };
		E32AE7752B5E619C00D8D943 /* FirstSideToolView.swift in Sources */ = {isa = PBXBuildFile; fileRef = E32AE7742B5E619C00D8D943 /* FirstSideToolView.swift */; };
		E32AE7772B5E709B00D8D943 /* OrderSuccessController.swift in Sources */ = {isa = PBXBuildFile; fileRef = E32AE7762B5E709B00D8D943 /* OrderSuccessController.swift */; };
		E3386CA92791558400CBD42C /* XYViewController.swift in Sources */ = {isa = PBXBuildFile; fileRef = E3386CA82791558400CBD42C /* XYViewController.swift */; };
		E3386CAB2791739600CBD42C /* voice_order_pay_succeed.mp3 in Resources */ = {isa = PBXBuildFile; fileRef = E3386CAA2791739600CBD42C /* voice_order_pay_succeed.mp3 */; };
		E3386CAD27917BA800CBD42C /* 收到红包.mp3 in Resources */ = {isa = PBXBuildFile; fileRef = E3386CAC27917BA800CBD42C /* 收到红包.mp3 */; };
		E344902F2BBC0C2D0088F537 /* AddBut.swift in Sources */ = {isa = PBXBuildFile; fileRef = E344902E2BBC0C2D0088F537 /* AddBut.swift */; };
		E34490312BBCFB0E0088F537 /* CodeBut.swift in Sources */ = {isa = PBXBuildFile; fileRef = E34490302BBCFB0E0088F537 /* CodeBut.swift */; };
		E34490332BBCFE770088F537 /* CodeView.swift in Sources */ = {isa = PBXBuildFile; fileRef = E34490322BBCFE770088F537 /* CodeView.swift */; };
		E36B20122C19C195000839BE /* PasswordAlert.swift in Sources */ = {isa = PBXBuildFile; fileRef = E36B20112C19C195000839BE /* PasswordAlert.swift */; };
		E37009452C33CB9D0037E433 /* LBXPermissions.swift in Sources */ = {isa = PBXBuildFile; fileRef = E370093A2C33CB9D0037E433 /* LBXPermissions.swift */; };
		E37009462C33CB9D0037E433 /* LBXScanLineAnimation.swift in Sources */ = {isa = PBXBuildFile; fileRef = E370093B2C33CB9D0037E433 /* LBXScanLineAnimation.swift */; };
		E37009472C33CB9D0037E433 /* LBXScanNetAnimation.swift in Sources */ = {isa = PBXBuildFile; fileRef = E370093C2C33CB9D0037E433 /* LBXScanNetAnimation.swift */; };
		E37009482C33CB9D0037E433 /* LBXScanView.swift in Sources */ = {isa = PBXBuildFile; fileRef = E370093D2C33CB9D0037E433 /* LBXScanView.swift */; };
		E37009492C33CB9D0037E433 /* LBXScanViewController.swift in Sources */ = {isa = PBXBuildFile; fileRef = E370093E2C33CB9D0037E433 /* LBXScanViewController.swift */; };
		E370094A2C33CB9D0037E433 /* LBXScanViewStyle.swift in Sources */ = {isa = PBXBuildFile; fileRef = E370093F2C33CB9D0037E433 /* LBXScanViewStyle.swift */; };
		E370094B2C33CB9D0037E433 /* LBXScanWrapper.swift in Sources */ = {isa = PBXBuildFile; fileRef = E37009402C33CB9D0037E433 /* LBXScanWrapper.swift */; };
		E370094C2C33CB9D0037E433 /* CodeScan.bundle in Resources */ = {isa = PBXBuildFile; fileRef = E37009422C33CB9D0037E433 /* CodeScan.bundle */; };
		E370094D2C33CB9D0037E433 /* ScanViewController.swift in Sources */ = {isa = PBXBuildFile; fileRef = E37009432C33CB9D0037E433 /* ScanViewController.swift */; };
		E370094F2C33CD4F0037E433 /* UserVipView.swift in Sources */ = {isa = PBXBuildFile; fileRef = E370094E2C33CD4F0037E433 /* UserVipView.swift */; };
		E3858F702BCE4EEE00078CDD /* ClassifyModel.swift in Sources */ = {isa = PBXBuildFile; fileRef = E3858F6F2BCE4EEE00078CDD /* ClassifyModel.swift */; };
		E3858F722BD8A91C00078CDD /* DishCollCell.swift in Sources */ = {isa = PBXBuildFile; fileRef = E3858F712BD8A91C00078CDD /* DishCollCell.swift */; };
		E3858F742BDA479100078CDD /* SelectPersonNumAlert.swift in Sources */ = {isa = PBXBuildFile; fileRef = E3858F732BDA479100078CDD /* SelectPersonNumAlert.swift */; };
		E3858F762BDA4ED000078CDD /* NumberCell.swift in Sources */ = {isa = PBXBuildFile; fileRef = E3858F752BDA4ED000078CDD /* NumberCell.swift */; };
		E39375422B4FC64E00BF87F8 /* DeskListController.swift in Sources */ = {isa = PBXBuildFile; fileRef = E39375412B4FC64E00BF87F8 /* DeskListController.swift */; };
		E39375452B4FC9F800BF87F8 /* DeskListHeadView.swift in Sources */ = {isa = PBXBuildFile; fileRef = E39375442B4FC9F800BF87F8 /* DeskListHeadView.swift */; };
		E39375482B4FDB9500BF87F8 /* DeskCell.swift in Sources */ = {isa = PBXBuildFile; fileRef = E39375472B4FDB9500BF87F8 /* DeskCell.swift */; };
		E393754C2B51447200BF87F8 /* DeskModel.swift in Sources */ = {isa = PBXBuildFile; fileRef = E393754B2B51447200BF87F8 /* DeskModel.swift */; };
		E393754F2B526AD200BF87F8 /* DishListController.swift in Sources */ = {isa = PBXBuildFile; fileRef = E393754E2B526AD200BF87F8 /* DishListController.swift */; };
		E39375522B526DFF00BF87F8 /* ScreenBut.swift in Sources */ = {isa = PBXBuildFile; fileRef = E39375512B526DFF00BF87F8 /* ScreenBut.swift */; };
		E39375542B52717900BF87F8 /* CartConfirmView.swift in Sources */ = {isa = PBXBuildFile; fileRef = E39375532B52717900BF87F8 /* CartConfirmView.swift */; };
		E39375572B52786800BF87F8 /* DishCell.swift in Sources */ = {isa = PBXBuildFile; fileRef = E39375562B52786800BF87F8 /* DishCell.swift */; };
		E393755A2B52874400BF87F8 /* DishModel.swift in Sources */ = {isa = PBXBuildFile; fileRef = E39375592B52874400BF87F8 /* DishModel.swift */; };
		E393755C2B52907000BF87F8 /* ScreenView.swift in Sources */ = {isa = PBXBuildFile; fileRef = E393755B2B52907000BF87F8 /* ScreenView.swift */; };
		E393755E2B54D80E00BF87F8 /* KeyCell.swift in Sources */ = {isa = PBXBuildFile; fileRef = E393755D2B54D80E00BF87F8 /* KeyCell.swift */; };
		E39375602B550C8600BF87F8 /* GroupModel.swift in Sources */ = {isa = PBXBuildFile; fileRef = E393755F2B550C8600BF87F8 /* GroupModel.swift */; };
		E39375622B55141F00BF87F8 /* GroupCell.swift in Sources */ = {isa = PBXBuildFile; fileRef = E39375612B55141F00BF87F8 /* GroupCell.swift */; };
		E39375642B561A9C00BF87F8 /* DishesKeyWordsCell.swift in Sources */ = {isa = PBXBuildFile; fileRef = E39375632B561A9C00BF87F8 /* DishesKeyWordsCell.swift */; };
		E39375662B5665C300BF87F8 /* DishDetailView.swift in Sources */ = {isa = PBXBuildFile; fileRef = E39375652B5665C300BF87F8 /* DishDetailView.swift */; };
		E39375682B56808A00BF87F8 /* DishDetailNameCell.swift in Sources */ = {isa = PBXBuildFile; fileRef = E39375672B56808A00BF87F8 /* DishDetailNameCell.swift */; };
		E393756A2B56854300BF87F8 /* DishDetailCountCell.swift in Sources */ = {isa = PBXBuildFile; fileRef = E39375692B56854300BF87F8 /* DishDetailCountCell.swift */; };
		E393756C2B5689F300BF87F8 /* CountSelectView.swift in Sources */ = {isa = PBXBuildFile; fileRef = E393756B2B5689F300BF87F8 /* CountSelectView.swift */; };
		E393756E2B57748800BF87F8 /* DishDetailAllregenCell.swift in Sources */ = {isa = PBXBuildFile; fileRef = E393756D2B57748800BF87F8 /* DishDetailAllregenCell.swift */; };
		E39375722B577B6000BF87F8 /* DishDetailSpecAndComboCell.swift in Sources */ = {isa = PBXBuildFile; fileRef = E39375712B577B6000BF87F8 /* DishDetailSpecAndComboCell.swift */; };
		E39375742B57B0A500BF87F8 /* AttachModel.swift in Sources */ = {isa = PBXBuildFile; fileRef = E39375732B57B0A500BF87F8 /* AttachModel.swift */; };
		E39375762B57B6DD00BF87F8 /* DishDetailAttachCell.swift in Sources */ = {isa = PBXBuildFile; fileRef = E39375752B57B6DD00BF87F8 /* DishDetailAttachCell.swift */; };
		E39375782B58BF5400BF87F8 /* CartView.swift in Sources */ = {isa = PBXBuildFile; fileRef = E39375772B58BF5400BF87F8 /* CartView.swift */; };
		E393757A2B58C87C00BF87F8 /* CartDishModel.swift in Sources */ = {isa = PBXBuildFile; fileRef = E39375792B58C87C00BF87F8 /* CartDishModel.swift */; };
		E393757C2B5A080200BF87F8 /* CartJiaoQiCell.swift in Sources */ = {isa = PBXBuildFile; fileRef = E393757B2B5A080200BF87F8 /* CartJiaoQiCell.swift */; };
		E393757E2B5A0A6800BF87F8 /* CartDishCell.swift in Sources */ = {isa = PBXBuildFile; fileRef = E393757D2B5A0A6800BF87F8 /* CartDishCell.swift */; };
		E39375802B5A0BF900BF87F8 /* CartDishInfoCell.swift in Sources */ = {isa = PBXBuildFile; fileRef = E393757F2B5A0BF900BF87F8 /* CartDishInfoCell.swift */; };
		E39375822B5A106900BF87F8 /* CartDishSelectItemCell.swift in Sources */ = {isa = PBXBuildFile; fileRef = E39375812B5A106900BF87F8 /* CartDishSelectItemCell.swift */; };
		E39375842B5A108D00BF87F8 /* CartDishAttachItemCell.swift in Sources */ = {isa = PBXBuildFile; fileRef = E39375832B5A108D00BF87F8 /* CartDishAttachItemCell.swift */; };
		E3B056872C0DABF80005D15C /* DishListHeaderView.swift in Sources */ = {isa = PBXBuildFile; fileRef = E3B056862C0DABF80005D15C /* DishListHeaderView.swift */; };
		E3B056892C107D220005D15C /* StoreListView.swift in Sources */ = {isa = PBXBuildFile; fileRef = E3B056882C107D220005D15C /* StoreListView.swift */; };
		E3B0568B2C107D360005D15C /* WaiterListView.swift in Sources */ = {isa = PBXBuildFile; fileRef = E3B0568A2C107D360005D15C /* WaiterListView.swift */; };
		E3B0568D2C1083CE0005D15C /* TitleCell.swift in Sources */ = {isa = PBXBuildFile; fileRef = E3B0568C2C1083CE0005D15C /* TitleCell.swift */; };
		E3B642422A1CB2C600B7530A /* CollectionPageFlowLayout.swift in Sources */ = {isa = PBXBuildFile; fileRef = E3B6423E2A1CB2C600B7530A /* CollectionPageFlowLayout.swift */; };
		E3B642432A1CB2C600B7530A /* XYPhotoBrower.swift in Sources */ = {isa = PBXBuildFile; fileRef = E3B6423F2A1CB2C600B7530A /* XYPhotoBrower.swift */; };
		E3B642442A1CB2C600B7530A /* CollectionViewCell.swift in Sources */ = {isa = PBXBuildFile; fileRef = E3B642402A1CB2C600B7530A /* CollectionViewCell.swift */; };
		E3B642452A1CB2C600B7530A /* ShowImageView.swift in Sources */ = {isa = PBXBuildFile; fileRef = E3B642412A1CB2C600B7530A /* ShowImageView.swift */; };
		E3DE48BC2774163D00F3DCCD /* DateTool.swift in Sources */ = {isa = PBXBuildFile; fileRef = E3DE48BB2774163D00F3DCCD /* DateTool.swift */; };
		E3F82A252873D952005E5FAB /* TKImageView.m in Sources */ = {isa = PBXBuildFile; fileRef = E3F82A242873D952005E5FAB /* TKImageView.m */; };
		E3F82A272873DAC2005E5FAB /* CropImageController.swift in Sources */ = {isa = PBXBuildFile; fileRef = E3F82A262873DAC2005E5FAB /* CropImageController.swift */; };
		E3F82A2B28741C23005E5FAB /* DeviceID.m in Sources */ = {isa = PBXBuildFile; fileRef = E3F82A2928741C23005E5FAB /* DeviceID.m */; };
		EBB06E3C4BF9C84DC6055E4A /* Pods_CLICK_STests.framework in Frameworks */ = {isa = PBXBuildFile; fileRef = FAA28D856ECB2F1559FBB33E /* Pods_CLICK_STests.framework */; };
/* End PBXBuildFile section */

/* Begin PBXContainerItemProxy section */
		E305E88D26DF0EC900AAB580 /* PBXContainerItemProxy */ = {
			isa = PBXContainerItemProxy;
			containerPortal = E305E86E26DF0EC700AAB580 /* Project object */;
			proxyType = 1;
			remoteGlobalIDString = E305E87526DF0EC700AAB580;
			remoteInfo = CLICK_S;
		};
		E305E89826DF0EC900AAB580 /* PBXContainerItemProxy */ = {
			isa = PBXContainerItemProxy;
			containerPortal = E305E86E26DF0EC700AAB580 /* Project object */;
			proxyType = 1;
			remoteGlobalIDString = E305E87526DF0EC700AAB580;
			remoteInfo = CLICK_S;
		};
/* End PBXContainerItemProxy section */

/* Begin PBXFileReference section */
		0086AF162744C814E204C56C /* Pods-CLICK_S.debug.xcconfig */ = {isa = PBXFileReference; includeInIndex = 1; lastKnownFileType = text.xcconfig; name = "Pods-CLICK_S.debug.xcconfig"; path = "Target Support Files/Pods-CLICK_S/Pods-CLICK_S.debug.xcconfig"; sourceTree = "<group>"; };
		0F7C908A516E9F1D6347BF73 /* Pods-CLICK_STests.release.xcconfig */ = {isa = PBXFileReference; includeInIndex = 1; lastKnownFileType = text.xcconfig; name = "Pods-CLICK_STests.release.xcconfig"; path = "Target Support Files/Pods-CLICK_STests/Pods-CLICK_STests.release.xcconfig"; sourceTree = "<group>"; };
		242305B9C53FE1834B84891B /* Pods_CLICK_S_CLICK_SUITests.framework */ = {isa = PBXFileReference; explicitFileType = wrapper.framework; includeInIndex = 0; path = Pods_CLICK_S_CLICK_SUITests.framework; sourceTree = BUILT_PRODUCTS_DIR; };
		36C376C62B40E001B326F421 /* Pods_CLICK_S.framework */ = {isa = PBXFileReference; explicitFileType = wrapper.framework; includeInIndex = 0; path = Pods_CLICK_S.framework; sourceTree = BUILT_PRODUCTS_DIR; };
		4C038725FD9DCE8E059D3B33 /* Pods-CLICK_S-CLICK_SUITests.release.xcconfig */ = {isa = PBXFileReference; includeInIndex = 1; lastKnownFileType = text.xcconfig; name = "Pods-CLICK_S-CLICK_SUITests.release.xcconfig"; path = "Target Support Files/Pods-CLICK_S-CLICK_SUITests/Pods-CLICK_S-CLICK_SUITests.release.xcconfig"; sourceTree = "<group>"; };
		56954390178E1F9A4C21C34C /* Pods-CLICK_S-CLICK_SUITests.debug.xcconfig */ = {isa = PBXFileReference; includeInIndex = 1; lastKnownFileType = text.xcconfig; name = "Pods-CLICK_S-CLICK_SUITests.debug.xcconfig"; path = "Target Support Files/Pods-CLICK_S-CLICK_SUITests/Pods-CLICK_S-CLICK_SUITests.debug.xcconfig"; sourceTree = "<group>"; };
		AF373789880E7E18294C3EC8 /* Pods-CLICK_STests.debug.xcconfig */ = {isa = PBXFileReference; includeInIndex = 1; lastKnownFileType = text.xcconfig; name = "Pods-CLICK_STests.debug.xcconfig"; path = "Target Support Files/Pods-CLICK_STests/Pods-CLICK_STests.debug.xcconfig"; sourceTree = "<group>"; };
		E305E87626DF0EC700AAB580 /* CLICK_S.app */ = {isa = PBXFileReference; explicitFileType = wrapper.application; includeInIndex = 0; path = CLICK_S.app; sourceTree = BUILT_PRODUCTS_DIR; };
		E305E87926DF0EC700AAB580 /* AppDelegate.swift */ = {isa = PBXFileReference; lastKnownFileType = sourcecode.swift; path = AppDelegate.swift; sourceTree = "<group>"; };
		E305E88026DF0EC700AAB580 /* Base */ = {isa = PBXFileReference; lastKnownFileType = file.storyboard; name = Base; path = Base.lproj/Main.storyboard; sourceTree = "<group>"; };
		E305E88226DF0EC800AAB580 /* Assets.xcassets */ = {isa = PBXFileReference; lastKnownFileType = folder.assetcatalog; path = Assets.xcassets; sourceTree = "<group>"; };
		E305E88526DF0EC800AAB580 /* Base */ = {isa = PBXFileReference; lastKnownFileType = file.storyboard; name = Base; path = Base.lproj/LaunchScreen.storyboard; sourceTree = "<group>"; };
		E305E88726DF0EC800AAB580 /* Info.plist */ = {isa = PBXFileReference; lastKnownFileType = text.plist.xml; path = Info.plist; sourceTree = "<group>"; };
		E305E88C26DF0EC900AAB580 /* CLICK_STests.xctest */ = {isa = PBXFileReference; explicitFileType = wrapper.cfbundle; includeInIndex = 0; path = CLICK_STests.xctest; sourceTree = BUILT_PRODUCTS_DIR; };
		E305E89026DF0EC900AAB580 /* CLICK_STests.swift */ = {isa = PBXFileReference; lastKnownFileType = sourcecode.swift; path = CLICK_STests.swift; sourceTree = "<group>"; };
		E305E89226DF0EC900AAB580 /* Info.plist */ = {isa = PBXFileReference; lastKnownFileType = text.plist.xml; path = Info.plist; sourceTree = "<group>"; };
		E305E89726DF0EC900AAB580 /* CLICK_SUITests.xctest */ = {isa = PBXFileReference; explicitFileType = wrapper.cfbundle; includeInIndex = 0; path = CLICK_SUITests.xctest; sourceTree = BUILT_PRODUCTS_DIR; };
		E305E89B26DF0EC900AAB580 /* CLICK_SUITests.swift */ = {isa = PBXFileReference; lastKnownFileType = sourcecode.swift; path = CLICK_SUITests.swift; sourceTree = "<group>"; };
		E305E89D26DF0EC900AAB580 /* Info.plist */ = {isa = PBXFileReference; lastKnownFileType = text.plist.xml; path = Info.plist; sourceTree = "<group>"; };
		E305E8A926DF125C00AAB580 /* CLICK_S-Bridging-Header.h */ = {isa = PBXFileReference; lastKnownFileType = sourcecode.c.h; path = "CLICK_S-Bridging-Header.h"; sourceTree = "<group>"; };
		E305E8B026DF131C00AAB580 /* ProjectHeader.swift */ = {isa = PBXFileReference; fileEncoding = 4; lastKnownFileType = sourcecode.swift; path = ProjectHeader.swift; sourceTree = "<group>"; };
		E305E8B326DF133000AAB580 /* GestureCollectionView.swift */ = {isa = PBXFileReference; fileEncoding = 4; lastKnownFileType = sourcecode.swift; path = GestureCollectionView.swift; sourceTree = "<group>"; };
		E305E8B426DF133000AAB580 /* BaseViewController.swift */ = {isa = PBXFileReference; fileEncoding = 4; lastKnownFileType = sourcecode.swift; path = BaseViewController.swift; sourceTree = "<group>"; };
		E305E8B526DF133000AAB580 /* BaseTableViewCell.swift */ = {isa = PBXFileReference; fileEncoding = 4; lastKnownFileType = sourcecode.swift; path = BaseTableViewCell.swift; sourceTree = "<group>"; };
		E305E8B626DF133000AAB580 /* GestureTableView.swift */ = {isa = PBXFileReference; fileEncoding = 4; lastKnownFileType = sourcecode.swift; path = GestureTableView.swift; sourceTree = "<group>"; };
		E305E8B726DF133000AAB580 /* BaseAlertView.swift */ = {isa = PBXFileReference; fileEncoding = 4; lastKnownFileType = sourcecode.swift; path = BaseAlertView.swift; sourceTree = "<group>"; };
		E305E8C226DF133D00AAB580 /* LTSimpleManager.swift */ = {isa = PBXFileReference; fileEncoding = 4; lastKnownFileType = sourcecode.swift; path = LTSimpleManager.swift; sourceTree = "<group>"; };
		E305E8C326DF133D00AAB580 /* LTCollectionFlowLayout.swift */ = {isa = PBXFileReference; fileEncoding = 4; lastKnownFileType = sourcecode.swift; path = LTCollectionFlowLayout.swift; sourceTree = "<group>"; };
		E305E8C426DF133D00AAB580 /* LTDispatchQueue.swift */ = {isa = PBXFileReference; fileEncoding = 4; lastKnownFileType = sourcecode.swift; path = LTDispatchQueue.swift; sourceTree = "<group>"; };
		E305E8C526DF133D00AAB580 /* LTAdvancedManager.swift */ = {isa = PBXFileReference; fileEncoding = 4; lastKnownFileType = sourcecode.swift; path = LTAdvancedManager.swift; sourceTree = "<group>"; };
		E305E8C626DF133D00AAB580 /* LTLayout.swift */ = {isa = PBXFileReference; fileEncoding = 4; lastKnownFileType = sourcecode.swift; path = LTLayout.swift; sourceTree = "<group>"; };
		E305E8C726DF133D00AAB580 /* LTTableViewProtocal.swift */ = {isa = PBXFileReference; fileEncoding = 4; lastKnownFileType = sourcecode.swift; path = LTTableViewProtocal.swift; sourceTree = "<group>"; };
		E305E8C826DF133D00AAB580 /* LTPageTitleView.swift */ = {isa = PBXFileReference; fileEncoding = 4; lastKnownFileType = sourcecode.swift; path = LTPageTitleView.swift; sourceTree = "<group>"; };
		E305E8C926DF133D00AAB580 /* LTPageView.swift */ = {isa = PBXFileReference; fileEncoding = 4; lastKnownFileType = sourcecode.swift; path = LTPageView.swift; sourceTree = "<group>"; };
		E305E8CA26DF133D00AAB580 /* LTVCExtension.swift */ = {isa = PBXFileReference; fileEncoding = 4; lastKnownFileType = sourcecode.swift; path = LTVCExtension.swift; sourceTree = "<group>"; };
		E305E8CB26DF133D00AAB580 /* LTScrollExtension.swift */ = {isa = PBXFileReference; fileEncoding = 4; lastKnownFileType = sourcecode.swift; path = LTScrollExtension.swift; sourceTree = "<group>"; };
		E305E8CC26DF133D00AAB580 /* LTTableView.swift */ = {isa = PBXFileReference; fileEncoding = 4; lastKnownFileType = sourcecode.swift; path = LTTableView.swift; sourceTree = "<group>"; };
		E305E8CE26DF133D00AAB580 /* Extension.swift */ = {isa = PBXFileReference; fileEncoding = 4; lastKnownFileType = sourcecode.swift; path = Extension.swift; sourceTree = "<group>"; };
		E305E8D026DF133D00AAB580 /* SDPhotoBrowserConfig.h */ = {isa = PBXFileReference; fileEncoding = 4; lastKnownFileType = sourcecode.c.h; path = SDPhotoBrowserConfig.h; sourceTree = "<group>"; };
		E305E8D126DF133D00AAB580 /* SDPhotoBrowser.m */ = {isa = PBXFileReference; fileEncoding = 4; lastKnownFileType = sourcecode.c.objc; path = SDPhotoBrowser.m; sourceTree = "<group>"; };
		E305E8D226DF133D00AAB580 /* SDWaitingView.m */ = {isa = PBXFileReference; fileEncoding = 4; lastKnownFileType = sourcecode.c.objc; path = SDWaitingView.m; sourceTree = "<group>"; };
		E305E8D326DF133D00AAB580 /* SDBrowserImageView.m */ = {isa = PBXFileReference; fileEncoding = 4; lastKnownFileType = sourcecode.c.objc; path = SDBrowserImageView.m; sourceTree = "<group>"; };
		E305E8D426DF133D00AAB580 /* SDWaitingView.h */ = {isa = PBXFileReference; fileEncoding = 4; lastKnownFileType = sourcecode.c.h; path = SDWaitingView.h; sourceTree = "<group>"; };
		E305E8D526DF133D00AAB580 /* SDPhotoBrowser.h */ = {isa = PBXFileReference; fileEncoding = 4; lastKnownFileType = sourcecode.c.h; path = SDPhotoBrowser.h; sourceTree = "<group>"; };
		E305E8D626DF133D00AAB580 /* SDBrowserImageView.h */ = {isa = PBXFileReference; fileEncoding = 4; lastKnownFileType = sourcecode.c.h; path = SDBrowserImageView.h; sourceTree = "<group>"; };
		E305E8D826DF133D00AAB580 /* Protocol.swift */ = {isa = PBXFileReference; fileEncoding = 4; lastKnownFileType = sourcecode.swift; path = Protocol.swift; sourceTree = "<group>"; };
		E305E8DB26DF133D00AAB580 /* HUDManager_MB.swift */ = {isa = PBXFileReference; fileEncoding = 4; lastKnownFileType = sourcecode.swift; path = HUDManager_MB.swift; sourceTree = "<group>"; };
		E305E8DC26DF133D00AAB580 /* HUD_MB.bundle */ = {isa = PBXFileReference; lastKnownFileType = "wrapper.plug-in"; path = HUD_MB.bundle; sourceTree = "<group>"; };
		E305E8DD26DF133D00AAB580 /* NoDataView.swift */ = {isa = PBXFileReference; fileEncoding = 4; lastKnownFileType = sourcecode.swift; path = NoDataView.swift; sourceTree = "<group>"; };
		E305E8DE26DF133D00AAB580 /* CartManager.swift */ = {isa = PBXFileReference; fileEncoding = 4; lastKnownFileType = sourcecode.swift; path = CartManager.swift; sourceTree = "<group>"; };
		E305E8E126DF133D00AAB580 /* PJCUtil.swift */ = {isa = PBXFileReference; fileEncoding = 4; lastKnownFileType = sourcecode.swift; path = PJCUtil.swift; sourceTree = "<group>"; };
		E305E8E226DF133D00AAB580 /* SearchManager.swift */ = {isa = PBXFileReference; fileEncoding = 4; lastKnownFileType = sourcecode.swift; path = SearchManager.swift; sourceTree = "<group>"; };
		E305E8FD26DF134800AAB580 /* ApiManager.swift */ = {isa = PBXFileReference; fileEncoding = 4; lastKnownFileType = sourcecode.swift; path = ApiManager.swift; sourceTree = "<group>"; };
		E305E8FE26DF134800AAB580 /* HttpTool.swift */ = {isa = PBXFileReference; fileEncoding = 4; lastKnownFileType = sourcecode.swift; path = HttpTool.swift; sourceTree = "<group>"; };
		E305E90126DF146E00AAB580 /* MainNaviController.swift */ = {isa = PBXFileReference; fileEncoding = 4; lastKnownFileType = sourcecode.swift; path = MainNaviController.swift; sourceTree = "<group>"; };
		E305E90726DF154600AAB580 /* LogInController.swift */ = {isa = PBXFileReference; fileEncoding = 4; lastKnownFileType = sourcecode.swift; path = LogInController.swift; sourceTree = "<group>"; };
		E305E90926DF158400AAB580 /* LoginBottomView.swift */ = {isa = PBXFileReference; fileEncoding = 4; lastKnownFileType = sourcecode.swift; path = LoginBottomView.swift; sourceTree = "<group>"; };
		E310507E26E864B900C223C1 /* CLICK_S.entitlements */ = {isa = PBXFileReference; lastKnownFileType = text.plist.entitlements; path = CLICK_S.entitlements; sourceTree = "<group>"; };
		E3250B812B6A4AE7002AF9C7 /* VersionAlert.swift */ = {isa = PBXFileReference; lastKnownFileType = sourcecode.swift; path = VersionAlert.swift; sourceTree = "<group>"; };
		E32AE75A2B5A160800D8D943 /* CartDishFreeCell.swift */ = {isa = PBXFileReference; lastKnownFileType = sourcecode.swift; path = CartDishFreeCell.swift; sourceTree = "<group>"; };
		E32AE75D2B5E005100D8D943 /* DeskOrderListController.swift */ = {isa = PBXFileReference; lastKnownFileType = sourcecode.swift; path = DeskOrderListController.swift; sourceTree = "<group>"; };
		E32AE7602B5E12AB00D8D943 /* OrderModel.swift */ = {isa = PBXFileReference; lastKnownFileType = sourcecode.swift; path = OrderModel.swift; sourceTree = "<group>"; };
		E32AE7642B5E15B800D8D943 /* OrderHeaderCell.swift */ = {isa = PBXFileReference; lastKnownFileType = sourcecode.swift; path = OrderHeaderCell.swift; sourceTree = "<group>"; };
		E32AE7662B5E1CA100D8D943 /* OrderFooderCell.swift */ = {isa = PBXFileReference; lastKnownFileType = sourcecode.swift; path = OrderFooderCell.swift; sourceTree = "<group>"; };
		E32AE7682B5E437700D8D943 /* OrderDishModel.swift */ = {isa = PBXFileReference; lastKnownFileType = sourcecode.swift; path = OrderDishModel.swift; sourceTree = "<group>"; };
		E32AE76A2B5E4EF400D8D943 /* OrderDishCell.swift */ = {isa = PBXFileReference; lastKnownFileType = sourcecode.swift; path = OrderDishCell.swift; sourceTree = "<group>"; };
		E32AE76C2B5E50CF00D8D943 /* OrderDishInfoCell.swift */ = {isa = PBXFileReference; lastKnownFileType = sourcecode.swift; path = OrderDishInfoCell.swift; sourceTree = "<group>"; };
		E32AE76E2B5E55C000D8D943 /* OrderDishSelectItemCell.swift */ = {isa = PBXFileReference; lastKnownFileType = sourcecode.swift; path = OrderDishSelectItemCell.swift; sourceTree = "<group>"; };
		E32AE7702B5E591100D8D943 /* OrderDishAttatchItemCell.swift */ = {isa = PBXFileReference; lastKnownFileType = sourcecode.swift; path = OrderDishAttatchItemCell.swift; sourceTree = "<group>"; };
		E32AE7722B5E5BE800D8D943 /* OrderDishFreeCell.swift */ = {isa = PBXFileReference; lastKnownFileType = sourcecode.swift; path = OrderDishFreeCell.swift; sourceTree = "<group>"; };
		E32AE7742B5E619C00D8D943 /* FirstSideToolView.swift */ = {isa = PBXFileReference; lastKnownFileType = sourcecode.swift; path = FirstSideToolView.swift; sourceTree = "<group>"; };
		E32AE7762B5E709B00D8D943 /* OrderSuccessController.swift */ = {isa = PBXFileReference; lastKnownFileType = sourcecode.swift; path = OrderSuccessController.swift; sourceTree = "<group>"; };
		E3386CA82791558400CBD42C /* XYViewController.swift */ = {isa = PBXFileReference; lastKnownFileType = sourcecode.swift; path = XYViewController.swift; sourceTree = "<group>"; };
		E3386CAA2791739600CBD42C /* voice_order_pay_succeed.mp3 */ = {isa = PBXFileReference; lastKnownFileType = audio.mp3; path = voice_order_pay_succeed.mp3; sourceTree = "<group>"; };
		E3386CAC27917BA800CBD42C /* 收到红包.mp3 */ = {isa = PBXFileReference; lastKnownFileType = audio.mp3; path = "收到红包.mp3"; sourceTree = "<group>"; };
		E344902E2BBC0C2D0088F537 /* AddBut.swift */ = {isa = PBXFileReference; lastKnownFileType = sourcecode.swift; path = AddBut.swift; sourceTree = "<group>"; };
		E34490302BBCFB0E0088F537 /* CodeBut.swift */ = {isa = PBXFileReference; lastKnownFileType = sourcecode.swift; path = CodeBut.swift; sourceTree = "<group>"; };
		E34490322BBCFE770088F537 /* CodeView.swift */ = {isa = PBXFileReference; lastKnownFileType = sourcecode.swift; path = CodeView.swift; sourceTree = "<group>"; };
		E36B20112C19C195000839BE /* PasswordAlert.swift */ = {isa = PBXFileReference; lastKnownFileType = sourcecode.swift; path = PasswordAlert.swift; sourceTree = "<group>"; };
		E370093A2C33CB9D0037E433 /* LBXPermissions.swift */ = {isa = PBXFileReference; fileEncoding = 4; lastKnownFileType = sourcecode.swift; path = LBXPermissions.swift; sourceTree = "<group>"; };
		E370093B2C33CB9D0037E433 /* LBXScanLineAnimation.swift */ = {isa = PBXFileReference; fileEncoding = 4; lastKnownFileType = sourcecode.swift; path = LBXScanLineAnimation.swift; sourceTree = "<group>"; };
		E370093C2C33CB9D0037E433 /* LBXScanNetAnimation.swift */ = {isa = PBXFileReference; fileEncoding = 4; lastKnownFileType = sourcecode.swift; path = LBXScanNetAnimation.swift; sourceTree = "<group>"; };
		E370093D2C33CB9D0037E433 /* LBXScanView.swift */ = {isa = PBXFileReference; fileEncoding = 4; lastKnownFileType = sourcecode.swift; path = LBXScanView.swift; sourceTree = "<group>"; };
		E370093E2C33CB9D0037E433 /* LBXScanViewController.swift */ = {isa = PBXFileReference; fileEncoding = 4; lastKnownFileType = sourcecode.swift; path = LBXScanViewController.swift; sourceTree = "<group>"; };
		E370093F2C33CB9D0037E433 /* LBXScanViewStyle.swift */ = {isa = PBXFileReference; fileEncoding = 4; lastKnownFileType = sourcecode.swift; path = LBXScanViewStyle.swift; sourceTree = "<group>"; };
		E37009402C33CB9D0037E433 /* LBXScanWrapper.swift */ = {isa = PBXFileReference; fileEncoding = 4; lastKnownFileType = sourcecode.swift; path = LBXScanWrapper.swift; sourceTree = "<group>"; };
		E37009422C33CB9D0037E433 /* CodeScan.bundle */ = {isa = PBXFileReference; lastKnownFileType = "wrapper.plug-in"; path = CodeScan.bundle; sourceTree = "<group>"; };
		E37009432C33CB9D0037E433 /* ScanViewController.swift */ = {isa = PBXFileReference; fileEncoding = 4; lastKnownFileType = sourcecode.swift; path = ScanViewController.swift; sourceTree = "<group>"; };
		E370094E2C33CD4F0037E433 /* UserVipView.swift */ = {isa = PBXFileReference; lastKnownFileType = sourcecode.swift; path = UserVipView.swift; sourceTree = "<group>"; };
		E3858F6F2BCE4EEE00078CDD /* ClassifyModel.swift */ = {isa = PBXFileReference; lastKnownFileType = sourcecode.swift; path = ClassifyModel.swift; sourceTree = "<group>"; };
		E3858F712BD8A91C00078CDD /* DishCollCell.swift */ = {isa = PBXFileReference; lastKnownFileType = sourcecode.swift; path = DishCollCell.swift; sourceTree = "<group>"; };
		E3858F732BDA479100078CDD /* SelectPersonNumAlert.swift */ = {isa = PBXFileReference; lastKnownFileType = sourcecode.swift; path = SelectPersonNumAlert.swift; sourceTree = "<group>"; };
		E3858F752BDA4ED000078CDD /* NumberCell.swift */ = {isa = PBXFileReference; lastKnownFileType = sourcecode.swift; path = NumberCell.swift; sourceTree = "<group>"; };
		E39375412B4FC64E00BF87F8 /* DeskListController.swift */ = {isa = PBXFileReference; lastKnownFileType = sourcecode.swift; path = DeskListController.swift; sourceTree = "<group>"; };
		E39375442B4FC9F800BF87F8 /* DeskListHeadView.swift */ = {isa = PBXFileReference; lastKnownFileType = sourcecode.swift; path = DeskListHeadView.swift; sourceTree = "<group>"; };
		E39375472B4FDB9500BF87F8 /* DeskCell.swift */ = {isa = PBXFileReference; lastKnownFileType = sourcecode.swift; path = DeskCell.swift; sourceTree = "<group>"; };
		E393754B2B51447200BF87F8 /* DeskModel.swift */ = {isa = PBXFileReference; lastKnownFileType = sourcecode.swift; path = DeskModel.swift; sourceTree = "<group>"; };
		E393754E2B526AD200BF87F8 /* DishListController.swift */ = {isa = PBXFileReference; lastKnownFileType = sourcecode.swift; path = DishListController.swift; sourceTree = "<group>"; };
		E39375512B526DFF00BF87F8 /* ScreenBut.swift */ = {isa = PBXFileReference; lastKnownFileType = sourcecode.swift; path = ScreenBut.swift; sourceTree = "<group>"; };
		E39375532B52717900BF87F8 /* CartConfirmView.swift */ = {isa = PBXFileReference; lastKnownFileType = sourcecode.swift; path = CartConfirmView.swift; sourceTree = "<group>"; };
		E39375562B52786800BF87F8 /* DishCell.swift */ = {isa = PBXFileReference; lastKnownFileType = sourcecode.swift; path = DishCell.swift; sourceTree = "<group>"; };
		E39375592B52874400BF87F8 /* DishModel.swift */ = {isa = PBXFileReference; lastKnownFileType = sourcecode.swift; path = DishModel.swift; sourceTree = "<group>"; };
		E393755B2B52907000BF87F8 /* ScreenView.swift */ = {isa = PBXFileReference; lastKnownFileType = sourcecode.swift; path = ScreenView.swift; sourceTree = "<group>"; };
		E393755D2B54D80E00BF87F8 /* KeyCell.swift */ = {isa = PBXFileReference; lastKnownFileType = sourcecode.swift; path = KeyCell.swift; sourceTree = "<group>"; };
		E393755F2B550C8600BF87F8 /* GroupModel.swift */ = {isa = PBXFileReference; lastKnownFileType = sourcecode.swift; path = GroupModel.swift; sourceTree = "<group>"; };
		E39375612B55141F00BF87F8 /* GroupCell.swift */ = {isa = PBXFileReference; lastKnownFileType = sourcecode.swift; path = GroupCell.swift; sourceTree = "<group>"; };
		E39375632B561A9C00BF87F8 /* DishesKeyWordsCell.swift */ = {isa = PBXFileReference; lastKnownFileType = sourcecode.swift; path = DishesKeyWordsCell.swift; sourceTree = "<group>"; };
		E39375652B5665C300BF87F8 /* DishDetailView.swift */ = {isa = PBXFileReference; lastKnownFileType = sourcecode.swift; path = DishDetailView.swift; sourceTree = "<group>"; };
		E39375672B56808A00BF87F8 /* DishDetailNameCell.swift */ = {isa = PBXFileReference; lastKnownFileType = sourcecode.swift; path = DishDetailNameCell.swift; sourceTree = "<group>"; };
		E39375692B56854300BF87F8 /* DishDetailCountCell.swift */ = {isa = PBXFileReference; lastKnownFileType = sourcecode.swift; path = DishDetailCountCell.swift; sourceTree = "<group>"; };
		E393756B2B5689F300BF87F8 /* CountSelectView.swift */ = {isa = PBXFileReference; lastKnownFileType = sourcecode.swift; path = CountSelectView.swift; sourceTree = "<group>"; };
		E393756D2B57748800BF87F8 /* DishDetailAllregenCell.swift */ = {isa = PBXFileReference; lastKnownFileType = sourcecode.swift; path = DishDetailAllregenCell.swift; sourceTree = "<group>"; };
		E39375712B577B6000BF87F8 /* DishDetailSpecAndComboCell.swift */ = {isa = PBXFileReference; lastKnownFileType = sourcecode.swift; path = DishDetailSpecAndComboCell.swift; sourceTree = "<group>"; };
		E39375732B57B0A500BF87F8 /* AttachModel.swift */ = {isa = PBXFileReference; lastKnownFileType = sourcecode.swift; path = AttachModel.swift; sourceTree = "<group>"; };
		E39375752B57B6DD00BF87F8 /* DishDetailAttachCell.swift */ = {isa = PBXFileReference; lastKnownFileType = sourcecode.swift; path = DishDetailAttachCell.swift; sourceTree = "<group>"; };
		E39375772B58BF5400BF87F8 /* CartView.swift */ = {isa = PBXFileReference; lastKnownFileType = sourcecode.swift; path = CartView.swift; sourceTree = "<group>"; };
		E39375792B58C87C00BF87F8 /* CartDishModel.swift */ = {isa = PBXFileReference; lastKnownFileType = sourcecode.swift; path = CartDishModel.swift; sourceTree = "<group>"; };
		E393757B2B5A080200BF87F8 /* CartJiaoQiCell.swift */ = {isa = PBXFileReference; lastKnownFileType = sourcecode.swift; path = CartJiaoQiCell.swift; sourceTree = "<group>"; };
		E393757D2B5A0A6800BF87F8 /* CartDishCell.swift */ = {isa = PBXFileReference; lastKnownFileType = sourcecode.swift; path = CartDishCell.swift; sourceTree = "<group>"; };
		E393757F2B5A0BF900BF87F8 /* CartDishInfoCell.swift */ = {isa = PBXFileReference; lastKnownFileType = sourcecode.swift; path = CartDishInfoCell.swift; sourceTree = "<group>"; };
		E39375812B5A106900BF87F8 /* CartDishSelectItemCell.swift */ = {isa = PBXFileReference; lastKnownFileType = sourcecode.swift; path = CartDishSelectItemCell.swift; sourceTree = "<group>"; };
		E39375832B5A108D00BF87F8 /* CartDishAttachItemCell.swift */ = {isa = PBXFileReference; lastKnownFileType = sourcecode.swift; path = CartDishAttachItemCell.swift; sourceTree = "<group>"; };
		E3B056862C0DABF80005D15C /* DishListHeaderView.swift */ = {isa = PBXFileReference; lastKnownFileType = sourcecode.swift; path = DishListHeaderView.swift; sourceTree = "<group>"; };
		E3B056882C107D220005D15C /* StoreListView.swift */ = {isa = PBXFileReference; lastKnownFileType = sourcecode.swift; path = StoreListView.swift; sourceTree = "<group>"; };
		E3B0568A2C107D360005D15C /* WaiterListView.swift */ = {isa = PBXFileReference; lastKnownFileType = sourcecode.swift; path = WaiterListView.swift; sourceTree = "<group>"; };
		E3B0568C2C1083CE0005D15C /* TitleCell.swift */ = {isa = PBXFileReference; lastKnownFileType = sourcecode.swift; path = TitleCell.swift; sourceTree = "<group>"; };
		E3B6423E2A1CB2C600B7530A /* CollectionPageFlowLayout.swift */ = {isa = PBXFileReference; fileEncoding = 4; lastKnownFileType = sourcecode.swift; path = CollectionPageFlowLayout.swift; sourceTree = "<group>"; };
		E3B6423F2A1CB2C600B7530A /* XYPhotoBrower.swift */ = {isa = PBXFileReference; fileEncoding = 4; lastKnownFileType = sourcecode.swift; path = XYPhotoBrower.swift; sourceTree = "<group>"; };
		E3B642402A1CB2C600B7530A /* CollectionViewCell.swift */ = {isa = PBXFileReference; fileEncoding = 4; lastKnownFileType = sourcecode.swift; path = CollectionViewCell.swift; sourceTree = "<group>"; };
		E3B642412A1CB2C600B7530A /* ShowImageView.swift */ = {isa = PBXFileReference; fileEncoding = 4; lastKnownFileType = sourcecode.swift; path = ShowImageView.swift; sourceTree = "<group>"; };
		E3DE48BB2774163D00F3DCCD /* DateTool.swift */ = {isa = PBXFileReference; lastKnownFileType = sourcecode.swift; path = DateTool.swift; sourceTree = "<group>"; };
		E3EF8BC1972CA92CC48E5685 /* Pods-CLICK_S.release.xcconfig */ = {isa = PBXFileReference; includeInIndex = 1; lastKnownFileType = text.xcconfig; name = "Pods-CLICK_S.release.xcconfig"; path = "Target Support Files/Pods-CLICK_S/Pods-CLICK_S.release.xcconfig"; sourceTree = "<group>"; };
		E3F82A232873D952005E5FAB /* TKImageView.h */ = {isa = PBXFileReference; fileEncoding = 4; lastKnownFileType = sourcecode.c.h; path = TKImageView.h; sourceTree = "<group>"; };
		E3F82A242873D952005E5FAB /* TKImageView.m */ = {isa = PBXFileReference; fileEncoding = 4; lastKnownFileType = sourcecode.c.objc; path = TKImageView.m; sourceTree = "<group>"; };
		E3F82A262873DAC2005E5FAB /* CropImageController.swift */ = {isa = PBXFileReference; lastKnownFileType = sourcecode.swift; path = CropImageController.swift; sourceTree = "<group>"; };
		E3F82A2928741C23005E5FAB /* DeviceID.m */ = {isa = PBXFileReference; fileEncoding = 4; lastKnownFileType = sourcecode.c.objc; path = DeviceID.m; sourceTree = "<group>"; };
		E3F82A2A28741C23005E5FAB /* DeviceID.h */ = {isa = PBXFileReference; fileEncoding = 4; lastKnownFileType = sourcecode.c.h; path = DeviceID.h; sourceTree = "<group>"; };
		FAA28D856ECB2F1559FBB33E /* Pods_CLICK_STests.framework */ = {isa = PBXFileReference; explicitFileType = wrapper.framework; includeInIndex = 0; path = Pods_CLICK_STests.framework; sourceTree = BUILT_PRODUCTS_DIR; };
/* End PBXFileReference section */

/* Begin PBXFrameworksBuildPhase section */
		E305E87326DF0EC700AAB580 /* Frameworks */ = {
			isa = PBXFrameworksBuildPhase;
			buildActionMask = 2147483647;
			files = (
				265706CB0BD4919A2BE1ACE8 /* Pods_CLICK_S.framework in Frameworks */,
			);
			runOnlyForDeploymentPostprocessing = 0;
		};
		E305E88926DF0EC900AAB580 /* Frameworks */ = {
			isa = PBXFrameworksBuildPhase;
			buildActionMask = 2147483647;
			files = (
				EBB06E3C4BF9C84DC6055E4A /* Pods_CLICK_STests.framework in Frameworks */,
			);
			runOnlyForDeploymentPostprocessing = 0;
		};
		E305E89426DF0EC900AAB580 /* Frameworks */ = {
			isa = PBXFrameworksBuildPhase;
			buildActionMask = 2147483647;
			files = (
				1DD29FE1F06243CA8ACA2D4B /* Pods_CLICK_S_CLICK_SUITests.framework in Frameworks */,
			);
			runOnlyForDeploymentPostprocessing = 0;
		};
/* End PBXFrameworksBuildPhase section */

/* Begin PBXGroup section */
		2FA24FE38CFE0D120FD33B10 /* Frameworks */ = {
			isa = PBXGroup;
			children = (
				36C376C62B40E001B326F421 /* Pods_CLICK_S.framework */,
				242305B9C53FE1834B84891B /* Pods_CLICK_S_CLICK_SUITests.framework */,
				FAA28D856ECB2F1559FBB33E /* Pods_CLICK_STests.framework */,
			);
			name = Frameworks;
			sourceTree = "<group>";
		};
		E305E86D26DF0EC700AAB580 = {
			isa = PBXGroup;
			children = (
				E305E87826DF0EC700AAB580 /* CLICK_S */,
				E305E88F26DF0EC900AAB580 /* CLICK_STests */,
				E305E89A26DF0EC900AAB580 /* CLICK_SUITests */,
				E305E87726DF0EC700AAB580 /* Products */,
				F5459D2F8CB290E870913A8C /* Pods */,
				2FA24FE38CFE0D120FD33B10 /* Frameworks */,
			);
			sourceTree = "<group>";
		};
		E305E87726DF0EC700AAB580 /* Products */ = {
			isa = PBXGroup;
			children = (
				E305E87626DF0EC700AAB580 /* CLICK_S.app */,
				E305E88C26DF0EC900AAB580 /* CLICK_STests.xctest */,
				E305E89726DF0EC900AAB580 /* CLICK_SUITests.xctest */,
			);
			name = Products;
			sourceTree = "<group>";
		};
		E305E87826DF0EC700AAB580 /* CLICK_S */ = {
			isa = PBXGroup;
			children = (
				E310507E26E864B900C223C1 /* CLICK_S.entitlements */,
				E305E8A926DF125C00AAB580 /* CLICK_S-Bridging-Header.h */,
				E32AE75C2B5E002600D8D943 /* 餐桌订单列表 */,
				E393754D2B526A9F00BF87F8 /* 餐品列表 */,
				E39375402B4FC61B00BF87F8 /* 餐桌列表 */,
				E305E90326DF14E700AAB580 /* 登录 */,
				E305E8FC26DF134800AAB580 /* Network */,
				E305E8BD26DF133D00AAB580 /* Tool */,
				E305E8B226DF133000AAB580 /* Base */,
				E305E8AF26DF12A600AAB580 /* Main */,
				E305E8AD26DF127E00AAB580 /* Other */,
			);
			path = CLICK_S;
			sourceTree = "<group>";
		};
		E305E88F26DF0EC900AAB580 /* CLICK_STests */ = {
			isa = PBXGroup;
			children = (
				E305E89026DF0EC900AAB580 /* CLICK_STests.swift */,
				E305E89226DF0EC900AAB580 /* Info.plist */,
			);
			path = CLICK_STests;
			sourceTree = "<group>";
		};
		E305E89A26DF0EC900AAB580 /* CLICK_SUITests */ = {
			isa = PBXGroup;
			children = (
				E305E89B26DF0EC900AAB580 /* CLICK_SUITests.swift */,
				E305E89D26DF0EC900AAB580 /* Info.plist */,
			);
			path = CLICK_SUITests;
			sourceTree = "<group>";
		};
		E305E8AD26DF127E00AAB580 /* Other */ = {
			isa = PBXGroup;
			children = (
				E3386CAC27917BA800CBD42C /* 收到红包.mp3 */,
				E3386CAA2791739600CBD42C /* voice_order_pay_succeed.mp3 */,
				E305E8B026DF131C00AAB580 /* ProjectHeader.swift */,
				E305E88226DF0EC800AAB580 /* Assets.xcassets */,
				E305E88426DF0EC800AAB580 /* LaunchScreen.storyboard */,
				E305E88726DF0EC800AAB580 /* Info.plist */,
			);
			path = Other;
			sourceTree = "<group>";
		};
		E305E8AF26DF12A600AAB580 /* Main */ = {
			isa = PBXGroup;
			children = (
				E305E90126DF146E00AAB580 /* MainNaviController.swift */,
				E305E87926DF0EC700AAB580 /* AppDelegate.swift */,
				E3250B812B6A4AE7002AF9C7 /* VersionAlert.swift */,
				E305E87F26DF0EC700AAB580 /* Main.storyboard */,
			);
			path = Main;
			sourceTree = "<group>";
		};
		E305E8B226DF133000AAB580 /* Base */ = {
			isa = PBXGroup;
			children = (
				E305E8B326DF133000AAB580 /* GestureCollectionView.swift */,
				E305E8B426DF133000AAB580 /* BaseViewController.swift */,
				E305E8B526DF133000AAB580 /* BaseTableViewCell.swift */,
				E305E8B626DF133000AAB580 /* GestureTableView.swift */,
				E305E8B726DF133000AAB580 /* BaseAlertView.swift */,
			);
			path = Base;
			sourceTree = "<group>";
		};
		E305E8BD26DF133D00AAB580 /* Tool */ = {
			isa = PBXGroup;
			children = (
				E37009442C33CB9D0037E433 /* ScanTool */,
				E3B6423D2A1CB2C600B7530A /* XYPhotoBrower */,
				E3F82A2828741C23005E5FAB /* DeviceID */,
				E3F82A222873D952005E5FAB /* TKImageView */,
				E305E8C026DF133D00AAB580 /* PageView */,
				E305E8CD26DF133D00AAB580 /* Extension */,
				E305E8CF26DF133D00AAB580 /* SDPhotoBrowser */,
				E305E8D726DF133D00AAB580 /* Protocol */,
				E305E8D926DF133D00AAB580 /* Common */,
			);
			path = Tool;
			sourceTree = "<group>";
		};
		E305E8C026DF133D00AAB580 /* PageView */ = {
			isa = PBXGroup;
			children = (
				E305E8C126DF133D00AAB580 /* Lib */,
			);
			path = PageView;
			sourceTree = "<group>";
		};
		E305E8C126DF133D00AAB580 /* Lib */ = {
			isa = PBXGroup;
			children = (
				E305E8C226DF133D00AAB580 /* LTSimpleManager.swift */,
				E305E8C326DF133D00AAB580 /* LTCollectionFlowLayout.swift */,
				E305E8C426DF133D00AAB580 /* LTDispatchQueue.swift */,
				E305E8C526DF133D00AAB580 /* LTAdvancedManager.swift */,
				E305E8C626DF133D00AAB580 /* LTLayout.swift */,
				E305E8C726DF133D00AAB580 /* LTTableViewProtocal.swift */,
				E305E8C826DF133D00AAB580 /* LTPageTitleView.swift */,
				E305E8C926DF133D00AAB580 /* LTPageView.swift */,
				E305E8CA26DF133D00AAB580 /* LTVCExtension.swift */,
				E305E8CB26DF133D00AAB580 /* LTScrollExtension.swift */,
				E305E8CC26DF133D00AAB580 /* LTTableView.swift */,
			);
			path = Lib;
			sourceTree = "<group>";
		};
		E305E8CD26DF133D00AAB580 /* Extension */ = {
			isa = PBXGroup;
			children = (
				E305E8CE26DF133D00AAB580 /* Extension.swift */,
			);
			path = Extension;
			sourceTree = "<group>";
		};
		E305E8CF26DF133D00AAB580 /* SDPhotoBrowser */ = {
			isa = PBXGroup;
			children = (
				E305E8D026DF133D00AAB580 /* SDPhotoBrowserConfig.h */,
				E305E8D126DF133D00AAB580 /* SDPhotoBrowser.m */,
				E305E8D226DF133D00AAB580 /* SDWaitingView.m */,
				E305E8D326DF133D00AAB580 /* SDBrowserImageView.m */,
				E305E8D426DF133D00AAB580 /* SDWaitingView.h */,
				E305E8D526DF133D00AAB580 /* SDPhotoBrowser.h */,
				E305E8D626DF133D00AAB580 /* SDBrowserImageView.h */,
			);
			path = SDPhotoBrowser;
			sourceTree = "<group>";
		};
		E305E8D726DF133D00AAB580 /* Protocol */ = {
			isa = PBXGroup;
			children = (
				E305E8D826DF133D00AAB580 /* Protocol.swift */,
			);
			path = Protocol;
			sourceTree = "<group>";
		};
		E305E8D926DF133D00AAB580 /* Common */ = {
			isa = PBXGroup;
			children = (
				E305E8DA26DF133D00AAB580 /* MBManger */,
				E305E8DD26DF133D00AAB580 /* NoDataView.swift */,
				E305E8DE26DF133D00AAB580 /* CartManager.swift */,
				E305E8E126DF133D00AAB580 /* PJCUtil.swift */,
				E305E8E226DF133D00AAB580 /* SearchManager.swift */,
				E3DE48BB2774163D00F3DCCD /* DateTool.swift */,
			);
			path = Common;
			sourceTree = "<group>";
		};
		E305E8DA26DF133D00AAB580 /* MBManger */ = {
			isa = PBXGroup;
			children = (
				E305E8DB26DF133D00AAB580 /* HUDManager_MB.swift */,
				E305E8DC26DF133D00AAB580 /* HUD_MB.bundle */,
			);
			path = MBManger;
			sourceTree = "<group>";
		};
		E305E8FC26DF134800AAB580 /* Network */ = {
			isa = PBXGroup;
			children = (
				E305E8FD26DF134800AAB580 /* ApiManager.swift */,
				E305E8FE26DF134800AAB580 /* HttpTool.swift */,
			);
			path = Network;
			sourceTree = "<group>";
		};
		E305E90326DF14E700AAB580 /* 登录 */ = {
			isa = PBXGroup;
			children = (
				E305E90626DF14FD00AAB580 /* Model */,
				E305E90526DF14F600AAB580 /* VC */,
				E305E90426DF14EF00AAB580 /* View */,
			);
			path = "登录";
			sourceTree = "<group>";
		};
		E305E90426DF14EF00AAB580 /* View */ = {
			isa = PBXGroup;
			children = (
				E305E90926DF158400AAB580 /* LoginBottomView.swift */,
				E3B056882C107D220005D15C /* StoreListView.swift */,
				E3B0568A2C107D360005D15C /* WaiterListView.swift */,
				E3B0568C2C1083CE0005D15C /* TitleCell.swift */,
			);
			path = View;
			sourceTree = "<group>";
		};
		E305E90526DF14F600AAB580 /* VC */ = {
			isa = PBXGroup;
			children = (
				E305E90726DF154600AAB580 /* LogInController.swift */,
				E3386CA82791558400CBD42C /* XYViewController.swift */,
			);
			path = VC;
			sourceTree = "<group>";
		};
		E305E90626DF14FD00AAB580 /* Model */ = {
			isa = PBXGroup;
			children = (
			);
			path = Model;
			sourceTree = "<group>";
		};
		E32AE75C2B5E002600D8D943 /* 餐桌订单列表 */ = {
			isa = PBXGroup;
			children = (
				E32AE75D2B5E005100D8D943 /* DeskOrderListController.swift */,
				E32AE7622B5E155200D8D943 /* View */,
				E32AE75F2B5E125000D8D943 /* Model */,
			);
			path = "餐桌订单列表";
			sourceTree = "<group>";
		};
		E32AE75F2B5E125000D8D943 /* Model */ = {
			isa = PBXGroup;
			children = (
				E32AE7602B5E12AB00D8D943 /* OrderModel.swift */,
				E32AE7682B5E437700D8D943 /* OrderDishModel.swift */,
			);
			path = Model;
			sourceTree = "<group>";
		};
		E32AE7622B5E155200D8D943 /* View */ = {
			isa = PBXGroup;
			children = (
				E32AE7632B5E155D00D8D943 /* Cell */,
				E344902E2BBC0C2D0088F537 /* AddBut.swift */,
				E36B20112C19C195000839BE /* PasswordAlert.swift */,
			);
			path = View;
			sourceTree = "<group>";
		};
		E32AE7632B5E155D00D8D943 /* Cell */ = {
			isa = PBXGroup;
			children = (
				E32AE7642B5E15B800D8D943 /* OrderHeaderCell.swift */,
				E32AE7662B5E1CA100D8D943 /* OrderFooderCell.swift */,
				E32AE76A2B5E4EF400D8D943 /* OrderDishCell.swift */,
				E32AE76C2B5E50CF00D8D943 /* OrderDishInfoCell.swift */,
				E32AE76E2B5E55C000D8D943 /* OrderDishSelectItemCell.swift */,
				E32AE7702B5E591100D8D943 /* OrderDishAttatchItemCell.swift */,
				E32AE7722B5E5BE800D8D943 /* OrderDishFreeCell.swift */,
			);
			path = Cell;
			sourceTree = "<group>";
		};
		E37009412C33CB9D0037E433 /* Source */ = {
			isa = PBXGroup;
			children = (
				E370093A2C33CB9D0037E433 /* LBXPermissions.swift */,
				E370093B2C33CB9D0037E433 /* LBXScanLineAnimation.swift */,
				E370093C2C33CB9D0037E433 /* LBXScanNetAnimation.swift */,
				E370093D2C33CB9D0037E433 /* LBXScanView.swift */,
				E370093E2C33CB9D0037E433 /* LBXScanViewController.swift */,
				E370093F2C33CB9D0037E433 /* LBXScanViewStyle.swift */,
				E37009402C33CB9D0037E433 /* LBXScanWrapper.swift */,
			);
			path = Source;
			sourceTree = "<group>";
		};
		E37009442C33CB9D0037E433 /* ScanTool */ = {
			isa = PBXGroup;
			children = (
				E37009412C33CB9D0037E433 /* Source */,
				E37009422C33CB9D0037E433 /* CodeScan.bundle */,
				E37009432C33CB9D0037E433 /* ScanViewController.swift */,
			);
			path = ScanTool;
			sourceTree = "<group>";
		};
		E39375402B4FC61B00BF87F8 /* 餐桌列表 */ = {
			isa = PBXGroup;
			children = (
				E39375412B4FC64E00BF87F8 /* DeskListController.swift */,
				E393754A2B51445D00BF87F8 /* Model */,
				E39375432B4FC9C600BF87F8 /* View */,
			);
			path = "餐桌列表";
			sourceTree = "<group>";
		};
		E39375432B4FC9C600BF87F8 /* View */ = {
			isa = PBXGroup;
			children = (
				E39375462B4FDB4900BF87F8 /* Cell */,
				E39375442B4FC9F800BF87F8 /* DeskListHeadView.swift */,
				E32AE7742B5E619C00D8D943 /* FirstSideToolView.swift */,
				E3858F732BDA479100078CDD /* SelectPersonNumAlert.swift */,
			);
			path = View;
			sourceTree = "<group>";
		};
		E39375462B4FDB4900BF87F8 /* Cell */ = {
			isa = PBXGroup;
			children = (
				E39375472B4FDB9500BF87F8 /* DeskCell.swift */,
				E3858F752BDA4ED000078CDD /* NumberCell.swift */,
			);
			path = Cell;
			sourceTree = "<group>";
		};
		E393754A2B51445D00BF87F8 /* Model */ = {
			isa = PBXGroup;
			children = (
				E3858F6F2BCE4EEE00078CDD /* ClassifyModel.swift */,
				E393754B2B51447200BF87F8 /* DeskModel.swift */,
			);
			path = Model;
			sourceTree = "<group>";
		};
		E393754D2B526A9F00BF87F8 /* 餐品列表 */ = {
			isa = PBXGroup;
			children = (
				E393754E2B526AD200BF87F8 /* DishListController.swift */,
				E32AE7762B5E709B00D8D943 /* OrderSuccessController.swift */,
				E39375582B52873200BF87F8 /* Model */,
				E39375502B526D9500BF87F8 /* View */,
			);
			path = "餐品列表";
			sourceTree = "<group>";
		};
		E39375502B526D9500BF87F8 /* View */ = {
			isa = PBXGroup;
			children = (
				E39375552B52784000BF87F8 /* Cell */,
				E39375512B526DFF00BF87F8 /* ScreenBut.swift */,
				E34490302BBCFB0E0088F537 /* CodeBut.swift */,
				E39375532B52717900BF87F8 /* CartConfirmView.swift */,
				E393755B2B52907000BF87F8 /* ScreenView.swift */,
				E34490322BBCFE770088F537 /* CodeView.swift */,
				E39375652B5665C300BF87F8 /* DishDetailView.swift */,
				E393756B2B5689F300BF87F8 /* CountSelectView.swift */,
				E39375772B58BF5400BF87F8 /* CartView.swift */,
				E3B056862C0DABF80005D15C /* DishListHeaderView.swift */,
				E370094E2C33CD4F0037E433 /* UserVipView.swift */,
			);
			path = View;
			sourceTree = "<group>";
		};
		E39375552B52784000BF87F8 /* Cell */ = {
			isa = PBXGroup;
			children = (
				E39375562B52786800BF87F8 /* DishCell.swift */,
				E39375632B561A9C00BF87F8 /* DishesKeyWordsCell.swift */,
				E393755D2B54D80E00BF87F8 /* KeyCell.swift */,
				E39375612B55141F00BF87F8 /* GroupCell.swift */,
				E39375672B56808A00BF87F8 /* DishDetailNameCell.swift */,
				E39375692B56854300BF87F8 /* DishDetailCountCell.swift */,
				E393756D2B57748800BF87F8 /* DishDetailAllregenCell.swift */,
				E39375712B577B6000BF87F8 /* DishDetailSpecAndComboCell.swift */,
				E39375752B57B6DD00BF87F8 /* DishDetailAttachCell.swift */,
				E393757B2B5A080200BF87F8 /* CartJiaoQiCell.swift */,
				E393757D2B5A0A6800BF87F8 /* CartDishCell.swift */,
				E393757F2B5A0BF900BF87F8 /* CartDishInfoCell.swift */,
				E39375812B5A106900BF87F8 /* CartDishSelectItemCell.swift */,
				E39375832B5A108D00BF87F8 /* CartDishAttachItemCell.swift */,
				E32AE75A2B5A160800D8D943 /* CartDishFreeCell.swift */,
				E3858F712BD8A91C00078CDD /* DishCollCell.swift */,
			);
			path = Cell;
			sourceTree = "<group>";
		};
		E39375582B52873200BF87F8 /* Model */ = {
			isa = PBXGroup;
			children = (
				E39375592B52874400BF87F8 /* DishModel.swift */,
				E39375792B58C87C00BF87F8 /* CartDishModel.swift */,
				E393755F2B550C8600BF87F8 /* GroupModel.swift */,
				E39375732B57B0A500BF87F8 /* AttachModel.swift */,
			);
			path = Model;
			sourceTree = "<group>";
		};
		E3B6423D2A1CB2C600B7530A /* XYPhotoBrower */ = {
			isa = PBXGroup;
			children = (
				E3B6423E2A1CB2C600B7530A /* CollectionPageFlowLayout.swift */,
				E3B6423F2A1CB2C600B7530A /* XYPhotoBrower.swift */,
				E3B642402A1CB2C600B7530A /* CollectionViewCell.swift */,
				E3B642412A1CB2C600B7530A /* ShowImageView.swift */,
			);
			path = XYPhotoBrower;
			sourceTree = "<group>";
		};
		E3F82A222873D952005E5FAB /* TKImageView */ = {
			isa = PBXGroup;
			children = (
				E3F82A232873D952005E5FAB /* TKImageView.h */,
				E3F82A242873D952005E5FAB /* TKImageView.m */,
				E3F82A262873DAC2005E5FAB /* CropImageController.swift */,
			);
			path = TKImageView;
			sourceTree = "<group>";
		};
		E3F82A2828741C23005E5FAB /* DeviceID */ = {
			isa = PBXGroup;
			children = (
				E3F82A2928741C23005E5FAB /* DeviceID.m */,
				E3F82A2A28741C23005E5FAB /* DeviceID.h */,
			);
			path = DeviceID;
			sourceTree = "<group>";
		};
		F5459D2F8CB290E870913A8C /* Pods */ = {
			isa = PBXGroup;
			children = (
				0086AF162744C814E204C56C /* Pods-CLICK_S.debug.xcconfig */,
				E3EF8BC1972CA92CC48E5685 /* Pods-CLICK_S.release.xcconfig */,
				56954390178E1F9A4C21C34C /* Pods-CLICK_S-CLICK_SUITests.debug.xcconfig */,
				4C038725FD9DCE8E059D3B33 /* Pods-CLICK_S-CLICK_SUITests.release.xcconfig */,
				AF373789880E7E18294C3EC8 /* Pods-CLICK_STests.debug.xcconfig */,
				0F7C908A516E9F1D6347BF73 /* Pods-CLICK_STests.release.xcconfig */,
			);
			path = Pods;
			sourceTree = "<group>";
		};
/* End PBXGroup section */

/* Begin PBXNativeTarget section */
		E305E87526DF0EC700AAB580 /* CLICK_S */ = {
			isa = PBXNativeTarget;
			buildConfigurationList = E305E8A026DF0EC900AAB580 /* Build configuration list for PBXNativeTarget "CLICK_S" */;
			buildPhases = (
				62556537F137249D92950D05 /* [CP] Check Pods Manifest.lock */,
				E305E87226DF0EC700AAB580 /* Sources */,
				E305E87326DF0EC700AAB580 /* Frameworks */,
				E305E87426DF0EC700AAB580 /* Resources */,
				1E9E120ED219137A118B020F /* [CP] Embed Pods Frameworks */,
			);
			buildRules = (
			);
			dependencies = (
			);
			name = CLICK_S;
			productName = CLICK_S;
			productReference = E305E87626DF0EC700AAB580 /* CLICK_S.app */;
			productType = "com.apple.product-type.application";
		};
		E305E88B26DF0EC900AAB580 /* CLICK_STests */ = {
			isa = PBXNativeTarget;
			buildConfigurationList = E305E8A326DF0EC900AAB580 /* Build configuration list for PBXNativeTarget "CLICK_STests" */;
			buildPhases = (
				22E06AEC0C1C8795A3AC5DC6 /* [CP] Check Pods Manifest.lock */,
				E305E88826DF0EC900AAB580 /* Sources */,
				E305E88926DF0EC900AAB580 /* Frameworks */,
				E305E88A26DF0EC900AAB580 /* Resources */,
			);
			buildRules = (
			);
			dependencies = (
				E305E88E26DF0EC900AAB580 /* PBXTargetDependency */,
			);
			name = CLICK_STests;
			productName = CLICK_STests;
			productReference = E305E88C26DF0EC900AAB580 /* CLICK_STests.xctest */;
			productType = "com.apple.product-type.bundle.unit-test";
		};
		E305E89626DF0EC900AAB580 /* CLICK_SUITests */ = {
			isa = PBXNativeTarget;
			buildConfigurationList = E305E8A626DF0EC900AAB580 /* Build configuration list for PBXNativeTarget "CLICK_SUITests" */;
			buildPhases = (
				2E8AA6D2B344AD8538F5A295 /* [CP] Check Pods Manifest.lock */,
				E305E89326DF0EC900AAB580 /* Sources */,
				E305E89426DF0EC900AAB580 /* Frameworks */,
				E305E89526DF0EC900AAB580 /* Resources */,
				2821AADADEF0242E58433970 /* [CP] Embed Pods Frameworks */,
			);
			buildRules = (
			);
			dependencies = (
				E305E89926DF0EC900AAB580 /* PBXTargetDependency */,
			);
			name = CLICK_SUITests;
			productName = CLICK_SUITests;
			productReference = E305E89726DF0EC900AAB580 /* CLICK_SUITests.xctest */;
			productType = "com.apple.product-type.bundle.ui-testing";
		};
/* End PBXNativeTarget section */

/* Begin PBXProject section */
		E305E86E26DF0EC700AAB580 /* Project object */ = {
			isa = PBXProject;
			attributes = {
				LastSwiftUpdateCheck = 1250;
				LastUpgradeCheck = 1250;
				TargetAttributes = {
					E305E87526DF0EC700AAB580 = {
						CreatedOnToolsVersion = 12.5.1;
						LastSwiftMigration = 1250;
					};
					E305E88B26DF0EC900AAB580 = {
						CreatedOnToolsVersion = 12.5.1;
						TestTargetID = E305E87526DF0EC700AAB580;
					};
					E305E89626DF0EC900AAB580 = {
						CreatedOnToolsVersion = 12.5.1;
						TestTargetID = E305E87526DF0EC700AAB580;
					};
				};
			};
			buildConfigurationList = E305E87126DF0EC700AAB580 /* Build configuration list for PBXProject "CLICK_S" */;
			compatibilityVersion = "Xcode 9.3";
			developmentRegion = en;
			hasScannedForEncodings = 0;
			knownRegions = (
				en,
				Base,
			);
			mainGroup = E305E86D26DF0EC700AAB580;
			productRefGroup = E305E87726DF0EC700AAB580 /* Products */;
			projectDirPath = "";
			projectRoot = "";
			targets = (
				E305E87526DF0EC700AAB580 /* CLICK_S */,
				E305E88B26DF0EC900AAB580 /* CLICK_STests */,
				E305E89626DF0EC900AAB580 /* CLICK_SUITests */,
			);
		};
/* End PBXProject section */

/* Begin PBXResourcesBuildPhase section */
		E305E87426DF0EC700AAB580 /* Resources */ = {
			isa = PBXResourcesBuildPhase;
			buildActionMask = 2147483647;
			files = (
				E3386CAD27917BA800CBD42C /* 收到红包.mp3 in Resources */,
				E305E8F526DF133D00AAB580 /* HUD_MB.bundle in Resources */,
				E305E88626DF0EC800AAB580 /* LaunchScreen.storyboard in Resources */,
				E3386CAB2791739600CBD42C /* voice_order_pay_succeed.mp3 in Resources */,
				E305E88326DF0EC800AAB580 /* Assets.xcassets in Resources */,
				E370094C2C33CB9D0037E433 /* CodeScan.bundle in Resources */,
				E305E88126DF0EC700AAB580 /* Main.storyboard in Resources */,
			);
			runOnlyForDeploymentPostprocessing = 0;
		};
		E305E88A26DF0EC900AAB580 /* Resources */ = {
			isa = PBXResourcesBuildPhase;
			buildActionMask = 2147483647;
			files = (
			);
			runOnlyForDeploymentPostprocessing = 0;
		};
		E305E89526DF0EC900AAB580 /* Resources */ = {
			isa = PBXResourcesBuildPhase;
			buildActionMask = 2147483647;
			files = (
			);
			runOnlyForDeploymentPostprocessing = 0;
		};
/* End PBXResourcesBuildPhase section */

/* Begin PBXShellScriptBuildPhase section */
		1E9E120ED219137A118B020F /* [CP] Embed Pods Frameworks */ = {
			isa = PBXShellScriptBuildPhase;
			buildActionMask = 2147483647;
			files = (
			);
			inputFileListPaths = (
				"${PODS_ROOT}/Target Support Files/Pods-CLICK_S/Pods-CLICK_S-frameworks-${CONFIGURATION}-input-files.xcfilelist",
			);
			name = "[CP] Embed Pods Frameworks";
			outputFileListPaths = (
				"${PODS_ROOT}/Target Support Files/Pods-CLICK_S/Pods-CLICK_S-frameworks-${CONFIGURATION}-output-files.xcfilelist",
			);
			runOnlyForDeploymentPostprocessing = 0;
			shellPath = /bin/sh;
			shellScript = "\"${PODS_ROOT}/Target Support Files/Pods-CLICK_S/Pods-CLICK_S-frameworks.sh\"\n";
			showEnvVarsInLog = 0;
		};
		22E06AEC0C1C8795A3AC5DC6 /* [CP] Check Pods Manifest.lock */ = {
			isa = PBXShellScriptBuildPhase;
			buildActionMask = 2147483647;
			files = (
			);
			inputFileListPaths = (
			);
			inputPaths = (
				"${PODS_PODFILE_DIR_PATH}/Podfile.lock",
				"${PODS_ROOT}/Manifest.lock",
			);
			name = "[CP] Check Pods Manifest.lock";
			outputFileListPaths = (
			);
			outputPaths = (
				"$(DERIVED_FILE_DIR)/Pods-CLICK_STests-checkManifestLockResult.txt",
			);
			runOnlyForDeploymentPostprocessing = 0;
			shellPath = /bin/sh;
			shellScript = "diff \"${PODS_PODFILE_DIR_PATH}/Podfile.lock\" \"${PODS_ROOT}/Manifest.lock\" > /dev/null\nif [ $? != 0 ] ; then\n    # print error to STDERR\n    echo \"error: The sandbox is not in sync with the Podfile.lock. Run 'pod install' or update your CocoaPods installation.\" >&2\n    exit 1\nfi\n# This output is used by Xcode 'outputs' to avoid re-running this script phase.\necho \"SUCCESS\" > \"${SCRIPT_OUTPUT_FILE_0}\"\n";
			showEnvVarsInLog = 0;
		};
		2821AADADEF0242E58433970 /* [CP] Embed Pods Frameworks */ = {
			isa = PBXShellScriptBuildPhase;
			buildActionMask = 2147483647;
			files = (
			);
			inputFileListPaths = (
				"${PODS_ROOT}/Target Support Files/Pods-CLICK_S-CLICK_SUITests/Pods-CLICK_S-CLICK_SUITests-frameworks-${CONFIGURATION}-input-files.xcfilelist",
			);
			name = "[CP] Embed Pods Frameworks";
			outputFileListPaths = (
				"${PODS_ROOT}/Target Support Files/Pods-CLICK_S-CLICK_SUITests/Pods-CLICK_S-CLICK_SUITests-frameworks-${CONFIGURATION}-output-files.xcfilelist",
			);
			runOnlyForDeploymentPostprocessing = 0;
			shellPath = /bin/sh;
			shellScript = "\"${PODS_ROOT}/Target Support Files/Pods-CLICK_S-CLICK_SUITests/Pods-CLICK_S-CLICK_SUITests-frameworks.sh\"\n";
			showEnvVarsInLog = 0;
		};
		2E8AA6D2B344AD8538F5A295 /* [CP] Check Pods Manifest.lock */ = {
			isa = PBXShellScriptBuildPhase;
			buildActionMask = 2147483647;
			files = (
			);
			inputFileListPaths = (
			);
			inputPaths = (
				"${PODS_PODFILE_DIR_PATH}/Podfile.lock",
				"${PODS_ROOT}/Manifest.lock",
			);
			name = "[CP] Check Pods Manifest.lock";
			outputFileListPaths = (
			);
			outputPaths = (
				"$(DERIVED_FILE_DIR)/Pods-CLICK_S-CLICK_SUITests-checkManifestLockResult.txt",
			);
			runOnlyForDeploymentPostprocessing = 0;
			shellPath = /bin/sh;
			shellScript = "diff \"${PODS_PODFILE_DIR_PATH}/Podfile.lock\" \"${PODS_ROOT}/Manifest.lock\" > /dev/null\nif [ $? != 0 ] ; then\n    # print error to STDERR\n    echo \"error: The sandbox is not in sync with the Podfile.lock. Run 'pod install' or update your CocoaPods installation.\" >&2\n    exit 1\nfi\n# This output is used by Xcode 'outputs' to avoid re-running this script phase.\necho \"SUCCESS\" > \"${SCRIPT_OUTPUT_FILE_0}\"\n";
			showEnvVarsInLog = 0;
		};
		62556537F137249D92950D05 /* [CP] Check Pods Manifest.lock */ = {
			isa = PBXShellScriptBuildPhase;
			buildActionMask = 2147483647;
			files = (
			);
			inputFileListPaths = (
			);
			inputPaths = (
				"${PODS_PODFILE_DIR_PATH}/Podfile.lock",
				"${PODS_ROOT}/Manifest.lock",
			);
			name = "[CP] Check Pods Manifest.lock";
			outputFileListPaths = (
			);
			outputPaths = (
				"$(DERIVED_FILE_DIR)/Pods-CLICK_S-checkManifestLockResult.txt",
			);
			runOnlyForDeploymentPostprocessing = 0;
			shellPath = /bin/sh;
			shellScript = "diff \"${PODS_PODFILE_DIR_PATH}/Podfile.lock\" \"${PODS_ROOT}/Manifest.lock\" > /dev/null\nif [ $? != 0 ] ; then\n    # print error to STDERR\n    echo \"error: The sandbox is not in sync with the Podfile.lock. Run 'pod install' or update your CocoaPods installation.\" >&2\n    exit 1\nfi\n# This output is used by Xcode 'outputs' to avoid re-running this script phase.\necho \"SUCCESS\" > \"${SCRIPT_OUTPUT_FILE_0}\"\n";
			showEnvVarsInLog = 0;
		};
/* End PBXShellScriptBuildPhase section */

/* Begin PBXSourcesBuildPhase section */
		E305E87226DF0EC700AAB580 /* Sources */ = {
			isa = PBXSourcesBuildPhase;
			buildActionMask = 2147483647;
			files = (
				E3B642432A1CB2C600B7530A /* XYPhotoBrower.swift in Sources */,
				E305E8F226DF133D00AAB580 /* SDBrowserImageView.m in Sources */,
				E305E8E726DF133D00AAB580 /* LTAdvancedManager.swift in Sources */,
				E305E8E926DF133D00AAB580 /* LTTableViewProtocal.swift in Sources */,
				E3B056872C0DABF80005D15C /* DishListHeaderView.swift in Sources */,
				E3858F702BCE4EEE00078CDD /* ClassifyModel.swift in Sources */,
				E39375642B561A9C00BF87F8 /* DishesKeyWordsCell.swift in Sources */,
				E39375822B5A106900BF87F8 /* CartDishSelectItemCell.swift in Sources */,
				E305E8B926DF133000AAB580 /* BaseViewController.swift in Sources */,
				E39375662B5665C300BF87F8 /* DishDetailView.swift in Sources */,
				E393755C2B52907000BF87F8 /* ScreenView.swift in Sources */,
				E3386CA92791558400CBD42C /* XYViewController.swift in Sources */,
				E3B0568D2C1083CE0005D15C /* TitleCell.swift in Sources */,
				E305E8F426DF133D00AAB580 /* HUDManager_MB.swift in Sources */,
				E344902F2BBC0C2D0088F537 /* AddBut.swift in Sources */,
				E305E8EE26DF133D00AAB580 /* LTTableView.swift in Sources */,
				E393756E2B57748800BF87F8 /* DishDetailAllregenCell.swift in Sources */,
				E393757A2B58C87C00BF87F8 /* CartDishModel.swift in Sources */,
				E39375682B56808A00BF87F8 /* DishDetailNameCell.swift in Sources */,
				E34490332BBCFE770088F537 /* CodeView.swift in Sources */,
				E305E8F026DF133D00AAB580 /* SDPhotoBrowser.m in Sources */,
				E3858F742BDA479100078CDD /* SelectPersonNumAlert.swift in Sources */,
				E32AE7772B5E709B00D8D943 /* OrderSuccessController.swift in Sources */,
				E305E8B826DF133000AAB580 /* GestureCollectionView.swift in Sources */,
				E39375742B57B0A500BF87F8 /* AttachModel.swift in Sources */,
				E305E8FA26DF133D00AAB580 /* PJCUtil.swift in Sources */,
				E37009482C33CB9D0037E433 /* LBXScanView.swift in Sources */,
				E37009472C33CB9D0037E433 /* LBXScanNetAnimation.swift in Sources */,
				E3B642452A1CB2C600B7530A /* ShowImageView.swift in Sources */,
				E393756A2B56854300BF87F8 /* DishDetailCountCell.swift in Sources */,
				E32AE75E2B5E005100D8D943 /* DeskOrderListController.swift in Sources */,
				E32AE76B2B5E4EF400D8D943 /* OrderDishCell.swift in Sources */,
				E305E8F726DF133D00AAB580 /* CartManager.swift in Sources */,
				E3F82A252873D952005E5FAB /* TKImageView.m in Sources */,
				E3250B822B6A4AE7002AF9C7 /* VersionAlert.swift in Sources */,
				E370094B2C33CB9D0037E433 /* LBXScanWrapper.swift in Sources */,
				E3B056892C107D220005D15C /* StoreListView.swift in Sources */,
				E3B0568B2C107D360005D15C /* WaiterListView.swift in Sources */,
				E32AE7692B5E437700D8D943 /* OrderDishModel.swift in Sources */,
				E370094F2C33CD4F0037E433 /* UserVipView.swift in Sources */,
				E3F82A2B28741C23005E5FAB /* DeviceID.m in Sources */,
				E305E90A26DF158400AAB580 /* LoginBottomView.swift in Sources */,
				E39375602B550C8600BF87F8 /* GroupModel.swift in Sources */,
				E305E8B126DF131C00AAB580 /* ProjectHeader.swift in Sources */,
				E32AE7752B5E619C00D8D943 /* FirstSideToolView.swift in Sources */,
				E3858F762BDA4ED000078CDD /* NumberCell.swift in Sources */,
				E39375842B5A108D00BF87F8 /* CartDishAttachItemCell.swift in Sources */,
				E305E8EC26DF133D00AAB580 /* LTVCExtension.swift in Sources */,
				E305E8E526DF133D00AAB580 /* LTCollectionFlowLayout.swift in Sources */,
				E393757C2B5A080200BF87F8 /* CartJiaoQiCell.swift in Sources */,
				E305E8EF26DF133D00AAB580 /* Extension.swift in Sources */,
				E3B642442A1CB2C600B7530A /* CollectionViewCell.swift in Sources */,
				E32AE7732B5E5BE800D8D943 /* OrderDishFreeCell.swift in Sources */,
				E305E8E626DF133D00AAB580 /* LTDispatchQueue.swift in Sources */,
				E39375482B4FDB9500BF87F8 /* DeskCell.swift in Sources */,
				E305E8F326DF133D00AAB580 /* Protocol.swift in Sources */,
				E3DE48BC2774163D00F3DCCD /* DateTool.swift in Sources */,
				E39375762B57B6DD00BF87F8 /* DishDetailAttachCell.swift in Sources */,
				E32AE76D2B5E50CF00D8D943 /* OrderDishInfoCell.swift in Sources */,
				E32AE7652B5E15B800D8D943 /* OrderHeaderCell.swift in Sources */,
				E32AE76F2B5E55C000D8D943 /* OrderDishSelectItemCell.swift in Sources */,
				E39375802B5A0BF900BF87F8 /* CartDishInfoCell.swift in Sources */,
				E3858F722BD8A91C00078CDD /* DishCollCell.swift in Sources */,
				E39375572B52786800BF87F8 /* DishCell.swift in Sources */,
				E305E8BC26DF133000AAB580 /* BaseAlertView.swift in Sources */,
				E370094A2C33CB9D0037E433 /* LBXScanViewStyle.swift in Sources */,
				E305E8EA26DF133D00AAB580 /* LTPageTitleView.swift in Sources */,
				E39375452B4FC9F800BF87F8 /* DeskListHeadView.swift in Sources */,
				E3F82A272873DAC2005E5FAB /* CropImageController.swift in Sources */,
				E39375722B577B6000BF87F8 /* DishDetailSpecAndComboCell.swift in Sources */,
				E305E8BA26DF133000AAB580 /* BaseTableViewCell.swift in Sources */,
				E305E90226DF146E00AAB580 /* MainNaviController.swift in Sources */,
				E305E8EB26DF133D00AAB580 /* LTPageView.swift in Sources */,
				E305E8ED26DF133D00AAB580 /* LTScrollExtension.swift in Sources */,
				E37009452C33CB9D0037E433 /* LBXPermissions.swift in Sources */,
				E305E90026DF134900AAB580 /* HttpTool.swift in Sources */,
				E305E8E426DF133D00AAB580 /* LTSimpleManager.swift in Sources */,
				E305E8E826DF133D00AAB580 /* LTLayout.swift in Sources */,
				E32AE75B2B5A160800D8D943 /* CartDishFreeCell.swift in Sources */,
				E3B642422A1CB2C600B7530A /* CollectionPageFlowLayout.swift in Sources */,
				E39375782B58BF5400BF87F8 /* CartView.swift in Sources */,
				E393756C2B5689F300BF87F8 /* CountSelectView.swift in Sources */,
				E39375622B55141F00BF87F8 /* GroupCell.swift in Sources */,
				E37009492C33CB9D0037E433 /* LBXScanViewController.swift in Sources */,
				E32AE7712B5E591100D8D943 /* OrderDishAttatchItemCell.swift in Sources */,
				E32AE7672B5E1CA100D8D943 /* OrderFooderCell.swift in Sources */,
				E305E8BB26DF133000AAB580 /* GestureTableView.swift in Sources */,
				E305E8FF26DF134900AAB580 /* ApiManager.swift in Sources */,
				E305E87A26DF0EC700AAB580 /* AppDelegate.swift in Sources */,
				E39375522B526DFF00BF87F8 /* ScreenBut.swift in Sources */,
				E305E8F626DF133D00AAB580 /* NoDataView.swift in Sources */,
				E39375422B4FC64E00BF87F8 /* DeskListController.swift in Sources */,
				E37009462C33CB9D0037E433 /* LBXScanLineAnimation.swift in Sources */,
				E370094D2C33CB9D0037E433 /* ScanViewController.swift in Sources */,
				E305E8F126DF133D00AAB580 /* SDWaitingView.m in Sources */,
				E34490312BBCFB0E0088F537 /* CodeBut.swift in Sources */,
				E393755E2B54D80E00BF87F8 /* KeyCell.swift in Sources */,
				E39375542B52717900BF87F8 /* CartConfirmView.swift in Sources */,
				E36B20122C19C195000839BE /* PasswordAlert.swift in Sources */,
				E305E90826DF154600AAB580 /* LogInController.swift in Sources */,
				E393755A2B52874400BF87F8 /* DishModel.swift in Sources */,
				E305E8FB26DF133D00AAB580 /* SearchManager.swift in Sources */,
				E393757E2B5A0A6800BF87F8 /* CartDishCell.swift in Sources */,
				E393754C2B51447200BF87F8 /* DeskModel.swift in Sources */,
				E32AE7612B5E12AB00D8D943 /* OrderModel.swift in Sources */,
				E393754F2B526AD200BF87F8 /* DishListController.swift in Sources */,
			);
			runOnlyForDeploymentPostprocessing = 0;
		};
		E305E88826DF0EC900AAB580 /* Sources */ = {
			isa = PBXSourcesBuildPhase;
			buildActionMask = 2147483647;
			files = (
				E305E89126DF0EC900AAB580 /* CLICK_STests.swift in Sources */,
			);
			runOnlyForDeploymentPostprocessing = 0;
		};
		E305E89326DF0EC900AAB580 /* Sources */ = {
			isa = PBXSourcesBuildPhase;
			buildActionMask = 2147483647;
			files = (
				E305E89C26DF0EC900AAB580 /* CLICK_SUITests.swift in Sources */,
			);
			runOnlyForDeploymentPostprocessing = 0;
		};
/* End PBXSourcesBuildPhase section */

/* Begin PBXTargetDependency section */
		E305E88E26DF0EC900AAB580 /* PBXTargetDependency */ = {
			isa = PBXTargetDependency;
			target = E305E87526DF0EC700AAB580 /* CLICK_S */;
			targetProxy = E305E88D26DF0EC900AAB580 /* PBXContainerItemProxy */;
		};
		E305E89926DF0EC900AAB580 /* PBXTargetDependency */ = {
			isa = PBXTargetDependency;
			target = E305E87526DF0EC700AAB580 /* CLICK_S */;
			targetProxy = E305E89826DF0EC900AAB580 /* PBXContainerItemProxy */;
		};
/* End PBXTargetDependency section */

/* Begin PBXVariantGroup section */
		E305E87F26DF0EC700AAB580 /* Main.storyboard */ = {
			isa = PBXVariantGroup;
			children = (
				E305E88026DF0EC700AAB580 /* Base */,
			);
			name = Main.storyboard;
			sourceTree = "<group>";
		};
		E305E88426DF0EC800AAB580 /* LaunchScreen.storyboard */ = {
			isa = PBXVariantGroup;
			children = (
				E305E88526DF0EC800AAB580 /* Base */,
			);
			name = LaunchScreen.storyboard;
			sourceTree = "<group>";
		};
/* End PBXVariantGroup section */

/* Begin XCBuildConfiguration section */
		E305E89E26DF0EC900AAB580 /* Debug */ = {
			isa = XCBuildConfiguration;
			buildSettings = {
				ALWAYS_SEARCH_USER_PATHS = NO;
				CLANG_ANALYZER_NONNULL = YES;
				CLANG_ANALYZER_NUMBER_OBJECT_CONVERSION = YES_AGGRESSIVE;
				CLANG_CXX_LANGUAGE_STANDARD = "gnu++14";
				CLANG_CXX_LIBRARY = "libc++";
				CLANG_ENABLE_MODULES = YES;
				CLANG_ENABLE_OBJC_ARC = YES;
				CLANG_ENABLE_OBJC_WEAK = YES;
				CLANG_WARN_BLOCK_CAPTURE_AUTORELEASING = YES;
				CLANG_WARN_BOOL_CONVERSION = YES;
				CLANG_WARN_COMMA = YES;
				CLANG_WARN_CONSTANT_CONVERSION = YES;
				CLANG_WARN_DEPRECATED_OBJC_IMPLEMENTATIONS = YES;
				CLANG_WARN_DIRECT_OBJC_ISA_USAGE = YES_ERROR;
				CLANG_WARN_DOCUMENTATION_COMMENTS = YES;
				CLANG_WARN_EMPTY_BODY = YES;
				CLANG_WARN_ENUM_CONVERSION = YES;
				CLANG_WARN_INFINITE_RECURSION = YES;
				CLANG_WARN_INT_CONVERSION = YES;
				CLANG_WARN_NON_LITERAL_NULL_CONVERSION = YES;
				CLANG_WARN_OBJC_IMPLICIT_RETAIN_SELF = YES;
				CLANG_WARN_OBJC_LITERAL_CONVERSION = YES;
				CLANG_WARN_OBJC_ROOT_CLASS = YES_ERROR;
				CLANG_WARN_QUOTED_INCLUDE_IN_FRAMEWORK_HEADER = YES;
				CLANG_WARN_RANGE_LOOP_ANALYSIS = YES;
				CLANG_WARN_STRICT_PROTOTYPES = YES;
				CLANG_WARN_SUSPICIOUS_MOVE = YES;
				CLANG_WARN_UNGUARDED_AVAILABILITY = YES_AGGRESSIVE;
				CLANG_WARN_UNREACHABLE_CODE = YES;
				CLANG_WARN__DUPLICATE_METHOD_MATCH = YES;
				COPY_PHASE_STRIP = NO;
				DEBUG_INFORMATION_FORMAT = dwarf;
				ENABLE_STRICT_OBJC_MSGSEND = YES;
				ENABLE_TESTABILITY = YES;
				GCC_C_LANGUAGE_STANDARD = gnu11;
				GCC_DYNAMIC_NO_PIC = NO;
				GCC_NO_COMMON_BLOCKS = YES;
				GCC_OPTIMIZATION_LEVEL = 0;
				GCC_PREPROCESSOR_DEFINITIONS = (
					"DEBUG=1",
					"$(inherited)",
				);
				GCC_WARN_64_TO_32_BIT_CONVERSION = YES;
				GCC_WARN_ABOUT_RETURN_TYPE = YES_ERROR;
				GCC_WARN_UNDECLARED_SELECTOR = YES;
				GCC_WARN_UNINITIALIZED_AUTOS = YES_AGGRESSIVE;
				GCC_WARN_UNUSED_FUNCTION = YES;
				GCC_WARN_UNUSED_VARIABLE = YES;
				IPHONEOS_DEPLOYMENT_TARGET = 14.5;
				MTL_ENABLE_DEBUG_INFO = INCLUDE_SOURCE;
				MTL_FAST_MATH = YES;
				ONLY_ACTIVE_ARCH = YES;
				SDKROOT = iphoneos;
				SWIFT_ACTIVE_COMPILATION_CONDITIONS = DEBUG;
				SWIFT_OPTIMIZATION_LEVEL = "-Onone";
			};
			name = Debug;
		};
		E305E89F26DF0EC900AAB580 /* Release */ = {
			isa = XCBuildConfiguration;
			buildSettings = {
				ALWAYS_SEARCH_USER_PATHS = NO;
				CLANG_ANALYZER_NONNULL = YES;
				CLANG_ANALYZER_NUMBER_OBJECT_CONVERSION = YES_AGGRESSIVE;
				CLANG_CXX_LANGUAGE_STANDARD = "gnu++14";
				CLANG_CXX_LIBRARY = "libc++";
				CLANG_ENABLE_MODULES = YES;
				CLANG_ENABLE_OBJC_ARC = YES;
				CLANG_ENABLE_OBJC_WEAK = YES;
				CLANG_WARN_BLOCK_CAPTURE_AUTORELEASING = YES;
				CLANG_WARN_BOOL_CONVERSION = YES;
				CLANG_WARN_COMMA = YES;
				CLANG_WARN_CONSTANT_CONVERSION = YES;
				CLANG_WARN_DEPRECATED_OBJC_IMPLEMENTATIONS = YES;
				CLANG_WARN_DIRECT_OBJC_ISA_USAGE = YES_ERROR;
				CLANG_WARN_DOCUMENTATION_COMMENTS = YES;
				CLANG_WARN_EMPTY_BODY = YES;
				CLANG_WARN_ENUM_CONVERSION = YES;
				CLANG_WARN_INFINITE_RECURSION = YES;
				CLANG_WARN_INT_CONVERSION = YES;
				CLANG_WARN_NON_LITERAL_NULL_CONVERSION = YES;
				CLANG_WARN_OBJC_IMPLICIT_RETAIN_SELF = YES;
				CLANG_WARN_OBJC_LITERAL_CONVERSION = YES;
				CLANG_WARN_OBJC_ROOT_CLASS = YES_ERROR;
				CLANG_WARN_QUOTED_INCLUDE_IN_FRAMEWORK_HEADER = YES;
				CLANG_WARN_RANGE_LOOP_ANALYSIS = YES;
				CLANG_WARN_STRICT_PROTOTYPES = YES;
				CLANG_WARN_SUSPICIOUS_MOVE = YES;
				CLANG_WARN_UNGUARDED_AVAILABILITY = YES_AGGRESSIVE;
				CLANG_WARN_UNREACHABLE_CODE = YES;
				CLANG_WARN__DUPLICATE_METHOD_MATCH = YES;
				COPY_PHASE_STRIP = NO;
				DEBUG_INFORMATION_FORMAT = "dwarf-with-dsym";
				ENABLE_NS_ASSERTIONS = NO;
				ENABLE_STRICT_OBJC_MSGSEND = YES;
				GCC_C_LANGUAGE_STANDARD = gnu11;
				GCC_NO_COMMON_BLOCKS = YES;
				GCC_WARN_64_TO_32_BIT_CONVERSION = YES;
				GCC_WARN_ABOUT_RETURN_TYPE = YES_ERROR;
				GCC_WARN_UNDECLARED_SELECTOR = YES;
				GCC_WARN_UNINITIALIZED_AUTOS = YES_AGGRESSIVE;
				GCC_WARN_UNUSED_FUNCTION = YES;
				GCC_WARN_UNUSED_VARIABLE = YES;
				IPHONEOS_DEPLOYMENT_TARGET = 14.5;
				MTL_ENABLE_DEBUG_INFO = NO;
				MTL_FAST_MATH = YES;
				SDKROOT = iphoneos;
				SWIFT_COMPILATION_MODE = wholemodule;
				SWIFT_OPTIMIZATION_LEVEL = "-O";
				VALIDATE_PRODUCT = YES;
			};
			name = Release;
		};
		E305E8A126DF0EC900AAB580 /* Debug */ = {
			isa = XCBuildConfiguration;
			baseConfigurationReference = 0086AF162744C814E204C56C /* Pods-CLICK_S.debug.xcconfig */;
			buildSettings = {
				ASSETCATALOG_COMPILER_APPICON_NAME = AppIcon;
				ASSETCATALOG_COMPILER_GLOBAL_ACCENT_COLOR_NAME = AccentColor;
				CLANG_ENABLE_MODULES = YES;
				CODE_SIGN_ENTITLEMENTS = CLICK_S/CLICK_S.entitlements;
				CODE_SIGN_STYLE = Automatic;
				CURRENT_PROJECT_VERSION = 1.0;
				DEVELOPMENT_TEAM = 2CRFF5W24M;
				INFOPLIST_FILE = CLICK_S/Other/Info.plist;
				INFOPLIST_KEY_CFBundleDisplayName = "Eat1st Waiter";
				IPHONEOS_DEPLOYMENT_TARGET = 11.0;
				LD_RUNPATH_SEARCH_PATHS = (
					"$(inherited)",
					"@executable_path/Frameworks",
				);
				MARKETING_VERSION = 1.0.7;
				PRODUCT_BUNDLE_IDENTIFIER = "com.app-Waiter";
				PRODUCT_NAME = "$(TARGET_NAME)";
				SUPPORTED_PLATFORMS = "iphoneos iphonesimulator";
				SUPPORTS_MACCATALYST = NO;
				SUPPORTS_MAC_DESIGNED_FOR_IPHONE_IPAD = NO;
				SUPPORTS_XR_DESIGNED_FOR_IPHONE_IPAD = NO;
				SWIFT_OBJC_BRIDGING_HEADER = "CLICK_S/CLICK_S-Bridging-Header.h";
				SWIFT_OPTIMIZATION_LEVEL = "-Onone";
				SWIFT_VERSION = 5.0;
				TARGETED_DEVICE_FAMILY = "1,2";
			};
			name = Debug;
		};
		E305E8A226DF0EC900AAB580 /* Release */ = {
			isa = XCBuildConfiguration;
			baseConfigurationReference = E3EF8BC1972CA92CC48E5685 /* Pods-CLICK_S.release.xcconfig */;
			buildSettings = {
				ASSETCATALOG_COMPILER_APPICON_NAME = AppIcon;
				ASSETCATALOG_COMPILER_GLOBAL_ACCENT_COLOR_NAME = AccentColor;
				CLANG_ENABLE_MODULES = YES;
				CODE_SIGN_ENTITLEMENTS = CLICK_S/CLICK_S.entitlements;
				CODE_SIGN_IDENTITY = "Apple Development";
				"CODE_SIGN_IDENTITY[sdk=iphoneos*]" = "iPhone Distribution";
				CODE_SIGN_STYLE = Manual;
				CURRENT_PROJECT_VERSION = 1.0;
				DEVELOPMENT_TEAM = "";
				"DEVELOPMENT_TEAM[sdk=iphoneos*]" = 2CRFF5W24M;
				INFOPLIST_FILE = CLICK_S/Other/Info.plist;
				INFOPLIST_KEY_CFBundleDisplayName = "Eat1st Waiter";
				IPHONEOS_DEPLOYMENT_TARGET = 11.0;
				LD_RUNPATH_SEARCH_PATHS = (
					"$(inherited)",
					"@executable_path/Frameworks",
				);
				MARKETING_VERSION = 1.0.7;
				PRODUCT_BUNDLE_IDENTIFIER = "com.app-Waiter";
				PRODUCT_NAME = "$(TARGET_NAME)";
				PROVISIONING_PROFILE_SPECIFIER = "";
				"PROVISIONING_PROFILE_SPECIFIER[sdk=iphoneos*]" = waiterDis;
				SUPPORTED_PLATFORMS = "iphoneos iphonesimulator";
				SUPPORTS_MACCATALYST = NO;
				SUPPORTS_MAC_DESIGNED_FOR_IPHONE_IPAD = NO;
				SUPPORTS_XR_DESIGNED_FOR_IPHONE_IPAD = NO;
				SWIFT_OBJC_BRIDGING_HEADER = "CLICK_S/CLICK_S-Bridging-Header.h";
				SWIFT_VERSION = 5.0;
				TARGETED_DEVICE_FAMILY = "1,2";
			};
			name = Release;
		};
		E305E8A426DF0EC900AAB580 /* Debug */ = {
			isa = XCBuildConfiguration;
			baseConfigurationReference = AF373789880E7E18294C3EC8 /* Pods-CLICK_STests.debug.xcconfig */;
			buildSettings = {
				ALWAYS_EMBED_SWIFT_STANDARD_LIBRARIES = YES;
				BUNDLE_LOADER = "$(TEST_HOST)";
				CODE_SIGN_STYLE = Automatic;
				DEVELOPMENT_TEAM = 8JT34Y8U9R;
				INFOPLIST_FILE = CLICK_STests/Info.plist;
				IPHONEOS_DEPLOYMENT_TARGET = 14.5;
				LD_RUNPATH_SEARCH_PATHS = (
					"$(inherited)",
					"@executable_path/Frameworks",
					"@loader_path/Frameworks",
				);
				PRODUCT_BUNDLE_IDENTIFIER = "com.newProject.CLICK-STests";
				PRODUCT_NAME = "$(TARGET_NAME)";
				SWIFT_VERSION = 5.0;
				TARGETED_DEVICE_FAMILY = "1,2";
				TEST_HOST = "$(BUILT_PRODUCTS_DIR)/CLICK_S.app/CLICK_S";
			};
			name = Debug;
		};
		E305E8A526DF0EC900AAB580 /* Release */ = {
			isa = XCBuildConfiguration;
			baseConfigurationReference = 0F7C908A516E9F1D6347BF73 /* Pods-CLICK_STests.release.xcconfig */;
			buildSettings = {
				ALWAYS_EMBED_SWIFT_STANDARD_LIBRARIES = YES;
				BUNDLE_LOADER = "$(TEST_HOST)";
				CODE_SIGN_STYLE = Automatic;
				DEVELOPMENT_TEAM = 8JT34Y8U9R;
				INFOPLIST_FILE = CLICK_STests/Info.plist;
				IPHONEOS_DEPLOYMENT_TARGET = 14.5;
				LD_RUNPATH_SEARCH_PATHS = (
					"$(inherited)",
					"@executable_path/Frameworks",
					"@loader_path/Frameworks",
				);
				PRODUCT_BUNDLE_IDENTIFIER = "com.newProject.CLICK-STests";
				PRODUCT_NAME = "$(TARGET_NAME)";
				SWIFT_VERSION = 5.0;
				TARGETED_DEVICE_FAMILY = "1,2";
				TEST_HOST = "$(BUILT_PRODUCTS_DIR)/CLICK_S.app/CLICK_S";
			};
			name = Release;
		};
		E305E8A726DF0EC900AAB580 /* Debug */ = {
			isa = XCBuildConfiguration;
			baseConfigurationReference = 56954390178E1F9A4C21C34C /* Pods-CLICK_S-CLICK_SUITests.debug.xcconfig */;
			buildSettings = {
				ALWAYS_EMBED_SWIFT_STANDARD_LIBRARIES = YES;
				CODE_SIGN_STYLE = Automatic;
				DEVELOPMENT_TEAM = 8JT34Y8U9R;
				INFOPLIST_FILE = CLICK_SUITests/Info.plist;
				LD_RUNPATH_SEARCH_PATHS = (
					"$(inherited)",
					"@executable_path/Frameworks",
					"@loader_path/Frameworks",
				);
				PRODUCT_BUNDLE_IDENTIFIER = "com.newProject.CLICK-SUITests";
				PRODUCT_NAME = "$(TARGET_NAME)";
				SWIFT_VERSION = 5.0;
				TARGETED_DEVICE_FAMILY = "1,2";
				TEST_TARGET_NAME = CLICK_S;
			};
			name = Debug;
		};
		E305E8A826DF0EC900AAB580 /* Release */ = {
			isa = XCBuildConfiguration;
			baseConfigurationReference = 4C038725FD9DCE8E059D3B33 /* Pods-CLICK_S-CLICK_SUITests.release.xcconfig */;
			buildSettings = {
				ALWAYS_EMBED_SWIFT_STANDARD_LIBRARIES = YES;
				CODE_SIGN_STYLE = Automatic;
				DEVELOPMENT_TEAM = 8JT34Y8U9R;
				INFOPLIST_FILE = CLICK_SUITests/Info.plist;
				LD_RUNPATH_SEARCH_PATHS = (
					"$(inherited)",
					"@executable_path/Frameworks",
					"@loader_path/Frameworks",
				);
				PRODUCT_BUNDLE_IDENTIFIER = "com.newProject.CLICK-SUITests";
				PRODUCT_NAME = "$(TARGET_NAME)";
				SWIFT_VERSION = 5.0;
				TARGETED_DEVICE_FAMILY = "1,2";
				TEST_TARGET_NAME = CLICK_S;
			};
			name = Release;
		};
/* End XCBuildConfiguration section */

/* Begin XCConfigurationList section */
		E305E87126DF0EC700AAB580 /* Build configuration list for PBXProject "CLICK_S" */ = {
			isa = XCConfigurationList;
			buildConfigurations = (
				E305E89E26DF0EC900AAB580 /* Debug */,
				E305E89F26DF0EC900AAB580 /* Release */,
			);
			defaultConfigurationIsVisible = 0;
			defaultConfigurationName = Release;
		};
		E305E8A026DF0EC900AAB580 /* Build configuration list for PBXNativeTarget "CLICK_S" */ = {
			isa = XCConfigurationList;
			buildConfigurations = (
				E305E8A126DF0EC900AAB580 /* Debug */,
				E305E8A226DF0EC900AAB580 /* Release */,
			);
			defaultConfigurationIsVisible = 0;
			defaultConfigurationName = Release;
		};
		E305E8A326DF0EC900AAB580 /* Build configuration list for PBXNativeTarget "CLICK_STests" */ = {
			isa = XCConfigurationList;
			buildConfigurations = (
				E305E8A426DF0EC900AAB580 /* Debug */,
				E305E8A526DF0EC900AAB580 /* Release */,
			);
			defaultConfigurationIsVisible = 0;
			defaultConfigurationName = Release;
		};
		E305E8A626DF0EC900AAB580 /* Build configuration list for PBXNativeTarget "CLICK_SUITests" */ = {
			isa = XCConfigurationList;
			buildConfigurations = (
				E305E8A726DF0EC900AAB580 /* Debug */,
				E305E8A826DF0EC900AAB580 /* Release */,
			);
			defaultConfigurationIsVisible = 0;
			defaultConfigurationName = Release;
		};
/* End XCConfigurationList section */
	};
	rootObject = E305E86E26DF0EC700AAB580 /* Project object */;
}
